
Microsoft Visual Studio Solution File, Format Version 12.00
# Visual Studio Version 17
VisualStudioVersion = 17.5.33424.131
MinimumVisualStudioVersion = 10.0.40219.1
Project("{2150E333-8FDC-42A3-9474-1A3956D46DE8}") = "Sample", "Sample", "{470E3EB4-1553-40C0-9A9F-5565703909ED}"
EndProject
Project("{9A19103F-16F7-4668-BE54-9A1E7A4F7556}") = "Uno.DebugRainbows", "src\library\Uno.DebugRainbows\Uno.DebugRainbows.csproj", "{C213D4DA-2844-44BC-957D-82A364D145F0}"
EndProject
Project("{D954291E-2A0B-460D-934E-DC6B0785DB48}") = "DebugRainbowsSample.Shared", "src\sample\DebugRainbowsSample\DebugRainbowsSample.Shared\DebugRainbowsSample.Shared.shproj", "{6279C845-92F8-4333-AB99-3D213163593C}"
EndProject
Project("{2150E333-8FDC-42A3-9474-1A3956D46DE8}") = "Platforms", "Platforms", "{8AAA1C3B-D32A-4FE3-BE45-BB4982F3174C}"
EndProject
Project("{FAE04EC0-301F-11D3-BF4B-00C04F79EFBC}") = "DebugRainbowsSample.Droid", "src\sample\DebugRainbowsSample\DebugRainbowsSample.Droid\DebugRainbowsSample.Droid.csproj", "{0F3C0664-BDA6-4CD0-872A-49055994D1C6}"
EndProject
Project("{FAE04EC0-301F-11D3-BF4B-00C04F79EFBC}") = "DebugRainbowsSample.iOS", "src\sample\DebugRainbowsSample\DebugRainbowsSample.iOS\DebugRainbowsSample.iOS.csproj", "{3E76A7FA-2681-42DA-9D96-2662768AC2EE}"
EndProject
Project("{FAE04EC0-301F-11D3-BF4B-00C04F79EFBC}") = "DebugRainbowsSample.UWP", "src\sample\DebugRainbowsSample\DebugRainbowsSample.UWP\DebugRainbowsSample.UWP.csproj", "{33A12B71-AC70-466D-AC01-89F38B2D5333}"
EndProject
Project("{9A19103F-16F7-4668-BE54-9A1E7A4F7556}") = "DebugRainbowsSample.Wasm", "src\sample\DebugRainbowsSample\DebugRainbowsSample.Wasm\DebugRainbowsSample.Wasm.csproj", "{B91F036D-8F2F-4B05-BDEE-BDC6F0BC78C0}"
EndProject
Project("{FAE04EC0-301F-11D3-BF4B-00C04F79EFBC}") = "DebugRainbowsSample.macOS", "src\sample\DebugRainbowsSample\DebugRainbowsSample.macOS\DebugRainbowsSample.macOS.csproj", "{097BF4B3-CB50-4CA2-B7EF-92D37DA4937A}"
EndProject
Project("{9A19103F-16F7-4668-BE54-9A1E7A4F7556}") = "DebugRainbowsSample.Skia.Gtk", "src\sample\DebugRainbowsSample\DebugRainbowsSample.Skia.Gtk\DebugRainbowsSample.Skia.Gtk.csproj", "{FA9DBB96-7AEB-4172-AAB3-56417FBFEBFC}"
EndProject
Project("{9A19103F-16F7-4668-BE54-9A1E7A4F7556}") = "DebugRainbowsSample.Skia.Tizen", "src\sample\DebugRainbowsSample\DebugRainbowsSample.Skia.Tizen\DebugRainbowsSample.Skia.Tizen.csproj", "{B160F0AA-6AD9-41C9-BED0-ACD19F0AD6B7}"
EndProject
Project("{9A19103F-16F7-4668-BE54-9A1E7A4F7556}") = "DebugRainbowsSample.Skia.Wpf", "src\sample\DebugRainbowsSample\DebugRainbowsSample.Skia.Wpf\DebugRainbowsSample.Skia.Wpf.csproj", "{58FA2526-A640-4E49-A22F-7CFD7E364215}"
EndProject
Project("{9A19103F-16F7-4668-BE54-9A1E7A4F7556}") = "DebugRainbowsSample.Skia.Wpf.Host", "src\sample\DebugRainbowsSample\DebugRainbowsSample.Skia.Wpf.Host\DebugRainbowsSample.Skia.Wpf.Host.csproj", "{71E4B50E-DE7C-4008-BC1A-E61FC68D200F}"
EndProject
Project("{9A19103F-16F7-4668-BE54-9A1E7A4F7556}") = "Uno.DebugRainbows.vNext", "Uno.DebugRainbows.vNext\Uno.DebugRainbows.vNext.csproj", "{5E040739-77F9-47AC-8F75-333FF889BB17}"
EndProject
Global
	GlobalSection(SolutionConfigurationPlatforms) = preSolution
		Ad-Hoc|Any CPU = Ad-Hoc|Any CPU
		Ad-Hoc|ARM = Ad-Hoc|ARM
		Ad-Hoc|ARM64 = Ad-Hoc|ARM64
		Ad-Hoc|iPhone = Ad-Hoc|iPhone
		Ad-Hoc|iPhoneSimulator = Ad-Hoc|iPhoneSimulator
		Ad-Hoc|x64 = Ad-Hoc|x64
		Ad-Hoc|x86 = Ad-Hoc|x86
		AppStore|Any CPU = AppStore|Any CPU
		AppStore|ARM = AppStore|ARM
		AppStore|ARM64 = AppStore|ARM64
		AppStore|iPhone = AppStore|iPhone
		AppStore|iPhoneSimulator = AppStore|iPhoneSimulator
		AppStore|x64 = AppStore|x64
		AppStore|x86 = AppStore|x86
		Debug|Any CPU = Debug|Any CPU
		Debug|ARM = Debug|ARM
		Debug|ARM64 = Debug|ARM64
		Debug|iPhone = Debug|iPhone
		Debug|iPhoneSimulator = Debug|iPhoneSimulator
		Debug|x64 = Debug|x64
		Debug|x86 = Debug|x86
		Release|Any CPU = Release|Any CPU
		Release|ARM = Release|ARM
		Release|ARM64 = Release|ARM64
		Release|iPhone = Release|iPhone
		Release|iPhoneSimulator = Release|iPhoneSimulator
		Release|x64 = Release|x64
		Release|x86 = Release|x86
	EndGlobalSection
	GlobalSection(ProjectConfigurationPlatforms) = postSolution
		{C213D4DA-2844-44BC-957D-82A364D145F0}.Ad-Hoc|Any CPU.ActiveCfg = Debug|Any CPU
		{C213D4DA-2844-44BC-957D-82A364D145F0}.Ad-Hoc|Any CPU.Build.0 = Debug|Any CPU
		{C213D4DA-2844-44BC-957D-82A364D145F0}.Ad-Hoc|ARM.ActiveCfg = Debug|Any CPU
		{C213D4DA-2844-44BC-957D-82A364D145F0}.Ad-Hoc|ARM.Build.0 = Debug|Any CPU
		{C213D4DA-2844-44BC-957D-82A364D145F0}.Ad-Hoc|ARM64.ActiveCfg = Debug|Any CPU
		{C213D4DA-2844-44BC-957D-82A364D145F0}.Ad-Hoc|ARM64.Build.0 = Debug|Any CPU
		{C213D4DA-2844-44BC-957D-82A364D145F0}.Ad-Hoc|iPhone.ActiveCfg = Debug|Any CPU
		{C213D4DA-2844-44BC-957D-82A364D145F0}.Ad-Hoc|iPhone.Build.0 = Debug|Any CPU
		{C213D4DA-2844-44BC-957D-82A364D145F0}.Ad-Hoc|iPhoneSimulator.ActiveCfg = Debug|Any CPU
		{C213D4DA-2844-44BC-957D-82A364D145F0}.Ad-Hoc|iPhoneSimulator.Build.0 = Debug|Any CPU
		{C213D4DA-2844-44BC-957D-82A364D145F0}.Ad-Hoc|x64.ActiveCfg = Debug|Any CPU
		{C213D4DA-2844-44BC-957D-82A364D145F0}.Ad-Hoc|x64.Build.0 = Debug|Any CPU
		{C213D4DA-2844-44BC-957D-82A364D145F0}.Ad-Hoc|x86.ActiveCfg = Debug|Any CPU
		{C213D4DA-2844-44BC-957D-82A364D145F0}.Ad-Hoc|x86.Build.0 = Debug|Any CPU
		{C213D4DA-2844-44BC-957D-82A364D145F0}.AppStore|Any CPU.ActiveCfg = Debug|Any CPU
		{C213D4DA-2844-44BC-957D-82A364D145F0}.AppStore|Any CPU.Build.0 = Debug|Any CPU
		{C213D4DA-2844-44BC-957D-82A364D145F0}.AppStore|ARM.ActiveCfg = Debug|Any CPU
		{C213D4DA-2844-44BC-957D-82A364D145F0}.AppStore|ARM.Build.0 = Debug|Any CPU
		{C213D4DA-2844-44BC-957D-82A364D145F0}.AppStore|ARM64.ActiveCfg = Debug|Any CPU
		{C213D4DA-2844-44BC-957D-82A364D145F0}.AppStore|ARM64.Build.0 = Debug|Any CPU
		{C213D4DA-2844-44BC-957D-82A364D145F0}.AppStore|iPhone.ActiveCfg = Debug|Any CPU
		{C213D4DA-2844-44BC-957D-82A364D145F0}.AppStore|iPhone.Build.0 = Debug|Any CPU
		{C213D4DA-2844-44BC-957D-82A364D145F0}.AppStore|iPhoneSimulator.ActiveCfg = Debug|Any CPU
		{C213D4DA-2844-44BC-957D-82A364D145F0}.AppStore|iPhoneSimulator.Build.0 = Debug|Any CPU
		{C213D4DA-2844-44BC-957D-82A364D145F0}.AppStore|x64.ActiveCfg = Debug|Any CPU
		{C213D4DA-2844-44BC-957D-82A364D145F0}.AppStore|x64.Build.0 = Debug|Any CPU
		{C213D4DA-2844-44BC-957D-82A364D145F0}.AppStore|x86.ActiveCfg = Debug|Any CPU
		{C213D4DA-2844-44BC-957D-82A364D145F0}.AppStore|x86.Build.0 = Debug|Any CPU
		{C213D4DA-2844-44BC-957D-82A364D145F0}.Debug|Any CPU.ActiveCfg = Debug|Any CPU
		{C213D4DA-2844-44BC-957D-82A364D145F0}.Debug|Any CPU.Build.0 = Debug|Any CPU
		{C213D4DA-2844-44BC-957D-82A364D145F0}.Debug|ARM.ActiveCfg = Debug|Any CPU
		{C213D4DA-2844-44BC-957D-82A364D145F0}.Debug|ARM.Build.0 = Debug|Any CPU
		{C213D4DA-2844-44BC-957D-82A364D145F0}.Debug|ARM64.ActiveCfg = Debug|Any CPU
		{C213D4DA-2844-44BC-957D-82A364D145F0}.Debug|ARM64.Build.0 = Debug|Any CPU
		{C213D4DA-2844-44BC-957D-82A364D145F0}.Debug|iPhone.ActiveCfg = Debug|Any CPU
		{C213D4DA-2844-44BC-957D-82A364D145F0}.Debug|iPhone.Build.0 = Debug|Any CPU
		{C213D4DA-2844-44BC-957D-82A364D145F0}.Debug|iPhoneSimulator.ActiveCfg = Debug|Any CPU
		{C213D4DA-2844-44BC-957D-82A364D145F0}.Debug|iPhoneSimulator.Build.0 = Debug|Any CPU
		{C213D4DA-2844-44BC-957D-82A364D145F0}.Debug|x64.ActiveCfg = Debug|Any CPU
		{C213D4DA-2844-44BC-957D-82A364D145F0}.Debug|x64.Build.0 = Debug|Any CPU
		{C213D4DA-2844-44BC-957D-82A364D145F0}.Debug|x86.ActiveCfg = Debug|Any CPU
		{C213D4DA-2844-44BC-957D-82A364D145F0}.Debug|x86.Build.0 = Debug|Any CPU
		{C213D4DA-2844-44BC-957D-82A364D145F0}.Release|Any CPU.ActiveCfg = Release|Any CPU
		{C213D4DA-2844-44BC-957D-82A364D145F0}.Release|Any CPU.Build.0 = Release|Any CPU
		{C213D4DA-2844-44BC-957D-82A364D145F0}.Release|ARM.ActiveCfg = Release|Any CPU
		{C213D4DA-2844-44BC-957D-82A364D145F0}.Release|ARM.Build.0 = Release|Any CPU
		{C213D4DA-2844-44BC-957D-82A364D145F0}.Release|ARM64.ActiveCfg = Release|Any CPU
		{C213D4DA-2844-44BC-957D-82A364D145F0}.Release|ARM64.Build.0 = Release|Any CPU
		{C213D4DA-2844-44BC-957D-82A364D145F0}.Release|iPhone.ActiveCfg = Release|Any CPU
		{C213D4DA-2844-44BC-957D-82A364D145F0}.Release|iPhone.Build.0 = Release|Any CPU
		{C213D4DA-2844-44BC-957D-82A364D145F0}.Release|iPhoneSimulator.ActiveCfg = Release|Any CPU
		{C213D4DA-2844-44BC-957D-82A364D145F0}.Release|iPhoneSimulator.Build.0 = Release|Any CPU
		{C213D4DA-2844-44BC-957D-82A364D145F0}.Release|x64.ActiveCfg = Release|Any CPU
		{C213D4DA-2844-44BC-957D-82A364D145F0}.Release|x64.Build.0 = Release|Any CPU
		{C213D4DA-2844-44BC-957D-82A364D145F0}.Release|x86.ActiveCfg = Release|Any CPU
		{C213D4DA-2844-44BC-957D-82A364D145F0}.Release|x86.Build.0 = Release|Any CPU
		{0F3C0664-BDA6-4CD0-872A-49055994D1C6}.Ad-Hoc|Any CPU.ActiveCfg = Debug|Any CPU
		{0F3C0664-BDA6-4CD0-872A-49055994D1C6}.Ad-Hoc|Any CPU.Build.0 = Debug|Any CPU
		{0F3C0664-BDA6-4CD0-872A-49055994D1C6}.Ad-Hoc|Any CPU.Deploy.0 = Debug|Any CPU
		{0F3C0664-BDA6-4CD0-872A-49055994D1C6}.Ad-Hoc|ARM.ActiveCfg = Debug|Any CPU
		{0F3C0664-BDA6-4CD0-872A-49055994D1C6}.Ad-Hoc|ARM.Build.0 = Debug|Any CPU
		{0F3C0664-BDA6-4CD0-872A-49055994D1C6}.Ad-Hoc|ARM.Deploy.0 = Debug|Any CPU
		{0F3C0664-BDA6-4CD0-872A-49055994D1C6}.Ad-Hoc|ARM64.ActiveCfg = Debug|Any CPU
		{0F3C0664-BDA6-4CD0-872A-49055994D1C6}.Ad-Hoc|ARM64.Build.0 = Debug|Any CPU
		{0F3C0664-BDA6-4CD0-872A-49055994D1C6}.Ad-Hoc|ARM64.Deploy.0 = Debug|Any CPU
		{0F3C0664-BDA6-4CD0-872A-49055994D1C6}.Ad-Hoc|iPhone.ActiveCfg = Debug|Any CPU
		{0F3C0664-BDA6-4CD0-872A-49055994D1C6}.Ad-Hoc|iPhone.Build.0 = Debug|Any CPU
		{0F3C0664-BDA6-4CD0-872A-49055994D1C6}.Ad-Hoc|iPhone.Deploy.0 = Debug|Any CPU
		{0F3C0664-BDA6-4CD0-872A-49055994D1C6}.Ad-Hoc|iPhoneSimulator.ActiveCfg = Debug|Any CPU
		{0F3C0664-BDA6-4CD0-872A-49055994D1C6}.Ad-Hoc|iPhoneSimulator.Build.0 = Debug|Any CPU
		{0F3C0664-BDA6-4CD0-872A-49055994D1C6}.Ad-Hoc|iPhoneSimulator.Deploy.0 = Debug|Any CPU
		{0F3C0664-BDA6-4CD0-872A-49055994D1C6}.Ad-Hoc|x64.ActiveCfg = Debug|Any CPU
		{0F3C0664-BDA6-4CD0-872A-49055994D1C6}.Ad-Hoc|x64.Build.0 = Debug|Any CPU
		{0F3C0664-BDA6-4CD0-872A-49055994D1C6}.Ad-Hoc|x64.Deploy.0 = Debug|Any CPU
		{0F3C0664-BDA6-4CD0-872A-49055994D1C6}.Ad-Hoc|x86.ActiveCfg = Debug|Any CPU
		{0F3C0664-BDA6-4CD0-872A-49055994D1C6}.Ad-Hoc|x86.Build.0 = Debug|Any CPU
		{0F3C0664-BDA6-4CD0-872A-49055994D1C6}.Ad-Hoc|x86.Deploy.0 = Debug|Any CPU
		{0F3C0664-BDA6-4CD0-872A-49055994D1C6}.AppStore|Any CPU.ActiveCfg = Debug|Any CPU
		{0F3C0664-BDA6-4CD0-872A-49055994D1C6}.AppStore|Any CPU.Build.0 = Debug|Any CPU
		{0F3C0664-BDA6-4CD0-872A-49055994D1C6}.AppStore|Any CPU.Deploy.0 = Debug|Any CPU
		{0F3C0664-BDA6-4CD0-872A-49055994D1C6}.AppStore|ARM.ActiveCfg = Debug|Any CPU
		{0F3C0664-BDA6-4CD0-872A-49055994D1C6}.AppStore|ARM.Build.0 = Debug|Any CPU
		{0F3C0664-BDA6-4CD0-872A-49055994D1C6}.AppStore|ARM.Deploy.0 = Debug|Any CPU
		{0F3C0664-BDA6-4CD0-872A-49055994D1C6}.AppStore|ARM64.ActiveCfg = Debug|Any CPU
		{0F3C0664-BDA6-4CD0-872A-49055994D1C6}.AppStore|ARM64.Build.0 = Debug|Any CPU
		{0F3C0664-BDA6-4CD0-872A-49055994D1C6}.AppStore|ARM64.Deploy.0 = Debug|Any CPU
		{0F3C0664-BDA6-4CD0-872A-49055994D1C6}.AppStore|iPhone.ActiveCfg = Debug|Any CPU
		{0F3C0664-BDA6-4CD0-872A-49055994D1C6}.AppStore|iPhone.Build.0 = Debug|Any CPU
		{0F3C0664-BDA6-4CD0-872A-49055994D1C6}.AppStore|iPhone.Deploy.0 = Debug|Any CPU
		{0F3C0664-BDA6-4CD0-872A-49055994D1C6}.AppStore|iPhoneSimulator.ActiveCfg = Debug|Any CPU
		{0F3C0664-BDA6-4CD0-872A-49055994D1C6}.AppStore|iPhoneSimulator.Build.0 = Debug|Any CPU
		{0F3C0664-BDA6-4CD0-872A-49055994D1C6}.AppStore|iPhoneSimulator.Deploy.0 = Debug|Any CPU
		{0F3C0664-BDA6-4CD0-872A-49055994D1C6}.AppStore|x64.ActiveCfg = Debug|Any CPU
		{0F3C0664-BDA6-4CD0-872A-49055994D1C6}.AppStore|x64.Build.0 = Debug|Any CPU
		{0F3C0664-BDA6-4CD0-872A-49055994D1C6}.AppStore|x64.Deploy.0 = Debug|Any CPU
		{0F3C0664-BDA6-4CD0-872A-49055994D1C6}.AppStore|x86.ActiveCfg = Debug|Any CPU
		{0F3C0664-BDA6-4CD0-872A-49055994D1C6}.AppStore|x86.Build.0 = Debug|Any CPU
		{0F3C0664-BDA6-4CD0-872A-49055994D1C6}.AppStore|x86.Deploy.0 = Debug|Any CPU
		{0F3C0664-BDA6-4CD0-872A-49055994D1C6}.Debug|Any CPU.ActiveCfg = Debug|Any CPU
		{0F3C0664-BDA6-4CD0-872A-49055994D1C6}.Debug|Any CPU.Build.0 = Debug|Any CPU
		{0F3C0664-BDA6-4CD0-872A-49055994D1C6}.Debug|Any CPU.Deploy.0 = Debug|Any CPU
		{0F3C0664-BDA6-4CD0-872A-49055994D1C6}.Debug|ARM.ActiveCfg = Debug|Any CPU
		{0F3C0664-BDA6-4CD0-872A-49055994D1C6}.Debug|ARM.Build.0 = Debug|Any CPU
		{0F3C0664-BDA6-4CD0-872A-49055994D1C6}.Debug|ARM.Deploy.0 = Debug|Any CPU
		{0F3C0664-BDA6-4CD0-872A-49055994D1C6}.Debug|ARM64.ActiveCfg = Debug|Any CPU
		{0F3C0664-BDA6-4CD0-872A-49055994D1C6}.Debug|ARM64.Build.0 = Debug|Any CPU
		{0F3C0664-BDA6-4CD0-872A-49055994D1C6}.Debug|ARM64.Deploy.0 = Debug|Any CPU
		{0F3C0664-BDA6-4CD0-872A-49055994D1C6}.Debug|iPhone.ActiveCfg = Debug|Any CPU
		{0F3C0664-BDA6-4CD0-872A-49055994D1C6}.Debug|iPhone.Build.0 = Debug|Any CPU
		{0F3C0664-BDA6-4CD0-872A-49055994D1C6}.Debug|iPhone.Deploy.0 = Debug|Any CPU
		{0F3C0664-BDA6-4CD0-872A-49055994D1C6}.Debug|iPhoneSimulator.ActiveCfg = Debug|Any CPU
		{0F3C0664-BDA6-4CD0-872A-49055994D1C6}.Debug|iPhoneSimulator.Build.0 = Debug|Any CPU
		{0F3C0664-BDA6-4CD0-872A-49055994D1C6}.Debug|iPhoneSimulator.Deploy.0 = Debug|Any CPU
		{0F3C0664-BDA6-4CD0-872A-49055994D1C6}.Debug|x64.ActiveCfg = Debug|Any CPU
		{0F3C0664-BDA6-4CD0-872A-49055994D1C6}.Debug|x64.Build.0 = Debug|Any CPU
		{0F3C0664-BDA6-4CD0-872A-49055994D1C6}.Debug|x64.Deploy.0 = Debug|Any CPU
		{0F3C0664-BDA6-4CD0-872A-49055994D1C6}.Debug|x86.ActiveCfg = Debug|Any CPU
		{0F3C0664-BDA6-4CD0-872A-49055994D1C6}.Debug|x86.Build.0 = Debug|Any CPU
		{0F3C0664-BDA6-4CD0-872A-49055994D1C6}.Debug|x86.Deploy.0 = Debug|Any CPU
		{0F3C0664-BDA6-4CD0-872A-49055994D1C6}.Release|Any CPU.ActiveCfg = Release|Any CPU
		{0F3C0664-BDA6-4CD0-872A-49055994D1C6}.Release|Any CPU.Build.0 = Release|Any CPU
		{0F3C0664-BDA6-4CD0-872A-49055994D1C6}.Release|Any CPU.Deploy.0 = Release|Any CPU
		{0F3C0664-BDA6-4CD0-872A-49055994D1C6}.Release|ARM.ActiveCfg = Release|Any CPU
		{0F3C0664-BDA6-4CD0-872A-49055994D1C6}.Release|ARM.Build.0 = Release|Any CPU
		{0F3C0664-BDA6-4CD0-872A-49055994D1C6}.Release|ARM.Deploy.0 = Release|Any CPU
		{0F3C0664-BDA6-4CD0-872A-49055994D1C6}.Release|ARM64.ActiveCfg = Release|Any CPU
		{0F3C0664-BDA6-4CD0-872A-49055994D1C6}.Release|ARM64.Build.0 = Release|Any CPU
		{0F3C0664-BDA6-4CD0-872A-49055994D1C6}.Release|ARM64.Deploy.0 = Release|Any CPU
		{0F3C0664-BDA6-4CD0-872A-49055994D1C6}.Release|iPhone.ActiveCfg = Release|Any CPU
		{0F3C0664-BDA6-4CD0-872A-49055994D1C6}.Release|iPhone.Build.0 = Release|Any CPU
		{0F3C0664-BDA6-4CD0-872A-49055994D1C6}.Release|iPhone.Deploy.0 = Release|Any CPU
		{0F3C0664-BDA6-4CD0-872A-49055994D1C6}.Release|iPhoneSimulator.ActiveCfg = Release|Any CPU
		{0F3C0664-BDA6-4CD0-872A-49055994D1C6}.Release|iPhoneSimulator.Build.0 = Release|Any CPU
		{0F3C0664-BDA6-4CD0-872A-49055994D1C6}.Release|iPhoneSimulator.Deploy.0 = Release|Any CPU
		{0F3C0664-BDA6-4CD0-872A-49055994D1C6}.Release|x64.ActiveCfg = Release|Any CPU
		{0F3C0664-BDA6-4CD0-872A-49055994D1C6}.Release|x64.Build.0 = Release|Any CPU
		{0F3C0664-BDA6-4CD0-872A-49055994D1C6}.Release|x64.Deploy.0 = Release|Any CPU
		{0F3C0664-BDA6-4CD0-872A-49055994D1C6}.Release|x86.ActiveCfg = Release|Any CPU
		{0F3C0664-BDA6-4CD0-872A-49055994D1C6}.Release|x86.Build.0 = Release|Any CPU
		{0F3C0664-BDA6-4CD0-872A-49055994D1C6}.Release|x86.Deploy.0 = Release|Any CPU
		{3E76A7FA-2681-42DA-9D96-2662768AC2EE}.Ad-Hoc|Any CPU.ActiveCfg = Ad-Hoc|iPhoneSimulator
		{3E76A7FA-2681-42DA-9D96-2662768AC2EE}.Ad-Hoc|ARM.ActiveCfg = Ad-Hoc|iPhoneSimulator
		{3E76A7FA-2681-42DA-9D96-2662768AC2EE}.Ad-Hoc|ARM64.ActiveCfg = Ad-Hoc|iPhoneSimulator
		{3E76A7FA-2681-42DA-9D96-2662768AC2EE}.Ad-Hoc|iPhone.ActiveCfg = Ad-Hoc|iPhone
		{3E76A7FA-2681-42DA-9D96-2662768AC2EE}.Ad-Hoc|iPhone.Build.0 = Ad-Hoc|iPhone
		{3E76A7FA-2681-42DA-9D96-2662768AC2EE}.Ad-Hoc|iPhoneSimulator.ActiveCfg = Ad-Hoc|iPhoneSimulator
		{3E76A7FA-2681-42DA-9D96-2662768AC2EE}.Ad-Hoc|iPhoneSimulator.Build.0 = Ad-Hoc|iPhoneSimulator
		{3E76A7FA-2681-42DA-9D96-2662768AC2EE}.Ad-Hoc|x64.ActiveCfg = Ad-Hoc|iPhoneSimulator
		{3E76A7FA-2681-42DA-9D96-2662768AC2EE}.Ad-Hoc|x86.ActiveCfg = Ad-Hoc|iPhoneSimulator
		{3E76A7FA-2681-42DA-9D96-2662768AC2EE}.AppStore|Any CPU.ActiveCfg = AppStore|iPhoneSimulator
		{3E76A7FA-2681-42DA-9D96-2662768AC2EE}.AppStore|ARM.ActiveCfg = AppStore|iPhoneSimulator
		{3E76A7FA-2681-42DA-9D96-2662768AC2EE}.AppStore|ARM64.ActiveCfg = AppStore|iPhoneSimulator
		{3E76A7FA-2681-42DA-9D96-2662768AC2EE}.AppStore|iPhone.ActiveCfg = AppStore|iPhone
		{3E76A7FA-2681-42DA-9D96-2662768AC2EE}.AppStore|iPhone.Build.0 = AppStore|iPhone
		{3E76A7FA-2681-42DA-9D96-2662768AC2EE}.AppStore|iPhoneSimulator.ActiveCfg = AppStore|iPhoneSimulator
		{3E76A7FA-2681-42DA-9D96-2662768AC2EE}.AppStore|iPhoneSimulator.Build.0 = AppStore|iPhoneSimulator
		{3E76A7FA-2681-42DA-9D96-2662768AC2EE}.AppStore|x64.ActiveCfg = AppStore|iPhoneSimulator
		{3E76A7FA-2681-42DA-9D96-2662768AC2EE}.AppStore|x86.ActiveCfg = AppStore|iPhoneSimulator
		{3E76A7FA-2681-42DA-9D96-2662768AC2EE}.Debug|Any CPU.ActiveCfg = Debug|iPhoneSimulator
		{3E76A7FA-2681-42DA-9D96-2662768AC2EE}.Debug|ARM.ActiveCfg = Debug|iPhoneSimulator
		{3E76A7FA-2681-42DA-9D96-2662768AC2EE}.Debug|ARM64.ActiveCfg = Debug|iPhoneSimulator
		{3E76A7FA-2681-42DA-9D96-2662768AC2EE}.Debug|iPhone.ActiveCfg = Debug|iPhone
		{3E76A7FA-2681-42DA-9D96-2662768AC2EE}.Debug|iPhone.Build.0 = Debug|iPhone
		{3E76A7FA-2681-42DA-9D96-2662768AC2EE}.Debug|iPhoneSimulator.ActiveCfg = Debug|iPhoneSimulator
		{3E76A7FA-2681-42DA-9D96-2662768AC2EE}.Debug|iPhoneSimulator.Build.0 = Debug|iPhoneSimulator
		{3E76A7FA-2681-42DA-9D96-2662768AC2EE}.Debug|x64.ActiveCfg = Debug|iPhoneSimulator
		{3E76A7FA-2681-42DA-9D96-2662768AC2EE}.Debug|x86.ActiveCfg = Debug|iPhoneSimulator
		{3E76A7FA-2681-42DA-9D96-2662768AC2EE}.Release|Any CPU.ActiveCfg = Release|iPhoneSimulator
		{3E76A7FA-2681-42DA-9D96-2662768AC2EE}.Release|ARM.ActiveCfg = Release|iPhoneSimulator
		{3E76A7FA-2681-42DA-9D96-2662768AC2EE}.Release|ARM64.ActiveCfg = Release|iPhoneSimulator
		{3E76A7FA-2681-42DA-9D96-2662768AC2EE}.Release|iPhone.ActiveCfg = Release|iPhone
		{3E76A7FA-2681-42DA-9D96-2662768AC2EE}.Release|iPhone.Build.0 = Release|iPhone
		{3E76A7FA-2681-42DA-9D96-2662768AC2EE}.Release|iPhoneSimulator.ActiveCfg = Release|iPhoneSimulator
		{3E76A7FA-2681-42DA-9D96-2662768AC2EE}.Release|iPhoneSimulator.Build.0 = Release|iPhoneSimulator
		{3E76A7FA-2681-42DA-9D96-2662768AC2EE}.Release|x64.ActiveCfg = Release|iPhoneSimulator
		{3E76A7FA-2681-42DA-9D96-2662768AC2EE}.Release|x86.ActiveCfg = Release|iPhoneSimulator
		{33A12B71-AC70-466D-AC01-89F38B2D5333}.Ad-Hoc|Any CPU.ActiveCfg = Debug|x86
		{33A12B71-AC70-466D-AC01-89F38B2D5333}.Ad-Hoc|Any CPU.Build.0 = Debug|x86
		{33A12B71-AC70-466D-AC01-89F38B2D5333}.Ad-Hoc|Any CPU.Deploy.0 = Debug|x86
		{33A12B71-AC70-466D-AC01-89F38B2D5333}.Ad-Hoc|ARM.ActiveCfg = Debug|ARM
		{33A12B71-AC70-466D-AC01-89F38B2D5333}.Ad-Hoc|ARM.Build.0 = Debug|ARM
		{33A12B71-AC70-466D-AC01-89F38B2D5333}.Ad-Hoc|ARM.Deploy.0 = Debug|ARM
		{33A12B71-AC70-466D-AC01-89F38B2D5333}.Ad-Hoc|ARM64.ActiveCfg = Debug|ARM64
		{33A12B71-AC70-466D-AC01-89F38B2D5333}.Ad-Hoc|ARM64.Build.0 = Debug|ARM64
		{33A12B71-AC70-466D-AC01-89F38B2D5333}.Ad-Hoc|ARM64.Deploy.0 = Debug|ARM64
		{33A12B71-AC70-466D-AC01-89F38B2D5333}.Ad-Hoc|iPhone.ActiveCfg = Debug|x86
		{33A12B71-AC70-466D-AC01-89F38B2D5333}.Ad-Hoc|iPhone.Build.0 = Debug|x86
		{33A12B71-AC70-466D-AC01-89F38B2D5333}.Ad-Hoc|iPhone.Deploy.0 = Debug|x86
		{33A12B71-AC70-466D-AC01-89F38B2D5333}.Ad-Hoc|iPhoneSimulator.ActiveCfg = Debug|x86
		{33A12B71-AC70-466D-AC01-89F38B2D5333}.Ad-Hoc|iPhoneSimulator.Build.0 = Debug|x86
		{33A12B71-AC70-466D-AC01-89F38B2D5333}.Ad-Hoc|iPhoneSimulator.Deploy.0 = Debug|x86
		{33A12B71-AC70-466D-AC01-89F38B2D5333}.Ad-Hoc|x64.ActiveCfg = Debug|x64
		{33A12B71-AC70-466D-AC01-89F38B2D5333}.Ad-Hoc|x64.Build.0 = Debug|x64
		{33A12B71-AC70-466D-AC01-89F38B2D5333}.Ad-Hoc|x64.Deploy.0 = Debug|x64
		{33A12B71-AC70-466D-AC01-89F38B2D5333}.Ad-Hoc|x86.ActiveCfg = Debug|x86
		{33A12B71-AC70-466D-AC01-89F38B2D5333}.Ad-Hoc|x86.Build.0 = Debug|x86
		{33A12B71-AC70-466D-AC01-89F38B2D5333}.Ad-Hoc|x86.Deploy.0 = Debug|x86
		{33A12B71-AC70-466D-AC01-89F38B2D5333}.AppStore|Any CPU.ActiveCfg = Debug|x86
		{33A12B71-AC70-466D-AC01-89F38B2D5333}.AppStore|Any CPU.Build.0 = Debug|x86
		{33A12B71-AC70-466D-AC01-89F38B2D5333}.AppStore|Any CPU.Deploy.0 = Debug|x86
		{33A12B71-AC70-466D-AC01-89F38B2D5333}.AppStore|ARM.ActiveCfg = Debug|ARM
		{33A12B71-AC70-466D-AC01-89F38B2D5333}.AppStore|ARM.Build.0 = Debug|ARM
		{33A12B71-AC70-466D-AC01-89F38B2D5333}.AppStore|ARM.Deploy.0 = Debug|ARM
		{33A12B71-AC70-466D-AC01-89F38B2D5333}.AppStore|ARM64.ActiveCfg = Debug|ARM64
		{33A12B71-AC70-466D-AC01-89F38B2D5333}.AppStore|ARM64.Build.0 = Debug|ARM64
		{33A12B71-AC70-466D-AC01-89F38B2D5333}.AppStore|ARM64.Deploy.0 = Debug|ARM64
		{33A12B71-AC70-466D-AC01-89F38B2D5333}.AppStore|iPhone.ActiveCfg = Debug|x86
		{33A12B71-AC70-466D-AC01-89F38B2D5333}.AppStore|iPhone.Build.0 = Debug|x86
		{33A12B71-AC70-466D-AC01-89F38B2D5333}.AppStore|iPhone.Deploy.0 = Debug|x86
		{33A12B71-AC70-466D-AC01-89F38B2D5333}.AppStore|iPhoneSimulator.ActiveCfg = Debug|x86
		{33A12B71-AC70-466D-AC01-89F38B2D5333}.AppStore|iPhoneSimulator.Build.0 = Debug|x86
		{33A12B71-AC70-466D-AC01-89F38B2D5333}.AppStore|iPhoneSimulator.Deploy.0 = Debug|x86
		{33A12B71-AC70-466D-AC01-89F38B2D5333}.AppStore|x64.ActiveCfg = Debug|x64
		{33A12B71-AC70-466D-AC01-89F38B2D5333}.AppStore|x64.Build.0 = Debug|x64
		{33A12B71-AC70-466D-AC01-89F38B2D5333}.AppStore|x64.Deploy.0 = Debug|x64
		{33A12B71-AC70-466D-AC01-89F38B2D5333}.AppStore|x86.ActiveCfg = Debug|x86
		{33A12B71-AC70-466D-AC01-89F38B2D5333}.AppStore|x86.Build.0 = Debug|x86
		{33A12B71-AC70-466D-AC01-89F38B2D5333}.AppStore|x86.Deploy.0 = Debug|x86
		{33A12B71-AC70-466D-AC01-89F38B2D5333}.Debug|Any CPU.ActiveCfg = Debug|x86
		{33A12B71-AC70-466D-AC01-89F38B2D5333}.Debug|Any CPU.Build.0 = Debug|x86
		{33A12B71-AC70-466D-AC01-89F38B2D5333}.Debug|Any CPU.Deploy.0 = Debug|x86
		{33A12B71-AC70-466D-AC01-89F38B2D5333}.Debug|ARM.ActiveCfg = Debug|ARM
		{33A12B71-AC70-466D-AC01-89F38B2D5333}.Debug|ARM.Build.0 = Debug|ARM
		{33A12B71-AC70-466D-AC01-89F38B2D5333}.Debug|ARM.Deploy.0 = Debug|ARM
		{33A12B71-AC70-466D-AC01-89F38B2D5333}.Debug|ARM64.ActiveCfg = Debug|ARM64
		{33A12B71-AC70-466D-AC01-89F38B2D5333}.Debug|ARM64.Build.0 = Debug|ARM64
		{33A12B71-AC70-466D-AC01-89F38B2D5333}.Debug|ARM64.Deploy.0 = Debug|ARM64
		{33A12B71-AC70-466D-AC01-89F38B2D5333}.Debug|iPhone.ActiveCfg = Debug|x86
		{33A12B71-AC70-466D-AC01-89F38B2D5333}.Debug|iPhoneSimulator.ActiveCfg = Debug|x86
		{33A12B71-AC70-466D-AC01-89F38B2D5333}.Debug|x64.ActiveCfg = Debug|x64
		{33A12B71-AC70-466D-AC01-89F38B2D5333}.Debug|x64.Build.0 = Debug|x64
		{33A12B71-AC70-466D-AC01-89F38B2D5333}.Debug|x64.Deploy.0 = Debug|x64
		{33A12B71-AC70-466D-AC01-89F38B2D5333}.Debug|x86.ActiveCfg = Debug|x86
		{33A12B71-AC70-466D-AC01-89F38B2D5333}.Debug|x86.Build.0 = Debug|x86
		{33A12B71-AC70-466D-AC01-89F38B2D5333}.Debug|x86.Deploy.0 = Debug|x86
		{33A12B71-AC70-466D-AC01-89F38B2D5333}.Release|Any CPU.ActiveCfg = Release|x86
		{33A12B71-AC70-466D-AC01-89F38B2D5333}.Release|Any CPU.Build.0 = Release|x86
		{33A12B71-AC70-466D-AC01-89F38B2D5333}.Release|Any CPU.Deploy.0 = Release|x86
		{33A12B71-AC70-466D-AC01-89F38B2D5333}.Release|ARM.ActiveCfg = Release|ARM
		{33A12B71-AC70-466D-AC01-89F38B2D5333}.Release|ARM.Build.0 = Release|ARM
		{33A12B71-AC70-466D-AC01-89F38B2D5333}.Release|ARM.Deploy.0 = Release|ARM
		{33A12B71-AC70-466D-AC01-89F38B2D5333}.Release|ARM64.ActiveCfg = Release|ARM64
		{33A12B71-AC70-466D-AC01-89F38B2D5333}.Release|ARM64.Build.0 = Release|ARM64
		{33A12B71-AC70-466D-AC01-89F38B2D5333}.Release|ARM64.Deploy.0 = Release|ARM64
		{33A12B71-AC70-466D-AC01-89F38B2D5333}.Release|iPhone.ActiveCfg = Release|x86
		{33A12B71-AC70-466D-AC01-89F38B2D5333}.Release|iPhoneSimulator.ActiveCfg = Release|x86
		{33A12B71-AC70-466D-AC01-89F38B2D5333}.Release|x64.ActiveCfg = Release|x64
		{33A12B71-AC70-466D-AC01-89F38B2D5333}.Release|x64.Build.0 = Release|x64
		{33A12B71-AC70-466D-AC01-89F38B2D5333}.Release|x64.Deploy.0 = Release|x64
		{33A12B71-AC70-466D-AC01-89F38B2D5333}.Release|x86.ActiveCfg = Release|x86
		{33A12B71-AC70-466D-AC01-89F38B2D5333}.Release|x86.Build.0 = Release|x86
		{33A12B71-AC70-466D-AC01-89F38B2D5333}.Release|x86.Deploy.0 = Release|x86
		{B91F036D-8F2F-4B05-BDEE-BDC6F0BC78C0}.Ad-Hoc|Any CPU.ActiveCfg = Debug|Any CPU
		{B91F036D-8F2F-4B05-BDEE-BDC6F0BC78C0}.Ad-Hoc|Any CPU.Build.0 = Debug|Any CPU
		{B91F036D-8F2F-4B05-BDEE-BDC6F0BC78C0}.Ad-Hoc|ARM.ActiveCfg = Debug|Any CPU
		{B91F036D-8F2F-4B05-BDEE-BDC6F0BC78C0}.Ad-Hoc|ARM.Build.0 = Debug|Any CPU
		{B91F036D-8F2F-4B05-BDEE-BDC6F0BC78C0}.Ad-Hoc|ARM64.ActiveCfg = Debug|Any CPU
		{B91F036D-8F2F-4B05-BDEE-BDC6F0BC78C0}.Ad-Hoc|ARM64.Build.0 = Debug|Any CPU
		{B91F036D-8F2F-4B05-BDEE-BDC6F0BC78C0}.Ad-Hoc|iPhone.ActiveCfg = Debug|Any CPU
		{B91F036D-8F2F-4B05-BDEE-BDC6F0BC78C0}.Ad-Hoc|iPhone.Build.0 = Debug|Any CPU
		{B91F036D-8F2F-4B05-BDEE-BDC6F0BC78C0}.Ad-Hoc|iPhoneSimulator.ActiveCfg = Debug|Any CPU
		{B91F036D-8F2F-4B05-BDEE-BDC6F0BC78C0}.Ad-Hoc|iPhoneSimulator.Build.0 = Debug|Any CPU
		{B91F036D-8F2F-4B05-BDEE-BDC6F0BC78C0}.Ad-Hoc|x64.ActiveCfg = Debug|Any CPU
		{B91F036D-8F2F-4B05-BDEE-BDC6F0BC78C0}.Ad-Hoc|x64.Build.0 = Debug|Any CPU
		{B91F036D-8F2F-4B05-BDEE-BDC6F0BC78C0}.Ad-Hoc|x86.ActiveCfg = Debug|Any CPU
		{B91F036D-8F2F-4B05-BDEE-BDC6F0BC78C0}.Ad-Hoc|x86.Build.0 = Debug|Any CPU
		{B91F036D-8F2F-4B05-BDEE-BDC6F0BC78C0}.AppStore|Any CPU.ActiveCfg = Debug|Any CPU
		{B91F036D-8F2F-4B05-BDEE-BDC6F0BC78C0}.AppStore|Any CPU.Build.0 = Debug|Any CPU
		{B91F036D-8F2F-4B05-BDEE-BDC6F0BC78C0}.AppStore|ARM.ActiveCfg = Debug|Any CPU
		{B91F036D-8F2F-4B05-BDEE-BDC6F0BC78C0}.AppStore|ARM.Build.0 = Debug|Any CPU
		{B91F036D-8F2F-4B05-BDEE-BDC6F0BC78C0}.AppStore|ARM64.ActiveCfg = Debug|Any CPU
		{B91F036D-8F2F-4B05-BDEE-BDC6F0BC78C0}.AppStore|ARM64.Build.0 = Debug|Any CPU
		{B91F036D-8F2F-4B05-BDEE-BDC6F0BC78C0}.AppStore|iPhone.ActiveCfg = Debug|Any CPU
		{B91F036D-8F2F-4B05-BDEE-BDC6F0BC78C0}.AppStore|iPhone.Build.0 = Debug|Any CPU
		{B91F036D-8F2F-4B05-BDEE-BDC6F0BC78C0}.AppStore|iPhoneSimulator.ActiveCfg = Debug|Any CPU
		{B91F036D-8F2F-4B05-BDEE-BDC6F0BC78C0}.AppStore|iPhoneSimulator.Build.0 = Debug|Any CPU
		{B91F036D-8F2F-4B05-BDEE-BDC6F0BC78C0}.AppStore|x64.ActiveCfg = Debug|Any CPU
		{B91F036D-8F2F-4B05-BDEE-BDC6F0BC78C0}.AppStore|x64.Build.0 = Debug|Any CPU
		{B91F036D-8F2F-4B05-BDEE-BDC6F0BC78C0}.AppStore|x86.ActiveCfg = Debug|Any CPU
		{B91F036D-8F2F-4B05-BDEE-BDC6F0BC78C0}.AppStore|x86.Build.0 = Debug|Any CPU
		{B91F036D-8F2F-4B05-BDEE-BDC6F0BC78C0}.Debug|Any CPU.ActiveCfg = Debug|Any CPU
		{B91F036D-8F2F-4B05-BDEE-BDC6F0BC78C0}.Debug|Any CPU.Build.0 = Debug|Any CPU
		{B91F036D-8F2F-4B05-BDEE-BDC6F0BC78C0}.Debug|ARM.ActiveCfg = Debug|Any CPU
		{B91F036D-8F2F-4B05-BDEE-BDC6F0BC78C0}.Debug|ARM.Build.0 = Debug|Any CPU
		{B91F036D-8F2F-4B05-BDEE-BDC6F0BC78C0}.Debug|ARM64.ActiveCfg = Debug|Any CPU
		{B91F036D-8F2F-4B05-BDEE-BDC6F0BC78C0}.Debug|ARM64.Build.0 = Debug|Any CPU
		{B91F036D-8F2F-4B05-BDEE-BDC6F0BC78C0}.Debug|iPhone.ActiveCfg = Debug|Any CPU
		{B91F036D-8F2F-4B05-BDEE-BDC6F0BC78C0}.Debug|iPhone.Build.0 = Debug|Any CPU
		{B91F036D-8F2F-4B05-BDEE-BDC6F0BC78C0}.Debug|iPhoneSimulator.ActiveCfg = Debug|Any CPU
		{B91F036D-8F2F-4B05-BDEE-BDC6F0BC78C0}.Debug|iPhoneSimulator.Build.0 = Debug|Any CPU
		{B91F036D-8F2F-4B05-BDEE-BDC6F0BC78C0}.Debug|x64.ActiveCfg = Debug|Any CPU
		{B91F036D-8F2F-4B05-BDEE-BDC6F0BC78C0}.Debug|x64.Build.0 = Debug|Any CPU
		{B91F036D-8F2F-4B05-BDEE-BDC6F0BC78C0}.Debug|x86.ActiveCfg = Debug|Any CPU
		{B91F036D-8F2F-4B05-BDEE-BDC6F0BC78C0}.Debug|x86.Build.0 = Debug|Any CPU
		{B91F036D-8F2F-4B05-BDEE-BDC6F0BC78C0}.Release|Any CPU.ActiveCfg = Release|Any CPU
		{B91F036D-8F2F-4B05-BDEE-BDC6F0BC78C0}.Release|Any CPU.Build.0 = Release|Any CPU
		{B91F036D-8F2F-4B05-BDEE-BDC6F0BC78C0}.Release|ARM.ActiveCfg = Release|Any CPU
		{B91F036D-8F2F-4B05-BDEE-BDC6F0BC78C0}.Release|ARM.Build.0 = Release|Any CPU
		{B91F036D-8F2F-4B05-BDEE-BDC6F0BC78C0}.Release|ARM64.ActiveCfg = Release|Any CPU
		{B91F036D-8F2F-4B05-BDEE-BDC6F0BC78C0}.Release|ARM64.Build.0 = Release|Any CPU
		{B91F036D-8F2F-4B05-BDEE-BDC6F0BC78C0}.Release|iPhone.ActiveCfg = Release|Any CPU
		{B91F036D-8F2F-4B05-BDEE-BDC6F0BC78C0}.Release|iPhone.Build.0 = Release|Any CPU
		{B91F036D-8F2F-4B05-BDEE-BDC6F0BC78C0}.Release|iPhoneSimulator.ActiveCfg = Release|Any CPU
		{B91F036D-8F2F-4B05-BDEE-BDC6F0BC78C0}.Release|iPhoneSimulator.Build.0 = Release|Any CPU
		{B91F036D-8F2F-4B05-BDEE-BDC6F0BC78C0}.Release|x64.ActiveCfg = Release|Any CPU
		{B91F036D-8F2F-4B05-BDEE-BDC6F0BC78C0}.Release|x64.Build.0 = Release|Any CPU
		{B91F036D-8F2F-4B05-BDEE-BDC6F0BC78C0}.Release|x86.ActiveCfg = Release|Any CPU
		{B91F036D-8F2F-4B05-BDEE-BDC6F0BC78C0}.Release|x86.Build.0 = Release|Any CPU
		{097BF4B3-CB50-4CA2-B7EF-92D37DA4937A}.Ad-Hoc|Any CPU.ActiveCfg = Debug|iPhoneSimulator
		{097BF4B3-CB50-4CA2-B7EF-92D37DA4937A}.Ad-Hoc|Any CPU.Build.0 = Debug|iPhoneSimulator
		{097BF4B3-CB50-4CA2-B7EF-92D37DA4937A}.Ad-Hoc|ARM.ActiveCfg = Debug|iPhoneSimulator
		{097BF4B3-CB50-4CA2-B7EF-92D37DA4937A}.Ad-Hoc|ARM.Build.0 = Debug|iPhoneSimulator
		{097BF4B3-CB50-4CA2-B7EF-92D37DA4937A}.Ad-Hoc|ARM64.ActiveCfg = Debug|iPhoneSimulator
		{097BF4B3-CB50-4CA2-B7EF-92D37DA4937A}.Ad-Hoc|ARM64.Build.0 = Debug|iPhoneSimulator
		{097BF4B3-CB50-4CA2-B7EF-92D37DA4937A}.Ad-Hoc|iPhone.ActiveCfg = Debug|iPhoneSimulator
		{097BF4B3-CB50-4CA2-B7EF-92D37DA4937A}.Ad-Hoc|iPhone.Build.0 = Debug|iPhoneSimulator
		{097BF4B3-CB50-4CA2-B7EF-92D37DA4937A}.Ad-Hoc|iPhoneSimulator.ActiveCfg = Debug|iPhoneSimulator
		{097BF4B3-CB50-4CA2-B7EF-92D37DA4937A}.Ad-Hoc|iPhoneSimulator.Build.0 = Debug|iPhoneSimulator
		{097BF4B3-CB50-4CA2-B7EF-92D37DA4937A}.Ad-Hoc|x64.ActiveCfg = Debug|iPhoneSimulator
		{097BF4B3-CB50-4CA2-B7EF-92D37DA4937A}.Ad-Hoc|x64.Build.0 = Debug|iPhoneSimulator
		{097BF4B3-CB50-4CA2-B7EF-92D37DA4937A}.Ad-Hoc|x86.ActiveCfg = Debug|iPhoneSimulator
		{097BF4B3-CB50-4CA2-B7EF-92D37DA4937A}.Ad-Hoc|x86.Build.0 = Debug|iPhoneSimulator
		{097BF4B3-CB50-4CA2-B7EF-92D37DA4937A}.AppStore|Any CPU.ActiveCfg = Debug|iPhoneSimulator
		{097BF4B3-CB50-4CA2-B7EF-92D37DA4937A}.AppStore|Any CPU.Build.0 = Debug|iPhoneSimulator
		{097BF4B3-CB50-4CA2-B7EF-92D37DA4937A}.AppStore|ARM.ActiveCfg = Debug|iPhoneSimulator
		{097BF4B3-CB50-4CA2-B7EF-92D37DA4937A}.AppStore|ARM.Build.0 = Debug|iPhoneSimulator
		{097BF4B3-CB50-4CA2-B7EF-92D37DA4937A}.AppStore|ARM64.ActiveCfg = Debug|iPhoneSimulator
		{097BF4B3-CB50-4CA2-B7EF-92D37DA4937A}.AppStore|ARM64.Build.0 = Debug|iPhoneSimulator
		{097BF4B3-CB50-4CA2-B7EF-92D37DA4937A}.AppStore|iPhone.ActiveCfg = Debug|iPhoneSimulator
		{097BF4B3-CB50-4CA2-B7EF-92D37DA4937A}.AppStore|iPhone.Build.0 = Debug|iPhoneSimulator
		{097BF4B3-CB50-4CA2-B7EF-92D37DA4937A}.AppStore|iPhoneSimulator.ActiveCfg = Debug|iPhoneSimulator
		{097BF4B3-CB50-4CA2-B7EF-92D37DA4937A}.AppStore|iPhoneSimulator.Build.0 = Debug|iPhoneSimulator
		{097BF4B3-CB50-4CA2-B7EF-92D37DA4937A}.AppStore|x64.ActiveCfg = Debug|iPhoneSimulator
		{097BF4B3-CB50-4CA2-B7EF-92D37DA4937A}.AppStore|x64.Build.0 = Debug|iPhoneSimulator
		{097BF4B3-CB50-4CA2-B7EF-92D37DA4937A}.AppStore|x86.ActiveCfg = Debug|iPhoneSimulator
		{097BF4B3-CB50-4CA2-B7EF-92D37DA4937A}.AppStore|x86.Build.0 = Debug|iPhoneSimulator
		{097BF4B3-CB50-4CA2-B7EF-92D37DA4937A}.Debug|Any CPU.ActiveCfg = Debug|iPhoneSimulator
		{097BF4B3-CB50-4CA2-B7EF-92D37DA4937A}.Debug|ARM.ActiveCfg = Debug|iPhoneSimulator
		{097BF4B3-CB50-4CA2-B7EF-92D37DA4937A}.Debug|ARM64.ActiveCfg = Debug|iPhoneSimulator
		{097BF4B3-CB50-4CA2-B7EF-92D37DA4937A}.Debug|iPhone.ActiveCfg = Debug|iPhoneSimulator
		{097BF4B3-CB50-4CA2-B7EF-92D37DA4937A}.Debug|iPhoneSimulator.ActiveCfg = Debug|iPhoneSimulator
		{097BF4B3-CB50-4CA2-B7EF-92D37DA4937A}.Debug|iPhoneSimulator.Build.0 = Debug|iPhoneSimulator
		{097BF4B3-CB50-4CA2-B7EF-92D37DA4937A}.Debug|x64.ActiveCfg = Debug|iPhoneSimulator
		{097BF4B3-CB50-4CA2-B7EF-92D37DA4937A}.Debug|x86.ActiveCfg = Debug|iPhoneSimulator
		{097BF4B3-CB50-4CA2-B7EF-92D37DA4937A}.Release|Any CPU.ActiveCfg = Release|iPhoneSimulator
		{097BF4B3-CB50-4CA2-B7EF-92D37DA4937A}.Release|ARM.ActiveCfg = Release|iPhoneSimulator
		{097BF4B3-CB50-4CA2-B7EF-92D37DA4937A}.Release|ARM64.ActiveCfg = Release|iPhoneSimulator
		{097BF4B3-CB50-4CA2-B7EF-92D37DA4937A}.Release|iPhone.ActiveCfg = Release|iPhoneSimulator
		{097BF4B3-CB50-4CA2-B7EF-92D37DA4937A}.Release|iPhoneSimulator.ActiveCfg = Release|iPhoneSimulator
		{097BF4B3-CB50-4CA2-B7EF-92D37DA4937A}.Release|iPhoneSimulator.Build.0 = Release|iPhoneSimulator
		{097BF4B3-CB50-4CA2-B7EF-92D37DA4937A}.Release|x64.ActiveCfg = Release|iPhoneSimulator
		{097BF4B3-CB50-4CA2-B7EF-92D37DA4937A}.Release|x86.ActiveCfg = Release|iPhoneSimulator
		{FA9DBB96-7AEB-4172-AAB3-56417FBFEBFC}.Ad-Hoc|Any CPU.ActiveCfg = Debug|Any CPU
		{FA9DBB96-7AEB-4172-AAB3-56417FBFEBFC}.Ad-Hoc|Any CPU.Build.0 = Debug|Any CPU
		{FA9DBB96-7AEB-4172-AAB3-56417FBFEBFC}.Ad-Hoc|ARM.ActiveCfg = Debug|Any CPU
		{FA9DBB96-7AEB-4172-AAB3-56417FBFEBFC}.Ad-Hoc|ARM.Build.0 = Debug|Any CPU
		{FA9DBB96-7AEB-4172-AAB3-56417FBFEBFC}.Ad-Hoc|ARM64.ActiveCfg = Debug|Any CPU
		{FA9DBB96-7AEB-4172-AAB3-56417FBFEBFC}.Ad-Hoc|ARM64.Build.0 = Debug|Any CPU
		{FA9DBB96-7AEB-4172-AAB3-56417FBFEBFC}.Ad-Hoc|iPhone.ActiveCfg = Debug|Any CPU
		{FA9DBB96-7AEB-4172-AAB3-56417FBFEBFC}.Ad-Hoc|iPhone.Build.0 = Debug|Any CPU
		{FA9DBB96-7AEB-4172-AAB3-56417FBFEBFC}.Ad-Hoc|iPhoneSimulator.ActiveCfg = Debug|Any CPU
		{FA9DBB96-7AEB-4172-AAB3-56417FBFEBFC}.Ad-Hoc|iPhoneSimulator.Build.0 = Debug|Any CPU
		{FA9DBB96-7AEB-4172-AAB3-56417FBFEBFC}.Ad-Hoc|x64.ActiveCfg = Debug|Any CPU
		{FA9DBB96-7AEB-4172-AAB3-56417FBFEBFC}.Ad-Hoc|x64.Build.0 = Debug|Any CPU
		{FA9DBB96-7AEB-4172-AAB3-56417FBFEBFC}.Ad-Hoc|x86.ActiveCfg = Debug|Any CPU
		{FA9DBB96-7AEB-4172-AAB3-56417FBFEBFC}.Ad-Hoc|x86.Build.0 = Debug|Any CPU
		{FA9DBB96-7AEB-4172-AAB3-56417FBFEBFC}.AppStore|Any CPU.ActiveCfg = Debug|Any CPU
		{FA9DBB96-7AEB-4172-AAB3-56417FBFEBFC}.AppStore|Any CPU.Build.0 = Debug|Any CPU
		{FA9DBB96-7AEB-4172-AAB3-56417FBFEBFC}.AppStore|ARM.ActiveCfg = Debug|Any CPU
		{FA9DBB96-7AEB-4172-AAB3-56417FBFEBFC}.AppStore|ARM.Build.0 = Debug|Any CPU
		{FA9DBB96-7AEB-4172-AAB3-56417FBFEBFC}.AppStore|ARM64.ActiveCfg = Debug|Any CPU
		{FA9DBB96-7AEB-4172-AAB3-56417FBFEBFC}.AppStore|ARM64.Build.0 = Debug|Any CPU
		{FA9DBB96-7AEB-4172-AAB3-56417FBFEBFC}.AppStore|iPhone.ActiveCfg = Debug|Any CPU
		{FA9DBB96-7AEB-4172-AAB3-56417FBFEBFC}.AppStore|iPhone.Build.0 = Debug|Any CPU
		{FA9DBB96-7AEB-4172-AAB3-56417FBFEBFC}.AppStore|iPhoneSimulator.ActiveCfg = Debug|Any CPU
		{FA9DBB96-7AEB-4172-AAB3-56417FBFEBFC}.AppStore|iPhoneSimulator.Build.0 = Debug|Any CPU
		{FA9DBB96-7AEB-4172-AAB3-56417FBFEBFC}.AppStore|x64.ActiveCfg = Debug|Any CPU
		{FA9DBB96-7AEB-4172-AAB3-56417FBFEBFC}.AppStore|x64.Build.0 = Debug|Any CPU
		{FA9DBB96-7AEB-4172-AAB3-56417FBFEBFC}.AppStore|x86.ActiveCfg = Debug|Any CPU
		{FA9DBB96-7AEB-4172-AAB3-56417FBFEBFC}.AppStore|x86.Build.0 = Debug|Any CPU
		{FA9DBB96-7AEB-4172-AAB3-56417FBFEBFC}.Debug|Any CPU.ActiveCfg = Debug|Any CPU
		{FA9DBB96-7AEB-4172-AAB3-56417FBFEBFC}.Debug|Any CPU.Build.0 = Debug|Any CPU
		{FA9DBB96-7AEB-4172-AAB3-56417FBFEBFC}.Debug|ARM.ActiveCfg = Debug|Any CPU
		{FA9DBB96-7AEB-4172-AAB3-56417FBFEBFC}.Debug|ARM.Build.0 = Debug|Any CPU
		{FA9DBB96-7AEB-4172-AAB3-56417FBFEBFC}.Debug|ARM64.ActiveCfg = Debug|Any CPU
		{FA9DBB96-7AEB-4172-AAB3-56417FBFEBFC}.Debug|ARM64.Build.0 = Debug|Any CPU
		{FA9DBB96-7AEB-4172-AAB3-56417FBFEBFC}.Debug|iPhone.ActiveCfg = Debug|Any CPU
		{FA9DBB96-7AEB-4172-AAB3-56417FBFEBFC}.Debug|iPhone.Build.0 = Debug|Any CPU
		{FA9DBB96-7AEB-4172-AAB3-56417FBFEBFC}.Debug|iPhoneSimulator.ActiveCfg = Debug|Any CPU
		{FA9DBB96-7AEB-4172-AAB3-56417FBFEBFC}.Debug|iPhoneSimulator.Build.0 = Debug|Any CPU
		{FA9DBB96-7AEB-4172-AAB3-56417FBFEBFC}.Debug|x64.ActiveCfg = Debug|Any CPU
		{FA9DBB96-7AEB-4172-AAB3-56417FBFEBFC}.Debug|x64.Build.0 = Debug|Any CPU
		{FA9DBB96-7AEB-4172-AAB3-56417FBFEBFC}.Debug|x86.ActiveCfg = Debug|Any CPU
		{FA9DBB96-7AEB-4172-AAB3-56417FBFEBFC}.Debug|x86.Build.0 = Debug|Any CPU
		{FA9DBB96-7AEB-4172-AAB3-56417FBFEBFC}.Release|Any CPU.ActiveCfg = Release|Any CPU
		{FA9DBB96-7AEB-4172-AAB3-56417FBFEBFC}.Release|Any CPU.Build.0 = Release|Any CPU
		{FA9DBB96-7AEB-4172-AAB3-56417FBFEBFC}.Release|ARM.ActiveCfg = Release|Any CPU
		{FA9DBB96-7AEB-4172-AAB3-56417FBFEBFC}.Release|ARM.Build.0 = Release|Any CPU
		{FA9DBB96-7AEB-4172-AAB3-56417FBFEBFC}.Release|ARM64.ActiveCfg = Release|Any CPU
		{FA9DBB96-7AEB-4172-AAB3-56417FBFEBFC}.Release|ARM64.Build.0 = Release|Any CPU
		{FA9DBB96-7AEB-4172-AAB3-56417FBFEBFC}.Release|iPhone.ActiveCfg = Release|Any CPU
		{FA9DBB96-7AEB-4172-AAB3-56417FBFEBFC}.Release|iPhone.Build.0 = Release|Any CPU
		{FA9DBB96-7AEB-4172-AAB3-56417FBFEBFC}.Release|iPhoneSimulator.ActiveCfg = Release|Any CPU
		{FA9DBB96-7AEB-4172-AAB3-56417FBFEBFC}.Release|iPhoneSimulator.Build.0 = Release|Any CPU
		{FA9DBB96-7AEB-4172-AAB3-56417FBFEBFC}.Release|x64.ActiveCfg = Release|Any CPU
		{FA9DBB96-7AEB-4172-AAB3-56417FBFEBFC}.Release|x64.Build.0 = Release|Any CPU
		{FA9DBB96-7AEB-4172-AAB3-56417FBFEBFC}.Release|x86.ActiveCfg = Release|Any CPU
		{FA9DBB96-7AEB-4172-AAB3-56417FBFEBFC}.Release|x86.Build.0 = Release|Any CPU
		{B160F0AA-6AD9-41C9-BED0-ACD19F0AD6B7}.Ad-Hoc|Any CPU.ActiveCfg = Debug|Any CPU
		{B160F0AA-6AD9-41C9-BED0-ACD19F0AD6B7}.Ad-Hoc|Any CPU.Build.0 = Debug|Any CPU
		{B160F0AA-6AD9-41C9-BED0-ACD19F0AD6B7}.Ad-Hoc|ARM.ActiveCfg = Debug|Any CPU
		{B160F0AA-6AD9-41C9-BED0-ACD19F0AD6B7}.Ad-Hoc|ARM.Build.0 = Debug|Any CPU
		{B160F0AA-6AD9-41C9-BED0-ACD19F0AD6B7}.Ad-Hoc|ARM64.ActiveCfg = Debug|Any CPU
		{B160F0AA-6AD9-41C9-BED0-ACD19F0AD6B7}.Ad-Hoc|ARM64.Build.0 = Debug|Any CPU
		{B160F0AA-6AD9-41C9-BED0-ACD19F0AD6B7}.Ad-Hoc|iPhone.ActiveCfg = Debug|Any CPU
		{B160F0AA-6AD9-41C9-BED0-ACD19F0AD6B7}.Ad-Hoc|iPhone.Build.0 = Debug|Any CPU
		{B160F0AA-6AD9-41C9-BED0-ACD19F0AD6B7}.Ad-Hoc|iPhoneSimulator.ActiveCfg = Debug|Any CPU
		{B160F0AA-6AD9-41C9-BED0-ACD19F0AD6B7}.Ad-Hoc|iPhoneSimulator.Build.0 = Debug|Any CPU
		{B160F0AA-6AD9-41C9-BED0-ACD19F0AD6B7}.Ad-Hoc|x64.ActiveCfg = Debug|Any CPU
		{B160F0AA-6AD9-41C9-BED0-ACD19F0AD6B7}.Ad-Hoc|x64.Build.0 = Debug|Any CPU
		{B160F0AA-6AD9-41C9-BED0-ACD19F0AD6B7}.Ad-Hoc|x86.ActiveCfg = Debug|Any CPU
		{B160F0AA-6AD9-41C9-BED0-ACD19F0AD6B7}.Ad-Hoc|x86.Build.0 = Debug|Any CPU
		{B160F0AA-6AD9-41C9-BED0-ACD19F0AD6B7}.AppStore|Any CPU.ActiveCfg = Debug|Any CPU
		{B160F0AA-6AD9-41C9-BED0-ACD19F0AD6B7}.AppStore|Any CPU.Build.0 = Debug|Any CPU
		{B160F0AA-6AD9-41C9-BED0-ACD19F0AD6B7}.AppStore|ARM.ActiveCfg = Debug|Any CPU
		{B160F0AA-6AD9-41C9-BED0-ACD19F0AD6B7}.AppStore|ARM.Build.0 = Debug|Any CPU
		{B160F0AA-6AD9-41C9-BED0-ACD19F0AD6B7}.AppStore|ARM64.ActiveCfg = Debug|Any CPU
		{B160F0AA-6AD9-41C9-BED0-ACD19F0AD6B7}.AppStore|ARM64.Build.0 = Debug|Any CPU
		{B160F0AA-6AD9-41C9-BED0-ACD19F0AD6B7}.AppStore|iPhone.ActiveCfg = Debug|Any CPU
		{B160F0AA-6AD9-41C9-BED0-ACD19F0AD6B7}.AppStore|iPhone.Build.0 = Debug|Any CPU
		{B160F0AA-6AD9-41C9-BED0-ACD19F0AD6B7}.AppStore|iPhoneSimulator.ActiveCfg = Debug|Any CPU
		{B160F0AA-6AD9-41C9-BED0-ACD19F0AD6B7}.AppStore|iPhoneSimulator.Build.0 = Debug|Any CPU
		{B160F0AA-6AD9-41C9-BED0-ACD19F0AD6B7}.AppStore|x64.ActiveCfg = Debug|Any CPU
		{B160F0AA-6AD9-41C9-BED0-ACD19F0AD6B7}.AppStore|x64.Build.0 = Debug|Any CPU
		{B160F0AA-6AD9-41C9-BED0-ACD19F0AD6B7}.AppStore|x86.ActiveCfg = Debug|Any CPU
		{B160F0AA-6AD9-41C9-BED0-ACD19F0AD6B7}.AppStore|x86.Build.0 = Debug|Any CPU
		{B160F0AA-6AD9-41C9-BED0-ACD19F0AD6B7}.Debug|Any CPU.ActiveCfg = Debug|Any CPU
		{B160F0AA-6AD9-41C9-BED0-ACD19F0AD6B7}.Debug|Any CPU.Build.0 = Debug|Any CPU
		{B160F0AA-6AD9-41C9-BED0-ACD19F0AD6B7}.Debug|ARM.ActiveCfg = Debug|Any CPU
		{B160F0AA-6AD9-41C9-BED0-ACD19F0AD6B7}.Debug|ARM.Build.0 = Debug|Any CPU
		{B160F0AA-6AD9-41C9-BED0-ACD19F0AD6B7}.Debug|ARM64.ActiveCfg = Debug|Any CPU
		{B160F0AA-6AD9-41C9-BED0-ACD19F0AD6B7}.Debug|ARM64.Build.0 = Debug|Any CPU
		{B160F0AA-6AD9-41C9-BED0-ACD19F0AD6B7}.Debug|iPhone.ActiveCfg = Debug|Any CPU
		{B160F0AA-6AD9-41C9-BED0-ACD19F0AD6B7}.Debug|iPhone.Build.0 = Debug|Any CPU
		{B160F0AA-6AD9-41C9-BED0-ACD19F0AD6B7}.Debug|iPhoneSimulator.ActiveCfg = Debug|Any CPU
		{B160F0AA-6AD9-41C9-BED0-ACD19F0AD6B7}.Debug|iPhoneSimulator.Build.0 = Debug|Any CPU
		{B160F0AA-6AD9-41C9-BED0-ACD19F0AD6B7}.Debug|x64.ActiveCfg = Debug|Any CPU
		{B160F0AA-6AD9-41C9-BED0-ACD19F0AD6B7}.Debug|x64.Build.0 = Debug|Any CPU
		{B160F0AA-6AD9-41C9-BED0-ACD19F0AD6B7}.Debug|x86.ActiveCfg = Debug|Any CPU
		{B160F0AA-6AD9-41C9-BED0-ACD19F0AD6B7}.Debug|x86.Build.0 = Debug|Any CPU
		{B160F0AA-6AD9-41C9-BED0-ACD19F0AD6B7}.Release|Any CPU.ActiveCfg = Release|Any CPU
		{B160F0AA-6AD9-41C9-BED0-ACD19F0AD6B7}.Release|Any CPU.Build.0 = Release|Any CPU
		{B160F0AA-6AD9-41C9-BED0-ACD19F0AD6B7}.Release|ARM.ActiveCfg = Release|Any CPU
		{B160F0AA-6AD9-41C9-BED0-ACD19F0AD6B7}.Release|ARM.Build.0 = Release|Any CPU
		{B160F0AA-6AD9-41C9-BED0-ACD19F0AD6B7}.Release|ARM64.ActiveCfg = Release|Any CPU
		{B160F0AA-6AD9-41C9-BED0-ACD19F0AD6B7}.Release|ARM64.Build.0 = Release|Any CPU
		{B160F0AA-6AD9-41C9-BED0-ACD19F0AD6B7}.Release|iPhone.ActiveCfg = Release|Any CPU
		{B160F0AA-6AD9-41C9-BED0-ACD19F0AD6B7}.Release|iPhone.Build.0 = Release|Any CPU
		{B160F0AA-6AD9-41C9-BED0-ACD19F0AD6B7}.Release|iPhoneSimulator.ActiveCfg = Release|Any CPU
		{B160F0AA-6AD9-41C9-BED0-ACD19F0AD6B7}.Release|iPhoneSimulator.Build.0 = Release|Any CPU
		{B160F0AA-6AD9-41C9-BED0-ACD19F0AD6B7}.Release|x64.ActiveCfg = Release|Any CPU
		{B160F0AA-6AD9-41C9-BED0-ACD19F0AD6B7}.Release|x64.Build.0 = Release|Any CPU
		{B160F0AA-6AD9-41C9-BED0-ACD19F0AD6B7}.Release|x86.ActiveCfg = Release|Any CPU
		{B160F0AA-6AD9-41C9-BED0-ACD19F0AD6B7}.Release|x86.Build.0 = Release|Any CPU
		{58FA2526-A640-4E49-A22F-7CFD7E364215}.Ad-Hoc|Any CPU.ActiveCfg = Debug|Any CPU
		{58FA2526-A640-4E49-A22F-7CFD7E364215}.Ad-Hoc|Any CPU.Build.0 = Debug|Any CPU
		{58FA2526-A640-4E49-A22F-7CFD7E364215}.Ad-Hoc|ARM.ActiveCfg = Debug|Any CPU
		{58FA2526-A640-4E49-A22F-7CFD7E364215}.Ad-Hoc|ARM.Build.0 = Debug|Any CPU
		{58FA2526-A640-4E49-A22F-7CFD7E364215}.Ad-Hoc|ARM64.ActiveCfg = Debug|Any CPU
		{58FA2526-A640-4E49-A22F-7CFD7E364215}.Ad-Hoc|ARM64.Build.0 = Debug|Any CPU
		{58FA2526-A640-4E49-A22F-7CFD7E364215}.Ad-Hoc|iPhone.ActiveCfg = Debug|Any CPU
		{58FA2526-A640-4E49-A22F-7CFD7E364215}.Ad-Hoc|iPhone.Build.0 = Debug|Any CPU
		{58FA2526-A640-4E49-A22F-7CFD7E364215}.Ad-Hoc|iPhoneSimulator.ActiveCfg = Debug|Any CPU
		{58FA2526-A640-4E49-A22F-7CFD7E364215}.Ad-Hoc|iPhoneSimulator.Build.0 = Debug|Any CPU
		{58FA2526-A640-4E49-A22F-7CFD7E364215}.Ad-Hoc|x64.ActiveCfg = Debug|Any CPU
		{58FA2526-A640-4E49-A22F-7CFD7E364215}.Ad-Hoc|x64.Build.0 = Debug|Any CPU
		{58FA2526-A640-4E49-A22F-7CFD7E364215}.Ad-Hoc|x86.ActiveCfg = Debug|Any CPU
		{58FA2526-A640-4E49-A22F-7CFD7E364215}.Ad-Hoc|x86.Build.0 = Debug|Any CPU
		{58FA2526-A640-4E49-A22F-7CFD7E364215}.AppStore|Any CPU.ActiveCfg = Debug|Any CPU
		{58FA2526-A640-4E49-A22F-7CFD7E364215}.AppStore|Any CPU.Build.0 = Debug|Any CPU
		{58FA2526-A640-4E49-A22F-7CFD7E364215}.AppStore|ARM.ActiveCfg = Debug|Any CPU
		{58FA2526-A640-4E49-A22F-7CFD7E364215}.AppStore|ARM.Build.0 = Debug|Any CPU
		{58FA2526-A640-4E49-A22F-7CFD7E364215}.AppStore|ARM64.ActiveCfg = Debug|Any CPU
		{58FA2526-A640-4E49-A22F-7CFD7E364215}.AppStore|ARM64.Build.0 = Debug|Any CPU
		{58FA2526-A640-4E49-A22F-7CFD7E364215}.AppStore|iPhone.ActiveCfg = Debug|Any CPU
		{58FA2526-A640-4E49-A22F-7CFD7E364215}.AppStore|iPhone.Build.0 = Debug|Any CPU
		{58FA2526-A640-4E49-A22F-7CFD7E364215}.AppStore|iPhoneSimulator.ActiveCfg = Debug|Any CPU
		{58FA2526-A640-4E49-A22F-7CFD7E364215}.AppStore|iPhoneSimulator.Build.0 = Debug|Any CPU
		{58FA2526-A640-4E49-A22F-7CFD7E364215}.AppStore|x64.ActiveCfg = Debug|Any CPU
		{58FA2526-A640-4E49-A22F-7CFD7E364215}.AppStore|x64.Build.0 = Debug|Any CPU
		{58FA2526-A640-4E49-A22F-7CFD7E364215}.AppStore|x86.ActiveCfg = Debug|Any CPU
		{58FA2526-A640-4E49-A22F-7CFD7E364215}.AppStore|x86.Build.0 = Debug|Any CPU
		{58FA2526-A640-4E49-A22F-7CFD7E364215}.Debug|Any CPU.ActiveCfg = Debug|Any CPU
		{58FA2526-A640-4E49-A22F-7CFD7E364215}.Debug|Any CPU.Build.0 = Debug|Any CPU
		{58FA2526-A640-4E49-A22F-7CFD7E364215}.Debug|ARM.ActiveCfg = Debug|Any CPU
		{58FA2526-A640-4E49-A22F-7CFD7E364215}.Debug|ARM.Build.0 = Debug|Any CPU
		{58FA2526-A640-4E49-A22F-7CFD7E364215}.Debug|ARM64.ActiveCfg = Debug|Any CPU
		{58FA2526-A640-4E49-A22F-7CFD7E364215}.Debug|ARM64.Build.0 = Debug|Any CPU
		{58FA2526-A640-4E49-A22F-7CFD7E364215}.Debug|iPhone.ActiveCfg = Debug|Any CPU
		{58FA2526-A640-4E49-A22F-7CFD7E364215}.Debug|iPhone.Build.0 = Debug|Any CPU
		{58FA2526-A640-4E49-A22F-7CFD7E364215}.Debug|iPhoneSimulator.ActiveCfg = Debug|Any CPU
		{58FA2526-A640-4E49-A22F-7CFD7E364215}.Debug|iPhoneSimulator.Build.0 = Debug|Any CPU
		{58FA2526-A640-4E49-A22F-7CFD7E364215}.Debug|x64.ActiveCfg = Debug|Any CPU
		{58FA2526-A640-4E49-A22F-7CFD7E364215}.Debug|x64.Build.0 = Debug|Any CPU
		{58FA2526-A640-4E49-A22F-7CFD7E364215}.Debug|x86.ActiveCfg = Debug|Any CPU
		{58FA2526-A640-4E49-A22F-7CFD7E364215}.Debug|x86.Build.0 = Debug|Any CPU
		{58FA2526-A640-4E49-A22F-7CFD7E364215}.Release|Any CPU.ActiveCfg = Release|Any CPU
		{58FA2526-A640-4E49-A22F-7CFD7E364215}.Release|Any CPU.Build.0 = Release|Any CPU
		{58FA2526-A640-4E49-A22F-7CFD7E364215}.Release|ARM.ActiveCfg = Release|Any CPU
		{58FA2526-A640-4E49-A22F-7CFD7E364215}.Release|ARM.Build.0 = Release|Any CPU
		{58FA2526-A640-4E49-A22F-7CFD7E364215}.Release|ARM64.ActiveCfg = Release|Any CPU
		{58FA2526-A640-4E49-A22F-7CFD7E364215}.Release|ARM64.Build.0 = Release|Any CPU
		{58FA2526-A640-4E49-A22F-7CFD7E364215}.Release|iPhone.ActiveCfg = Release|Any CPU
		{58FA2526-A640-4E49-A22F-7CFD7E364215}.Release|iPhone.Build.0 = Release|Any CPU
		{58FA2526-A640-4E49-A22F-7CFD7E364215}.Release|iPhoneSimulator.ActiveCfg = Release|Any CPU
		{58FA2526-A640-4E49-A22F-7CFD7E364215}.Release|iPhoneSimulator.Build.0 = Release|Any CPU
		{58FA2526-A640-4E49-A22F-7CFD7E364215}.Release|x64.ActiveCfg = Release|Any CPU
		{58FA2526-A640-4E49-A22F-7CFD7E364215}.Release|x64.Build.0 = Release|Any CPU
		{58FA2526-A640-4E49-A22F-7CFD7E364215}.Release|x86.ActiveCfg = Release|Any CPU
		{58FA2526-A640-4E49-A22F-7CFD7E364215}.Release|x86.Build.0 = Release|Any CPU
		{71E4B50E-DE7C-4008-BC1A-E61FC68D200F}.Ad-Hoc|Any CPU.ActiveCfg = Debug|Any CPU
		{71E4B50E-DE7C-4008-BC1A-E61FC68D200F}.Ad-Hoc|Any CPU.Build.0 = Debug|Any CPU
		{71E4B50E-DE7C-4008-BC1A-E61FC68D200F}.Ad-Hoc|ARM.ActiveCfg = Debug|Any CPU
		{71E4B50E-DE7C-4008-BC1A-E61FC68D200F}.Ad-Hoc|ARM.Build.0 = Debug|Any CPU
		{71E4B50E-DE7C-4008-BC1A-E61FC68D200F}.Ad-Hoc|ARM64.ActiveCfg = Debug|Any CPU
		{71E4B50E-DE7C-4008-BC1A-E61FC68D200F}.Ad-Hoc|ARM64.Build.0 = Debug|Any CPU
		{71E4B50E-DE7C-4008-BC1A-E61FC68D200F}.Ad-Hoc|iPhone.ActiveCfg = Debug|Any CPU
		{71E4B50E-DE7C-4008-BC1A-E61FC68D200F}.Ad-Hoc|iPhone.Build.0 = Debug|Any CPU
		{71E4B50E-DE7C-4008-BC1A-E61FC68D200F}.Ad-Hoc|iPhoneSimulator.ActiveCfg = Debug|Any CPU
		{71E4B50E-DE7C-4008-BC1A-E61FC68D200F}.Ad-Hoc|iPhoneSimulator.Build.0 = Debug|Any CPU
		{71E4B50E-DE7C-4008-BC1A-E61FC68D200F}.Ad-Hoc|x64.ActiveCfg = Debug|Any CPU
		{71E4B50E-DE7C-4008-BC1A-E61FC68D200F}.Ad-Hoc|x64.Build.0 = Debug|Any CPU
		{71E4B50E-DE7C-4008-BC1A-E61FC68D200F}.Ad-Hoc|x86.ActiveCfg = Debug|Any CPU
		{71E4B50E-DE7C-4008-BC1A-E61FC68D200F}.Ad-Hoc|x86.Build.0 = Debug|Any CPU
		{71E4B50E-DE7C-4008-BC1A-E61FC68D200F}.AppStore|Any CPU.ActiveCfg = Debug|Any CPU
		{71E4B50E-DE7C-4008-BC1A-E61FC68D200F}.AppStore|Any CPU.Build.0 = Debug|Any CPU
		{71E4B50E-DE7C-4008-BC1A-E61FC68D200F}.AppStore|ARM.ActiveCfg = Debug|Any CPU
		{71E4B50E-DE7C-4008-BC1A-E61FC68D200F}.AppStore|ARM.Build.0 = Debug|Any CPU
		{71E4B50E-DE7C-4008-BC1A-E61FC68D200F}.AppStore|ARM64.ActiveCfg = Debug|Any CPU
		{71E4B50E-DE7C-4008-BC1A-E61FC68D200F}.AppStore|ARM64.Build.0 = Debug|Any CPU
		{71E4B50E-DE7C-4008-BC1A-E61FC68D200F}.AppStore|iPhone.ActiveCfg = Debug|Any CPU
		{71E4B50E-DE7C-4008-BC1A-E61FC68D200F}.AppStore|iPhone.Build.0 = Debug|Any CPU
		{71E4B50E-DE7C-4008-BC1A-E61FC68D200F}.AppStore|iPhoneSimulator.ActiveCfg = Debug|Any CPU
		{71E4B50E-DE7C-4008-BC1A-E61FC68D200F}.AppStore|iPhoneSimulator.Build.0 = Debug|Any CPU
		{71E4B50E-DE7C-4008-BC1A-E61FC68D200F}.AppStore|x64.ActiveCfg = Debug|Any CPU
		{71E4B50E-DE7C-4008-BC1A-E61FC68D200F}.AppStore|x64.Build.0 = Debug|Any CPU
		{71E4B50E-DE7C-4008-BC1A-E61FC68D200F}.AppStore|x86.ActiveCfg = Debug|Any CPU
		{71E4B50E-DE7C-4008-BC1A-E61FC68D200F}.AppStore|x86.Build.0 = Debug|Any CPU
		{71E4B50E-DE7C-4008-BC1A-E61FC68D200F}.Debug|Any CPU.ActiveCfg = Debug|Any CPU
		{71E4B50E-DE7C-4008-BC1A-E61FC68D200F}.Debug|Any CPU.Build.0 = Debug|Any CPU
		{71E4B50E-DE7C-4008-BC1A-E61FC68D200F}.Debug|ARM.ActiveCfg = Debug|Any CPU
		{71E4B50E-DE7C-4008-BC1A-E61FC68D200F}.Debug|ARM.Build.0 = Debug|Any CPU
		{71E4B50E-DE7C-4008-BC1A-E61FC68D200F}.Debug|ARM64.ActiveCfg = Debug|Any CPU
		{71E4B50E-DE7C-4008-BC1A-E61FC68D200F}.Debug|ARM64.Build.0 = Debug|Any CPU
		{71E4B50E-DE7C-4008-BC1A-E61FC68D200F}.Debug|iPhone.ActiveCfg = Debug|Any CPU
		{71E4B50E-DE7C-4008-BC1A-E61FC68D200F}.Debug|iPhone.Build.0 = Debug|Any CPU
		{71E4B50E-DE7C-4008-BC1A-E61FC68D200F}.Debug|iPhoneSimulator.ActiveCfg = Debug|Any CPU
		{71E4B50E-DE7C-4008-BC1A-E61FC68D200F}.Debug|iPhoneSimulator.Build.0 = Debug|Any CPU
		{71E4B50E-DE7C-4008-BC1A-E61FC68D200F}.Debug|x64.ActiveCfg = Debug|Any CPU
		{71E4B50E-DE7C-4008-BC1A-E61FC68D200F}.Debug|x64.Build.0 = Debug|Any CPU
		{71E4B50E-DE7C-4008-BC1A-E61FC68D200F}.Debug|x86.ActiveCfg = Debug|Any CPU
		{71E4B50E-DE7C-4008-BC1A-E61FC68D200F}.Debug|x86.Build.0 = Debug|Any CPU
		{71E4B50E-DE7C-4008-BC1A-E61FC68D200F}.Release|Any CPU.ActiveCfg = Release|Any CPU
		{71E4B50E-DE7C-4008-BC1A-E61FC68D200F}.Release|Any CPU.Build.0 = Release|Any CPU
		{71E4B50E-DE7C-4008-BC1A-E61FC68D200F}.Release|ARM.ActiveCfg = Release|Any CPU
		{71E4B50E-DE7C-4008-BC1A-E61FC68D200F}.Release|ARM.Build.0 = Release|Any CPU
		{71E4B50E-DE7C-4008-BC1A-E61FC68D200F}.Release|ARM64.ActiveCfg = Release|Any CPU
		{71E4B50E-DE7C-4008-BC1A-E61FC68D200F}.Release|ARM64.Build.0 = Release|Any CPU
		{71E4B50E-DE7C-4008-BC1A-E61FC68D200F}.Release|iPhone.ActiveCfg = Release|Any CPU
		{71E4B50E-DE7C-4008-BC1A-E61FC68D200F}.Release|iPhone.Build.0 = Release|Any CPU
		{71E4B50E-DE7C-4008-BC1A-E61FC68D200F}.Release|iPhoneSimulator.ActiveCfg = Release|Any CPU
		{71E4B50E-DE7C-4008-BC1A-E61FC68D200F}.Release|iPhoneSimulator.Build.0 = Release|Any CPU
		{71E4B50E-DE7C-4008-BC1A-E61FC68D200F}.Release|x64.ActiveCfg = Release|Any CPU
		{71E4B50E-DE7C-4008-BC1A-E61FC68D200F}.Release|x64.Build.0 = Release|Any CPU
		{71E4B50E-DE7C-4008-BC1A-E61FC68D200F}.Release|x86.ActiveCfg = Release|Any CPU
		{71E4B50E-DE7C-4008-BC1A-E61FC68D200F}.Release|x86.Build.0 = Release|Any CPU
		{5E040739-77F9-47AC-8F75-333FF889BB17}.Ad-Hoc|Any CPU.ActiveCfg = Debug|Any CPU
		{5E040739-77F9-47AC-8F75-333FF889BB17}.Ad-Hoc|Any CPU.Build.0 = Debug|Any CPU
		{5E040739-77F9-47AC-8F75-333FF889BB17}.Ad-Hoc|ARM.ActiveCfg = Debug|Any CPU
		{5E040739-77F9-47AC-8F75-333FF889BB17}.Ad-Hoc|ARM.Build.0 = Debug|Any CPU
		{5E040739-77F9-47AC-8F75-333FF889BB17}.Ad-Hoc|ARM64.ActiveCfg = Debug|Any CPU
		{5E040739-77F9-47AC-8F75-333FF889BB17}.Ad-Hoc|ARM64.Build.0 = Debug|Any CPU
		{5E040739-77F9-47AC-8F75-333FF889BB17}.Ad-Hoc|iPhone.ActiveCfg = Debug|Any CPU
		{5E040739-77F9-47AC-8F75-333FF889BB17}.Ad-Hoc|iPhone.Build.0 = Debug|Any CPU
		{5E040739-77F9-47AC-8F75-333FF889BB17}.Ad-Hoc|iPhoneSimulator.ActiveCfg = Debug|Any CPU
		{5E040739-77F9-47AC-8F75-333FF889BB17}.Ad-Hoc|iPhoneSimulator.Build.0 = Debug|Any CPU
		{5E040739-77F9-47AC-8F75-333FF889BB17}.Ad-Hoc|x64.ActiveCfg = Debug|Any CPU
		{5E040739-77F9-47AC-8F75-333FF889BB17}.Ad-Hoc|x64.Build.0 = Debug|Any CPU
		{5E040739-77F9-47AC-8F75-333FF889BB17}.Ad-Hoc|x86.ActiveCfg = Debug|Any CPU
		{5E040739-77F9-47AC-8F75-333FF889BB17}.Ad-Hoc|x86.Build.0 = Debug|Any CPU
		{5E040739-77F9-47AC-8F75-333FF889BB17}.AppStore|Any CPU.ActiveCfg = Debug|Any CPU
		{5E040739-77F9-47AC-8F75-333FF889BB17}.AppStore|Any CPU.Build.0 = Debug|Any CPU
		{5E040739-77F9-47AC-8F75-333FF889BB17}.AppStore|ARM.ActiveCfg = Debug|Any CPU
		{5E040739-77F9-47AC-8F75-333FF889BB17}.AppStore|ARM.Build.0 = Debug|Any CPU
		{5E040739-77F9-47AC-8F75-333FF889BB17}.AppStore|ARM64.ActiveCfg = Debug|Any CPU
		{5E040739-77F9-47AC-8F75-333FF889BB17}.AppStore|ARM64.Build.0 = Debug|Any CPU
		{5E040739-77F9-47AC-8F75-333FF889BB17}.AppStore|iPhone.ActiveCfg = Debug|Any CPU
		{5E040739-77F9-47AC-8F75-333FF889BB17}.AppStore|iPhone.Build.0 = Debug|Any CPU
		{5E040739-77F9-47AC-8F75-333FF889BB17}.AppStore|iPhoneSimulator.ActiveCfg = Debug|Any CPU
		{5E040739-77F9-47AC-8F75-333FF889BB17}.AppStore|iPhoneSimulator.Build.0 = Debug|Any CPU
		{5E040739-77F9-47AC-8F75-333FF889BB17}.AppStore|x64.ActiveCfg = Debug|Any CPU
		{5E040739-77F9-47AC-8F75-333FF889BB17}.AppStore|x64.Build.0 = Debug|Any CPU
		{5E040739-77F9-47AC-8F75-333FF889BB17}.AppStore|x86.ActiveCfg = Debug|Any CPU
		{5E040739-77F9-47AC-8F75-333FF889BB17}.AppStore|x86.Build.0 = Debug|Any CPU
		{5E040739-77F9-47AC-8F75-333FF889BB17}.Debug|Any CPU.ActiveCfg = Debug|Any CPU
		{5E040739-77F9-47AC-8F75-333FF889BB17}.Debug|Any CPU.Build.0 = Debug|Any CPU
		{5E040739-77F9-47AC-8F75-333FF889BB17}.Debug|ARM.ActiveCfg = Debug|Any CPU
		{5E040739-77F9-47AC-8F75-333FF889BB17}.Debug|ARM.Build.0 = Debug|Any CPU
		{5E040739-77F9-47AC-8F75-333FF889BB17}.Debug|ARM64.ActiveCfg = Debug|Any CPU
		{5E040739-77F9-47AC-8F75-333FF889BB17}.Debug|ARM64.Build.0 = Debug|Any CPU
		{5E040739-77F9-47AC-8F75-333FF889BB17}.Debug|iPhone.ActiveCfg = Debug|Any CPU
		{5E040739-77F9-47AC-8F75-333FF889BB17}.Debug|iPhone.Build.0 = Debug|Any CPU
		{5E040739-77F9-47AC-8F75-333FF889BB17}.Debug|iPhoneSimulator.ActiveCfg = Debug|Any CPU
		{5E040739-77F9-47AC-8F75-333FF889BB17}.Debug|iPhoneSimulator.Build.0 = Debug|Any CPU
		{5E040739-77F9-47AC-8F75-333FF889BB17}.Debug|x64.ActiveCfg = Debug|Any CPU
		{5E040739-77F9-47AC-8F75-333FF889BB17}.Debug|x64.Build.0 = Debug|Any CPU
		{5E040739-77F9-47AC-8F75-333FF889BB17}.Debug|x86.ActiveCfg = Debug|Any CPU
		{5E040739-77F9-47AC-8F75-333FF889BB17}.Debug|x86.Build.0 = Debug|Any CPU
		{5E040739-77F9-47AC-8F75-333FF889BB17}.Release|Any CPU.ActiveCfg = Release|Any CPU
		{5E040739-77F9-47AC-8F75-333FF889BB17}.Release|Any CPU.Build.0 = Release|Any CPU
		{5E040739-77F9-47AC-8F75-333FF889BB17}.Release|ARM.ActiveCfg = Release|Any CPU
		{5E040739-77F9-47AC-8F75-333FF889BB17}.Release|ARM.Build.0 = Release|Any CPU
		{5E040739-77F9-47AC-8F75-333FF889BB17}.Release|ARM64.ActiveCfg = Release|Any CPU
		{5E040739-77F9-47AC-8F75-333FF889BB17}.Release|ARM64.Build.0 = Release|Any CPU
		{5E040739-77F9-47AC-8F75-333FF889BB17}.Release|iPhone.ActiveCfg = Release|Any CPU
		{5E040739-77F9-47AC-8F75-333FF889BB17}.Release|iPhone.Build.0 = Release|Any CPU
		{5E040739-77F9-47AC-8F75-333FF889BB17}.Release|iPhoneSimulator.ActiveCfg = Release|Any CPU
		{5E040739-77F9-47AC-8F75-333FF889BB17}.Release|iPhoneSimulator.Build.0 = Release|Any CPU
		{5E040739-77F9-47AC-8F75-333FF889BB17}.Release|x64.ActiveCfg = Release|Any CPU
		{5E040739-77F9-47AC-8F75-333FF889BB17}.Release|x64.Build.0 = Release|Any CPU
		{5E040739-77F9-47AC-8F75-333FF889BB17}.Release|x86.ActiveCfg = Release|Any CPU
		{5E040739-77F9-47AC-8F75-333FF889BB17}.Release|x86.Build.0 = Release|Any CPU
	EndGlobalSection
	GlobalSection(SolutionProperties) = preSolution
		HideSolutionNode = FALSE
	EndGlobalSection
	GlobalSection(NestedProjects) = preSolution
		{6279C845-92F8-4333-AB99-3D213163593C} = {470E3EB4-1553-40C0-9A9F-5565703909ED}
		{8AAA1C3B-D32A-4FE3-BE45-BB4982F3174C} = {470E3EB4-1553-40C0-9A9F-5565703909ED}
		{0F3C0664-BDA6-4CD0-872A-49055994D1C6} = {8AAA1C3B-D32A-4FE3-BE45-BB4982F3174C}
		{3E76A7FA-2681-42DA-9D96-2662768AC2EE} = {8AAA1C3B-D32A-4FE3-BE45-BB4982F3174C}
		{33A12B71-AC70-466D-AC01-89F38B2D5333} = {8AAA1C3B-D32A-4FE3-BE45-BB4982F3174C}
		{B91F036D-8F2F-4B05-BDEE-BDC6F0BC78C0} = {8AAA1C3B-D32A-4FE3-BE45-BB4982F3174C}
		{097BF4B3-CB50-4CA2-B7EF-92D37DA4937A} = {8AAA1C3B-D32A-4FE3-BE45-BB4982F3174C}
		{FA9DBB96-7AEB-4172-AAB3-56417FBFEBFC} = {8AAA1C3B-D32A-4FE3-BE45-BB4982F3174C}
		{B160F0AA-6AD9-41C9-BED0-ACD19F0AD6B7} = {8AAA1C3B-D32A-4FE3-BE45-BB4982F3174C}
		{58FA2526-A640-4E49-A22F-7CFD7E364215} = {8AAA1C3B-D32A-4FE3-BE45-BB4982F3174C}
		{71E4B50E-DE7C-4008-BC1A-E61FC68D200F} = {8AAA1C3B-D32A-4FE3-BE45-BB4982F3174C}
	EndGlobalSection
	GlobalSection(ExtensibilityGlobals) = postSolution
		SolutionGuid = {D7D7BDCF-1D87-48DB-BA39-2416B03D622F}
	EndGlobalSection
	GlobalSection(SharedMSBuildProjectFiles) = preSolution
		src\sample\DebugRainbowsSample\DebugRainbowsSample.Shared\DebugRainbowsSample.Shared.projitems*{097bf4b3-cb50-4ca2-b7ef-92d37da4937a}*SharedItemsImports = 4
		src\sample\DebugRainbowsSample\DebugRainbowsSample.Shared\DebugRainbowsSample.Shared.projitems*{0f3c0664-bda6-4cd0-872a-49055994d1c6}*SharedItemsImports = 4
		src\sample\DebugRainbowsSample\DebugRainbowsSample.Shared\DebugRainbowsSample.Shared.projitems*{33a12b71-ac70-466d-ac01-89f38b2d5333}*SharedItemsImports = 4
		src\sample\DebugRainbowsSample\DebugRainbowsSample.Shared\DebugRainbowsSample.Shared.projitems*{3e76a7fa-2681-42da-9d96-2662768ac2ee}*SharedItemsImports = 4
		src\sample\DebugRainbowsSample\DebugRainbowsSample.Shared\DebugRainbowsSample.Shared.projitems*{58fa2526-a640-4e49-a22f-7cfd7e364215}*SharedItemsImports = 5
		src\sample\DebugRainbowsSample\DebugRainbowsSample.Shared\DebugRainbowsSample.Shared.projitems*{6279c845-92f8-4333-ab99-3d213163593c}*SharedItemsImports = 13
		src\sample\DebugRainbowsSample\DebugRainbowsSample.Shared\DebugRainbowsSample.Shared.projitems*{b160f0aa-6ad9-41c9-bed0-acd19f0ad6b7}*SharedItemsImports = 5
		src\sample\DebugRainbowsSample\DebugRainbowsSample.Shared\DebugRainbowsSample.Shared.projitems*{b91f036d-8f2f-4b05-bdee-bdc6f0bc78c0}*SharedItemsImports = 5
		src\sample\DebugRainbowsSample\DebugRainbowsSample.Shared\DebugRainbowsSample.Shared.projitems*{fa9dbb96-7aeb-4172-aab3-56417fbfebfc}*SharedItemsImports = 5
	EndGlobalSection
EndGlobal
