
Microsoft Visual Studio Solution File, Format Version 12.00
# Visual Studio Version 16
VisualStudioVersion = 16.0.30907.101
MinimumVisualStudioVersion = 10.0.40219.1
Project("{9A19103F-16F7-4668-BE54-9A1E7A4F7556}") = "Uno.DebugRainbows", "Uno.DebugRainbows\Uno.DebugRainbows.csproj", "{CE807820-7F65-47E2-B811-12EAE82DB416}"
EndProject
Project("{2150E333-8FDC-42A3-9474-1A3956D46DE8}") = "Sample", "Sample", "{5853A076-9CCC-453F-8044-5DA043A6450C}"
EndProject
Project("{2150E333-8FDC-42A3-9474-1A3956D46DE8}") = "Platforms", "Platforms", "{62DD2681-4802-4B91-8AEE-006D9AB500D8}"
EndProject
Project("{FAE04EC0-301F-11D3-BF4B-00C04F79EFBC}") = "DebugRainbowsSample.Droid", "..\Sample\DebugRainbowsSample\DebugRainbowsSample.Droid\DebugRainbowsSample.Droid.csproj", "{4CAD0C7B-086D-4F8C-B45E-BD43B57C4969}"
EndProject
Project("{FAE04EC0-301F-11D3-BF4B-00C04F79EFBC}") = "DebugRainbowsSample.iOS", "..\Sample\DebugRainbowsSample\DebugRainbowsSample.iOS\DebugRainbowsSample.iOS.csproj", "{F2E867E6-16E8-463D-827E-31E0265BC6F3}"
EndProject
Project("{FAE04EC0-301F-11D3-BF4B-00C04F79EFBC}") = "DebugRainbowsSample.UWP", "..\Sample\DebugRainbowsSample\DebugRainbowsSample.UWP\DebugRainbowsSample.UWP.csproj", "{04FED75E-7534-4565-ADEC-4187A5FF96CC}"
EndProject
Project("{9A19103F-16F7-4668-BE54-9A1E7A4F7556}") = "DebugRainbowsSample.Wasm", "..\Sample\DebugRainbowsSample\DebugRainbowsSample.Wasm\DebugRainbowsSample.Wasm.csproj", "{7150970F-B94E-42E2-8C77-6026CB14D664}"
EndProject
Project("{FAE04EC0-301F-11D3-BF4B-00C04F79EFBC}") = "DebugRainbowsSample.macOS", "..\Sample\DebugRainbowsSample\DebugRainbowsSample.macOS\DebugRainbowsSample.macOS.csproj", "{D8D6B996-64ED-440D-9CDB-B4B685584D30}"
EndProject
Project("{9A19103F-16F7-4668-BE54-9A1E7A4F7556}") = "DebugRainbowsSample.Skia.Wpf.Host", "..\Sample\DebugRainbowsSample\DebugRainbowsSample.Skia.Wpf.Host\DebugRainbowsSample.Skia.Wpf.Host.csproj", "{83948936-4E48-434E-B493-D4FA1C9E9C2C}"
EndProject
Project("{9A19103F-16F7-4668-BE54-9A1E7A4F7556}") = "DebugRainbowsSample.Skia.Wpf", "..\Sample\DebugRainbowsSample\DebugRainbowsSample.Skia.Wpf\DebugRainbowsSample.Skia.Wpf.csproj", "{A2BE56F4-2618-4E1E-8295-C70EFD9BB908}"
EndProject
Project("{9A19103F-16F7-4668-BE54-9A1E7A4F7556}") = "DebugRainbowsSample.Skia.Gtk", "..\Sample\DebugRainbowsSample\DebugRainbowsSample.Skia.Gtk\DebugRainbowsSample.Skia.Gtk.csproj", "{4C13D004-1255-4776-9A64-1B5983046869}"
EndProject
Project("{9A19103F-16F7-4668-BE54-9A1E7A4F7556}") = "DebugRainbowsSample.Skia.Tizen", "..\Sample\DebugRainbowsSample\DebugRainbowsSample.Skia.Tizen\DebugRainbowsSample.Skia.Tizen.csproj", "{944EE177-2BAC-4505-8941-624AA7D73F0C}"
EndProject
Project("{D954291E-2A0B-460D-934E-DC6B0785DB48}") = "DebugRainbowsSample.Shared", "..\Sample\DebugRainbowsSample\DebugRainbowsSample.Shared\DebugRainbowsSample.Shared.shproj", "{6279C845-92F8-4333-AB99-3D213163593C}"
EndProject
Global
	GlobalSection(SharedMSBuildProjectFiles) = preSolution
		..\Sample\DebugRainbowsSample\DebugRainbowsSample.Shared\DebugRainbowsSample.Shared.projitems*{04fed75e-7534-4565-adec-4187a5ff96cc}*SharedItemsImports = 4
		..\Sample\DebugRainbowsSample\DebugRainbowsSample.Shared\DebugRainbowsSample.Shared.projitems*{4c13d004-1255-4776-9a64-1b5983046869}*SharedItemsImports = 5
		..\Sample\DebugRainbowsSample\DebugRainbowsSample.Shared\DebugRainbowsSample.Shared.projitems*{4cad0c7b-086d-4f8c-b45e-bd43b57c4969}*SharedItemsImports = 4
		..\Sample\DebugRainbowsSample\DebugRainbowsSample.Shared\DebugRainbowsSample.Shared.projitems*{6279c845-92f8-4333-ab99-3d213163593c}*SharedItemsImports = 13
		..\Sample\DebugRainbowsSample\DebugRainbowsSample.Shared\DebugRainbowsSample.Shared.projitems*{7150970f-b94e-42e2-8c77-6026cb14d664}*SharedItemsImports = 5
		..\Sample\DebugRainbowsSample\DebugRainbowsSample.Shared\DebugRainbowsSample.Shared.projitems*{944ee177-2bac-4505-8941-624aa7d73f0c}*SharedItemsImports = 5
		..\Sample\DebugRainbowsSample\DebugRainbowsSample.Shared\DebugRainbowsSample.Shared.projitems*{a2be56f4-2618-4e1e-8295-c70efd9bb908}*SharedItemsImports = 5
		..\Sample\DebugRainbowsSample\DebugRainbowsSample.Shared\DebugRainbowsSample.Shared.projitems*{d8d6b996-64ed-440d-9cdb-b4b685584d30}*SharedItemsImports = 4
		..\Sample\DebugRainbowsSample\DebugRainbowsSample.Shared\DebugRainbowsSample.Shared.projitems*{f2e867e6-16e8-463d-827e-31e0265bc6f3}*SharedItemsImports = 4
	EndGlobalSection
	GlobalSection(SolutionConfigurationPlatforms) = preSolution
		Ad-Hoc|Any CPU = Ad-Hoc|Any CPU
		Ad-Hoc|ARM = Ad-Hoc|ARM
		Ad-Hoc|ARM64 = Ad-Hoc|ARM64
		Ad-Hoc|iPhone = Ad-Hoc|iPhone
		Ad-Hoc|iPhoneSimulator = Ad-Hoc|iPhoneSimulator
		Ad-Hoc|x64 = Ad-Hoc|x64
		Ad-Hoc|x86 = Ad-Hoc|x86
		AppStore|Any CPU = AppStore|Any CPU
		AppStore|ARM = AppStore|ARM
		AppStore|ARM64 = AppStore|ARM64
		AppStore|iPhone = AppStore|iPhone
		AppStore|iPhoneSimulator = AppStore|iPhoneSimulator
		AppStore|x64 = AppStore|x64
		AppStore|x86 = AppStore|x86
		Debug|Any CPU = Debug|Any CPU
		Debug|ARM = Debug|ARM
		Debug|ARM64 = Debug|ARM64
		Debug|iPhone = Debug|iPhone
		Debug|iPhoneSimulator = Debug|iPhoneSimulator
		Debug|x64 = Debug|x64
		Debug|x86 = Debug|x86
		Release|Any CPU = Release|Any CPU
		Release|ARM = Release|ARM
		Release|ARM64 = Release|ARM64
		Release|iPhone = Release|iPhone
		Release|iPhoneSimulator = Release|iPhoneSimulator
		Release|x64 = Release|x64
		Release|x86 = Release|x86
	EndGlobalSection
	GlobalSection(ProjectConfigurationPlatforms) = postSolution
		{CE807820-7F65-47E2-B811-12EAE82DB416}.Ad-Hoc|Any CPU.ActiveCfg = Debug|Any CPU
		{CE807820-7F65-47E2-B811-12EAE82DB416}.Ad-Hoc|Any CPU.Build.0 = Debug|Any CPU
		{CE807820-7F65-47E2-B811-12EAE82DB416}.Ad-Hoc|ARM.ActiveCfg = Debug|Any CPU
		{CE807820-7F65-47E2-B811-12EAE82DB416}.Ad-Hoc|ARM.Build.0 = Debug|Any CPU
		{CE807820-7F65-47E2-B811-12EAE82DB416}.Ad-Hoc|ARM64.ActiveCfg = Debug|Any CPU
		{CE807820-7F65-47E2-B811-12EAE82DB416}.Ad-Hoc|ARM64.Build.0 = Debug|Any CPU
		{CE807820-7F65-47E2-B811-12EAE82DB416}.Ad-Hoc|iPhone.ActiveCfg = Debug|Any CPU
		{CE807820-7F65-47E2-B811-12EAE82DB416}.Ad-Hoc|iPhone.Build.0 = Debug|Any CPU
		{CE807820-7F65-47E2-B811-12EAE82DB416}.Ad-Hoc|iPhoneSimulator.ActiveCfg = Debug|Any CPU
		{CE807820-7F65-47E2-B811-12EAE82DB416}.Ad-Hoc|iPhoneSimulator.Build.0 = Debug|Any CPU
		{CE807820-7F65-47E2-B811-12EAE82DB416}.Ad-Hoc|x64.ActiveCfg = Debug|Any CPU
		{CE807820-7F65-47E2-B811-12EAE82DB416}.Ad-Hoc|x64.Build.0 = Debug|Any CPU
		{CE807820-7F65-47E2-B811-12EAE82DB416}.Ad-Hoc|x86.ActiveCfg = Debug|Any CPU
		{CE807820-7F65-47E2-B811-12EAE82DB416}.Ad-Hoc|x86.Build.0 = Debug|Any CPU
		{CE807820-7F65-47E2-B811-12EAE82DB416}.AppStore|Any CPU.ActiveCfg = Debug|Any CPU
		{CE807820-7F65-47E2-B811-12EAE82DB416}.AppStore|Any CPU.Build.0 = Debug|Any CPU
		{CE807820-7F65-47E2-B811-12EAE82DB416}.AppStore|ARM.ActiveCfg = Debug|Any CPU
		{CE807820-7F65-47E2-B811-12EAE82DB416}.AppStore|ARM.Build.0 = Debug|Any CPU
		{CE807820-7F65-47E2-B811-12EAE82DB416}.AppStore|ARM64.ActiveCfg = Debug|Any CPU
		{CE807820-7F65-47E2-B811-12EAE82DB416}.AppStore|ARM64.Build.0 = Debug|Any CPU
		{CE807820-7F65-47E2-B811-12EAE82DB416}.AppStore|iPhone.ActiveCfg = Debug|Any CPU
		{CE807820-7F65-47E2-B811-12EAE82DB416}.AppStore|iPhone.Build.0 = Debug|Any CPU
		{CE807820-7F65-47E2-B811-12EAE82DB416}.AppStore|iPhoneSimulator.ActiveCfg = Debug|Any CPU
		{CE807820-7F65-47E2-B811-12EAE82DB416}.AppStore|iPhoneSimulator.Build.0 = Debug|Any CPU
		{CE807820-7F65-47E2-B811-12EAE82DB416}.AppStore|x64.ActiveCfg = Debug|Any CPU
		{CE807820-7F65-47E2-B811-12EAE82DB416}.AppStore|x64.Build.0 = Debug|Any CPU
		{CE807820-7F65-47E2-B811-12EAE82DB416}.AppStore|x86.ActiveCfg = Debug|Any CPU
		{CE807820-7F65-47E2-B811-12EAE82DB416}.AppStore|x86.Build.0 = Debug|Any CPU
		{CE807820-7F65-47E2-B811-12EAE82DB416}.Debug|Any CPU.ActiveCfg = Debug|Any CPU
		{CE807820-7F65-47E2-B811-12EAE82DB416}.Debug|Any CPU.Build.0 = Debug|Any CPU
		{CE807820-7F65-47E2-B811-12EAE82DB416}.Debug|ARM.ActiveCfg = Debug|Any CPU
		{CE807820-7F65-47E2-B811-12EAE82DB416}.Debug|ARM.Build.0 = Debug|Any CPU
		{CE807820-7F65-47E2-B811-12EAE82DB416}.Debug|ARM64.ActiveCfg = Debug|Any CPU
		{CE807820-7F65-47E2-B811-12EAE82DB416}.Debug|ARM64.Build.0 = Debug|Any CPU
		{CE807820-7F65-47E2-B811-12EAE82DB416}.Debug|iPhone.ActiveCfg = Debug|Any CPU
		{CE807820-7F65-47E2-B811-12EAE82DB416}.Debug|iPhone.Build.0 = Debug|Any CPU
		{CE807820-7F65-47E2-B811-12EAE82DB416}.Debug|iPhoneSimulator.ActiveCfg = Debug|Any CPU
		{CE807820-7F65-47E2-B811-12EAE82DB416}.Debug|iPhoneSimulator.Build.0 = Debug|Any CPU
		{CE807820-7F65-47E2-B811-12EAE82DB416}.Debug|x64.ActiveCfg = Debug|Any CPU
		{CE807820-7F65-47E2-B811-12EAE82DB416}.Debug|x64.Build.0 = Debug|Any CPU
		{CE807820-7F65-47E2-B811-12EAE82DB416}.Debug|x86.ActiveCfg = Debug|Any CPU
		{CE807820-7F65-47E2-B811-12EAE82DB416}.Debug|x86.Build.0 = Debug|Any CPU
		{CE807820-7F65-47E2-B811-12EAE82DB416}.Release|Any CPU.ActiveCfg = Release|Any CPU
		{CE807820-7F65-47E2-B811-12EAE82DB416}.Release|Any CPU.Build.0 = Release|Any CPU
		{CE807820-7F65-47E2-B811-12EAE82DB416}.Release|ARM.ActiveCfg = Release|Any CPU
		{CE807820-7F65-47E2-B811-12EAE82DB416}.Release|ARM.Build.0 = Release|Any CPU
		{CE807820-7F65-47E2-B811-12EAE82DB416}.Release|ARM64.ActiveCfg = Release|Any CPU
		{CE807820-7F65-47E2-B811-12EAE82DB416}.Release|ARM64.Build.0 = Release|Any CPU
		{CE807820-7F65-47E2-B811-12EAE82DB416}.Release|iPhone.ActiveCfg = Release|Any CPU
		{CE807820-7F65-47E2-B811-12EAE82DB416}.Release|iPhone.Build.0 = Release|Any CPU
		{CE807820-7F65-47E2-B811-12EAE82DB416}.Release|iPhoneSimulator.ActiveCfg = Release|Any CPU
		{CE807820-7F65-47E2-B811-12EAE82DB416}.Release|iPhoneSimulator.Build.0 = Release|Any CPU
		{CE807820-7F65-47E2-B811-12EAE82DB416}.Release|x64.ActiveCfg = Release|Any CPU
		{CE807820-7F65-47E2-B811-12EAE82DB416}.Release|x64.Build.0 = Release|Any CPU
		{CE807820-7F65-47E2-B811-12EAE82DB416}.Release|x86.ActiveCfg = Release|Any CPU
		{CE807820-7F65-47E2-B811-12EAE82DB416}.Release|x86.Build.0 = Release|Any CPU
		{4CAD0C7B-086D-4F8C-B45E-BD43B57C4969}.Ad-Hoc|Any CPU.ActiveCfg = Debug|Any CPU
		{4CAD0C7B-086D-4F8C-B45E-BD43B57C4969}.Ad-Hoc|Any CPU.Build.0 = Debug|Any CPU
		{4CAD0C7B-086D-4F8C-B45E-BD43B57C4969}.Ad-Hoc|Any CPU.Deploy.0 = Debug|Any CPU
		{4CAD0C7B-086D-4F8C-B45E-BD43B57C4969}.Ad-Hoc|ARM.ActiveCfg = Debug|Any CPU
		{4CAD0C7B-086D-4F8C-B45E-BD43B57C4969}.Ad-Hoc|ARM.Build.0 = Debug|Any CPU
		{4CAD0C7B-086D-4F8C-B45E-BD43B57C4969}.Ad-Hoc|ARM.Deploy.0 = Debug|Any CPU
		{4CAD0C7B-086D-4F8C-B45E-BD43B57C4969}.Ad-Hoc|ARM64.ActiveCfg = Debug|Any CPU
		{4CAD0C7B-086D-4F8C-B45E-BD43B57C4969}.Ad-Hoc|ARM64.Build.0 = Debug|Any CPU
		{4CAD0C7B-086D-4F8C-B45E-BD43B57C4969}.Ad-Hoc|ARM64.Deploy.0 = Debug|Any CPU
		{4CAD0C7B-086D-4F8C-B45E-BD43B57C4969}.Ad-Hoc|iPhone.ActiveCfg = Debug|Any CPU
		{4CAD0C7B-086D-4F8C-B45E-BD43B57C4969}.Ad-Hoc|iPhone.Build.0 = Debug|Any CPU
		{4CAD0C7B-086D-4F8C-B45E-BD43B57C4969}.Ad-Hoc|iPhone.Deploy.0 = Debug|Any CPU
		{4CAD0C7B-086D-4F8C-B45E-BD43B57C4969}.Ad-Hoc|iPhoneSimulator.ActiveCfg = Debug|Any CPU
		{4CAD0C7B-086D-4F8C-B45E-BD43B57C4969}.Ad-Hoc|iPhoneSimulator.Build.0 = Debug|Any CPU
		{4CAD0C7B-086D-4F8C-B45E-BD43B57C4969}.Ad-Hoc|iPhoneSimulator.Deploy.0 = Debug|Any CPU
		{4CAD0C7B-086D-4F8C-B45E-BD43B57C4969}.Ad-Hoc|x64.ActiveCfg = Debug|Any CPU
		{4CAD0C7B-086D-4F8C-B45E-BD43B57C4969}.Ad-Hoc|x64.Build.0 = Debug|Any CPU
		{4CAD0C7B-086D-4F8C-B45E-BD43B57C4969}.Ad-Hoc|x64.Deploy.0 = Debug|Any CPU
		{4CAD0C7B-086D-4F8C-B45E-BD43B57C4969}.Ad-Hoc|x86.ActiveCfg = Debug|Any CPU
		{4CAD0C7B-086D-4F8C-B45E-BD43B57C4969}.Ad-Hoc|x86.Build.0 = Debug|Any CPU
		{4CAD0C7B-086D-4F8C-B45E-BD43B57C4969}.Ad-Hoc|x86.Deploy.0 = Debug|Any CPU
		{4CAD0C7B-086D-4F8C-B45E-BD43B57C4969}.AppStore|Any CPU.ActiveCfg = Debug|Any CPU
		{4CAD0C7B-086D-4F8C-B45E-BD43B57C4969}.AppStore|Any CPU.Build.0 = Debug|Any CPU
		{4CAD0C7B-086D-4F8C-B45E-BD43B57C4969}.AppStore|Any CPU.Deploy.0 = Debug|Any CPU
		{4CAD0C7B-086D-4F8C-B45E-BD43B57C4969}.AppStore|ARM.ActiveCfg = Debug|Any CPU
		{4CAD0C7B-086D-4F8C-B45E-BD43B57C4969}.AppStore|ARM.Build.0 = Debug|Any CPU
		{4CAD0C7B-086D-4F8C-B45E-BD43B57C4969}.AppStore|ARM.Deploy.0 = Debug|Any CPU
		{4CAD0C7B-086D-4F8C-B45E-BD43B57C4969}.AppStore|ARM64.ActiveCfg = Debug|Any CPU
		{4CAD0C7B-086D-4F8C-B45E-BD43B57C4969}.AppStore|ARM64.Build.0 = Debug|Any CPU
		{4CAD0C7B-086D-4F8C-B45E-BD43B57C4969}.AppStore|ARM64.Deploy.0 = Debug|Any CPU
		{4CAD0C7B-086D-4F8C-B45E-BD43B57C4969}.AppStore|iPhone.ActiveCfg = Debug|Any CPU
		{4CAD0C7B-086D-4F8C-B45E-BD43B57C4969}.AppStore|iPhone.Build.0 = Debug|Any CPU
		{4CAD0C7B-086D-4F8C-B45E-BD43B57C4969}.AppStore|iPhone.Deploy.0 = Debug|Any CPU
		{4CAD0C7B-086D-4F8C-B45E-BD43B57C4969}.AppStore|iPhoneSimulator.ActiveCfg = Debug|Any CPU
		{4CAD0C7B-086D-4F8C-B45E-BD43B57C4969}.AppStore|iPhoneSimulator.Build.0 = Debug|Any CPU
		{4CAD0C7B-086D-4F8C-B45E-BD43B57C4969}.AppStore|iPhoneSimulator.Deploy.0 = Debug|Any CPU
		{4CAD0C7B-086D-4F8C-B45E-BD43B57C4969}.AppStore|x64.ActiveCfg = Debug|Any CPU
		{4CAD0C7B-086D-4F8C-B45E-BD43B57C4969}.AppStore|x64.Build.0 = Debug|Any CPU
		{4CAD0C7B-086D-4F8C-B45E-BD43B57C4969}.AppStore|x64.Deploy.0 = Debug|Any CPU
		{4CAD0C7B-086D-4F8C-B45E-BD43B57C4969}.AppStore|x86.ActiveCfg = Debug|Any CPU
		{4CAD0C7B-086D-4F8C-B45E-BD43B57C4969}.AppStore|x86.Build.0 = Debug|Any CPU
		{4CAD0C7B-086D-4F8C-B45E-BD43B57C4969}.AppStore|x86.Deploy.0 = Debug|Any CPU
		{4CAD0C7B-086D-4F8C-B45E-BD43B57C4969}.Debug|Any CPU.ActiveCfg = Debug|Any CPU
		{4CAD0C7B-086D-4F8C-B45E-BD43B57C4969}.Debug|Any CPU.Build.0 = Debug|Any CPU
		{4CAD0C7B-086D-4F8C-B45E-BD43B57C4969}.Debug|Any CPU.Deploy.0 = Debug|Any CPU
		{4CAD0C7B-086D-4F8C-B45E-BD43B57C4969}.Debug|ARM.ActiveCfg = Debug|Any CPU
		{4CAD0C7B-086D-4F8C-B45E-BD43B57C4969}.Debug|ARM.Build.0 = Debug|Any CPU
		{4CAD0C7B-086D-4F8C-B45E-BD43B57C4969}.Debug|ARM.Deploy.0 = Debug|Any CPU
		{4CAD0C7B-086D-4F8C-B45E-BD43B57C4969}.Debug|ARM64.ActiveCfg = Debug|Any CPU
		{4CAD0C7B-086D-4F8C-B45E-BD43B57C4969}.Debug|ARM64.Build.0 = Debug|Any CPU
		{4CAD0C7B-086D-4F8C-B45E-BD43B57C4969}.Debug|ARM64.Deploy.0 = Debug|Any CPU
		{4CAD0C7B-086D-4F8C-B45E-BD43B57C4969}.Debug|iPhone.ActiveCfg = Debug|Any CPU
		{4CAD0C7B-086D-4F8C-B45E-BD43B57C4969}.Debug|iPhone.Build.0 = Debug|Any CPU
		{4CAD0C7B-086D-4F8C-B45E-BD43B57C4969}.Debug|iPhone.Deploy.0 = Debug|Any CPU
		{4CAD0C7B-086D-4F8C-B45E-BD43B57C4969}.Debug|iPhoneSimulator.ActiveCfg = Debug|Any CPU
		{4CAD0C7B-086D-4F8C-B45E-BD43B57C4969}.Debug|iPhoneSimulator.Build.0 = Debug|Any CPU
		{4CAD0C7B-086D-4F8C-B45E-BD43B57C4969}.Debug|iPhoneSimulator.Deploy.0 = Debug|Any CPU
		{4CAD0C7B-086D-4F8C-B45E-BD43B57C4969}.Debug|x64.ActiveCfg = Debug|Any CPU
		{4CAD0C7B-086D-4F8C-B45E-BD43B57C4969}.Debug|x64.Build.0 = Debug|Any CPU
		{4CAD0C7B-086D-4F8C-B45E-BD43B57C4969}.Debug|x64.Deploy.0 = Debug|Any CPU
		{4CAD0C7B-086D-4F8C-B45E-BD43B57C4969}.Debug|x86.ActiveCfg = Debug|Any CPU
		{4CAD0C7B-086D-4F8C-B45E-BD43B57C4969}.Debug|x86.Build.0 = Debug|Any CPU
		{4CAD0C7B-086D-4F8C-B45E-BD43B57C4969}.Debug|x86.Deploy.0 = Debug|Any CPU
		{4CAD0C7B-086D-4F8C-B45E-BD43B57C4969}.Release|Any CPU.ActiveCfg = Release|Any CPU
		{4CAD0C7B-086D-4F8C-B45E-BD43B57C4969}.Release|Any CPU.Build.0 = Release|Any CPU
		{4CAD0C7B-086D-4F8C-B45E-BD43B57C4969}.Release|Any CPU.Deploy.0 = Release|Any CPU
		{4CAD0C7B-086D-4F8C-B45E-BD43B57C4969}.Release|ARM.ActiveCfg = Release|Any CPU
		{4CAD0C7B-086D-4F8C-B45E-BD43B57C4969}.Release|ARM.Build.0 = Release|Any CPU
		{4CAD0C7B-086D-4F8C-B45E-BD43B57C4969}.Release|ARM.Deploy.0 = Release|Any CPU
		{4CAD0C7B-086D-4F8C-B45E-BD43B57C4969}.Release|ARM64.ActiveCfg = Release|Any CPU
		{4CAD0C7B-086D-4F8C-B45E-BD43B57C4969}.Release|ARM64.Build.0 = Release|Any CPU
		{4CAD0C7B-086D-4F8C-B45E-BD43B57C4969}.Release|ARM64.Deploy.0 = Release|Any CPU
		{4CAD0C7B-086D-4F8C-B45E-BD43B57C4969}.Release|iPhone.ActiveCfg = Release|Any CPU
		{4CAD0C7B-086D-4F8C-B45E-BD43B57C4969}.Release|iPhone.Build.0 = Release|Any CPU
		{4CAD0C7B-086D-4F8C-B45E-BD43B57C4969}.Release|iPhone.Deploy.0 = Release|Any CPU
		{4CAD0C7B-086D-4F8C-B45E-BD43B57C4969}.Release|iPhoneSimulator.ActiveCfg = Release|Any CPU
		{4CAD0C7B-086D-4F8C-B45E-BD43B57C4969}.Release|iPhoneSimulator.Build.0 = Release|Any CPU
		{4CAD0C7B-086D-4F8C-B45E-BD43B57C4969}.Release|iPhoneSimulator.Deploy.0 = Release|Any CPU
		{4CAD0C7B-086D-4F8C-B45E-BD43B57C4969}.Release|x64.ActiveCfg = Release|Any CPU
		{4CAD0C7B-086D-4F8C-B45E-BD43B57C4969}.Release|x64.Build.0 = Release|Any CPU
		{4CAD0C7B-086D-4F8C-B45E-BD43B57C4969}.Release|x64.Deploy.0 = Release|Any CPU
		{4CAD0C7B-086D-4F8C-B45E-BD43B57C4969}.Release|x86.ActiveCfg = Release|Any CPU
		{4CAD0C7B-086D-4F8C-B45E-BD43B57C4969}.Release|x86.Build.0 = Release|Any CPU
		{4CAD0C7B-086D-4F8C-B45E-BD43B57C4969}.Release|x86.Deploy.0 = Release|Any CPU
		{F2E867E6-16E8-463D-827E-31E0265BC6F3}.Ad-Hoc|Any CPU.ActiveCfg = Ad-Hoc|iPhoneSimulator
		{F2E867E6-16E8-463D-827E-31E0265BC6F3}.Ad-Hoc|ARM.ActiveCfg = Ad-Hoc|iPhoneSimulator
		{F2E867E6-16E8-463D-827E-31E0265BC6F3}.Ad-Hoc|ARM64.ActiveCfg = Ad-Hoc|iPhoneSimulator
		{F2E867E6-16E8-463D-827E-31E0265BC6F3}.Ad-Hoc|iPhone.ActiveCfg = Ad-Hoc|iPhone
		{F2E867E6-16E8-463D-827E-31E0265BC6F3}.Ad-Hoc|iPhone.Build.0 = Ad-Hoc|iPhone
		{F2E867E6-16E8-463D-827E-31E0265BC6F3}.Ad-Hoc|iPhoneSimulator.ActiveCfg = Ad-Hoc|iPhoneSimulator
		{F2E867E6-16E8-463D-827E-31E0265BC6F3}.Ad-Hoc|iPhoneSimulator.Build.0 = Ad-Hoc|iPhoneSimulator
		{F2E867E6-16E8-463D-827E-31E0265BC6F3}.Ad-Hoc|x64.ActiveCfg = Ad-Hoc|iPhoneSimulator
		{F2E867E6-16E8-463D-827E-31E0265BC6F3}.Ad-Hoc|x86.ActiveCfg = Ad-Hoc|iPhoneSimulator
		{F2E867E6-16E8-463D-827E-31E0265BC6F3}.AppStore|Any CPU.ActiveCfg = AppStore|iPhoneSimulator
		{F2E867E6-16E8-463D-827E-31E0265BC6F3}.AppStore|ARM.ActiveCfg = AppStore|iPhoneSimulator
		{F2E867E6-16E8-463D-827E-31E0265BC6F3}.AppStore|ARM64.ActiveCfg = AppStore|iPhoneSimulator
		{F2E867E6-16E8-463D-827E-31E0265BC6F3}.AppStore|iPhone.ActiveCfg = AppStore|iPhone
		{F2E867E6-16E8-463D-827E-31E0265BC6F3}.AppStore|iPhone.Build.0 = AppStore|iPhone
		{F2E867E6-16E8-463D-827E-31E0265BC6F3}.AppStore|iPhoneSimulator.ActiveCfg = AppStore|iPhoneSimulator
		{F2E867E6-16E8-463D-827E-31E0265BC6F3}.AppStore|iPhoneSimulator.Build.0 = AppStore|iPhoneSimulator
		{F2E867E6-16E8-463D-827E-31E0265BC6F3}.AppStore|x64.ActiveCfg = AppStore|iPhoneSimulator
		{F2E867E6-16E8-463D-827E-31E0265BC6F3}.AppStore|x86.ActiveCfg = AppStore|iPhoneSimulator
		{F2E867E6-16E8-463D-827E-31E0265BC6F3}.Debug|Any CPU.ActiveCfg = Debug|iPhoneSimulator
		{F2E867E6-16E8-463D-827E-31E0265BC6F3}.Debug|ARM.ActiveCfg = Debug|iPhoneSimulator
		{F2E867E6-16E8-463D-827E-31E0265BC6F3}.Debug|ARM64.ActiveCfg = Debug|iPhoneSimulator
		{F2E867E6-16E8-463D-827E-31E0265BC6F3}.Debug|iPhone.ActiveCfg = Debug|iPhone
		{F2E867E6-16E8-463D-827E-31E0265BC6F3}.Debug|iPhone.Build.0 = Debug|iPhone
		{F2E867E6-16E8-463D-827E-31E0265BC6F3}.Debug|iPhoneSimulator.ActiveCfg = Debug|iPhoneSimulator
		{F2E867E6-16E8-463D-827E-31E0265BC6F3}.Debug|iPhoneSimulator.Build.0 = Debug|iPhoneSimulator
		{F2E867E6-16E8-463D-827E-31E0265BC6F3}.Debug|x64.ActiveCfg = Debug|iPhoneSimulator
		{F2E867E6-16E8-463D-827E-31E0265BC6F3}.Debug|x86.ActiveCfg = Debug|iPhoneSimulator
		{F2E867E6-16E8-463D-827E-31E0265BC6F3}.Release|Any CPU.ActiveCfg = Release|iPhoneSimulator
		{F2E867E6-16E8-463D-827E-31E0265BC6F3}.Release|ARM.ActiveCfg = Release|iPhoneSimulator
		{F2E867E6-16E8-463D-827E-31E0265BC6F3}.Release|ARM64.ActiveCfg = Release|iPhoneSimulator
		{F2E867E6-16E8-463D-827E-31E0265BC6F3}.Release|iPhone.ActiveCfg = Release|iPhone
		{F2E867E6-16E8-463D-827E-31E0265BC6F3}.Release|iPhone.Build.0 = Release|iPhone
		{F2E867E6-16E8-463D-827E-31E0265BC6F3}.Release|iPhoneSimulator.ActiveCfg = Release|iPhoneSimulator
		{F2E867E6-16E8-463D-827E-31E0265BC6F3}.Release|iPhoneSimulator.Build.0 = Release|iPhoneSimulator
		{F2E867E6-16E8-463D-827E-31E0265BC6F3}.Release|x64.ActiveCfg = Release|iPhoneSimulator
		{F2E867E6-16E8-463D-827E-31E0265BC6F3}.Release|x86.ActiveCfg = Release|iPhoneSimulator
		{04FED75E-7534-4565-ADEC-4187A5FF96CC}.Ad-Hoc|Any CPU.ActiveCfg = Debug|x86
		{04FED75E-7534-4565-ADEC-4187A5FF96CC}.Ad-Hoc|Any CPU.Build.0 = Debug|x86
		{04FED75E-7534-4565-ADEC-4187A5FF96CC}.Ad-Hoc|Any CPU.Deploy.0 = Debug|x86
		{04FED75E-7534-4565-ADEC-4187A5FF96CC}.Ad-Hoc|ARM.ActiveCfg = Debug|ARM
		{04FED75E-7534-4565-ADEC-4187A5FF96CC}.Ad-Hoc|ARM.Build.0 = Debug|ARM
		{04FED75E-7534-4565-ADEC-4187A5FF96CC}.Ad-Hoc|ARM.Deploy.0 = Debug|ARM
		{04FED75E-7534-4565-ADEC-4187A5FF96CC}.Ad-Hoc|ARM64.ActiveCfg = Debug|ARM64
		{04FED75E-7534-4565-ADEC-4187A5FF96CC}.Ad-Hoc|ARM64.Build.0 = Debug|ARM64
		{04FED75E-7534-4565-ADEC-4187A5FF96CC}.Ad-Hoc|ARM64.Deploy.0 = Debug|ARM64
		{04FED75E-7534-4565-ADEC-4187A5FF96CC}.Ad-Hoc|iPhone.ActiveCfg = Debug|x86
		{04FED75E-7534-4565-ADEC-4187A5FF96CC}.Ad-Hoc|iPhone.Build.0 = Debug|x86
		{04FED75E-7534-4565-ADEC-4187A5FF96CC}.Ad-Hoc|iPhone.Deploy.0 = Debug|x86
		{04FED75E-7534-4565-ADEC-4187A5FF96CC}.Ad-Hoc|iPhoneSimulator.ActiveCfg = Debug|x86
		{04FED75E-7534-4565-ADEC-4187A5FF96CC}.Ad-Hoc|iPhoneSimulator.Build.0 = Debug|x86
		{04FED75E-7534-4565-ADEC-4187A5FF96CC}.Ad-Hoc|iPhoneSimulator.Deploy.0 = Debug|x86
		{04FED75E-7534-4565-ADEC-4187A5FF96CC}.Ad-Hoc|x64.ActiveCfg = Debug|x64
		{04FED75E-7534-4565-ADEC-4187A5FF96CC}.Ad-Hoc|x64.Build.0 = Debug|x64
		{04FED75E-7534-4565-ADEC-4187A5FF96CC}.Ad-Hoc|x64.Deploy.0 = Debug|x64
		{04FED75E-7534-4565-ADEC-4187A5FF96CC}.Ad-Hoc|x86.ActiveCfg = Debug|x86
		{04FED75E-7534-4565-ADEC-4187A5FF96CC}.Ad-Hoc|x86.Build.0 = Debug|x86
		{04FED75E-7534-4565-ADEC-4187A5FF96CC}.Ad-Hoc|x86.Deploy.0 = Debug|x86
		{04FED75E-7534-4565-ADEC-4187A5FF96CC}.AppStore|Any CPU.ActiveCfg = Debug|x86
		{04FED75E-7534-4565-ADEC-4187A5FF96CC}.AppStore|Any CPU.Build.0 = Debug|x86
		{04FED75E-7534-4565-ADEC-4187A5FF96CC}.AppStore|Any CPU.Deploy.0 = Debug|x86
		{04FED75E-7534-4565-ADEC-4187A5FF96CC}.AppStore|ARM.ActiveCfg = Debug|ARM
		{04FED75E-7534-4565-ADEC-4187A5FF96CC}.AppStore|ARM.Build.0 = Debug|ARM
		{04FED75E-7534-4565-ADEC-4187A5FF96CC}.AppStore|ARM.Deploy.0 = Debug|ARM
		{04FED75E-7534-4565-ADEC-4187A5FF96CC}.AppStore|ARM64.ActiveCfg = Debug|ARM64
		{04FED75E-7534-4565-ADEC-4187A5FF96CC}.AppStore|ARM64.Build.0 = Debug|ARM64
		{04FED75E-7534-4565-ADEC-4187A5FF96CC}.AppStore|ARM64.Deploy.0 = Debug|ARM64
		{04FED75E-7534-4565-ADEC-4187A5FF96CC}.AppStore|iPhone.ActiveCfg = Debug|x86
		{04FED75E-7534-4565-ADEC-4187A5FF96CC}.AppStore|iPhone.Build.0 = Debug|x86
		{04FED75E-7534-4565-ADEC-4187A5FF96CC}.AppStore|iPhone.Deploy.0 = Debug|x86
		{04FED75E-7534-4565-ADEC-4187A5FF96CC}.AppStore|iPhoneSimulator.ActiveCfg = Debug|x86
		{04FED75E-7534-4565-ADEC-4187A5FF96CC}.AppStore|iPhoneSimulator.Build.0 = Debug|x86
		{04FED75E-7534-4565-ADEC-4187A5FF96CC}.AppStore|iPhoneSimulator.Deploy.0 = Debug|x86
		{04FED75E-7534-4565-ADEC-4187A5FF96CC}.AppStore|x64.ActiveCfg = Debug|x64
		{04FED75E-7534-4565-ADEC-4187A5FF96CC}.AppStore|x64.Build.0 = Debug|x64
		{04FED75E-7534-4565-ADEC-4187A5FF96CC}.AppStore|x64.Deploy.0 = Debug|x64
		{04FED75E-7534-4565-ADEC-4187A5FF96CC}.AppStore|x86.ActiveCfg = Debug|x86
		{04FED75E-7534-4565-ADEC-4187A5FF96CC}.AppStore|x86.Build.0 = Debug|x86
		{04FED75E-7534-4565-ADEC-4187A5FF96CC}.AppStore|x86.Deploy.0 = Debug|x86
		{04FED75E-7534-4565-ADEC-4187A5FF96CC}.Debug|Any CPU.ActiveCfg = Debug|x86
		{04FED75E-7534-4565-ADEC-4187A5FF96CC}.Debug|Any CPU.Build.0 = Debug|x86
		{04FED75E-7534-4565-ADEC-4187A5FF96CC}.Debug|Any CPU.Deploy.0 = Debug|x86
		{04FED75E-7534-4565-ADEC-4187A5FF96CC}.Debug|ARM.ActiveCfg = Debug|ARM
		{04FED75E-7534-4565-ADEC-4187A5FF96CC}.Debug|ARM.Build.0 = Debug|ARM
		{04FED75E-7534-4565-ADEC-4187A5FF96CC}.Debug|ARM.Deploy.0 = Debug|ARM
		{04FED75E-7534-4565-ADEC-4187A5FF96CC}.Debug|ARM64.ActiveCfg = Debug|ARM64
		{04FED75E-7534-4565-ADEC-4187A5FF96CC}.Debug|ARM64.Build.0 = Debug|ARM64
		{04FED75E-7534-4565-ADEC-4187A5FF96CC}.Debug|ARM64.Deploy.0 = Debug|ARM64
		{04FED75E-7534-4565-ADEC-4187A5FF96CC}.Debug|iPhone.ActiveCfg = Debug|x86
		{04FED75E-7534-4565-ADEC-4187A5FF96CC}.Debug|iPhoneSimulator.ActiveCfg = Debug|x86
		{04FED75E-7534-4565-ADEC-4187A5FF96CC}.Debug|x64.ActiveCfg = Debug|x64
		{04FED75E-7534-4565-ADEC-4187A5FF96CC}.Debug|x64.Build.0 = Debug|x64
		{04FED75E-7534-4565-ADEC-4187A5FF96CC}.Debug|x64.Deploy.0 = Debug|x64
		{04FED75E-7534-4565-ADEC-4187A5FF96CC}.Debug|x86.ActiveCfg = Debug|x86
		{04FED75E-7534-4565-ADEC-4187A5FF96CC}.Debug|x86.Build.0 = Debug|x86
		{04FED75E-7534-4565-ADEC-4187A5FF96CC}.Debug|x86.Deploy.0 = Debug|x86
		{04FED75E-7534-4565-ADEC-4187A5FF96CC}.Release|Any CPU.ActiveCfg = Release|x86
		{04FED75E-7534-4565-ADEC-4187A5FF96CC}.Release|ARM.ActiveCfg = Release|ARM
		{04FED75E-7534-4565-ADEC-4187A5FF96CC}.Release|ARM.Build.0 = Release|ARM
		{04FED75E-7534-4565-ADEC-4187A5FF96CC}.Release|ARM.Deploy.0 = Release|ARM
		{04FED75E-7534-4565-ADEC-4187A5FF96CC}.Release|ARM64.ActiveCfg = Release|ARM64
		{04FED75E-7534-4565-ADEC-4187A5FF96CC}.Release|ARM64.Build.0 = Release|ARM64
		{04FED75E-7534-4565-ADEC-4187A5FF96CC}.Release|ARM64.Deploy.0 = Release|ARM64
		{04FED75E-7534-4565-ADEC-4187A5FF96CC}.Release|iPhone.ActiveCfg = Release|x86
		{04FED75E-7534-4565-ADEC-4187A5FF96CC}.Release|iPhoneSimulator.ActiveCfg = Release|x86
		{04FED75E-7534-4565-ADEC-4187A5FF96CC}.Release|x64.ActiveCfg = Release|x64
		{04FED75E-7534-4565-ADEC-4187A5FF96CC}.Release|x64.Build.0 = Release|x64
		{04FED75E-7534-4565-ADEC-4187A5FF96CC}.Release|x64.Deploy.0 = Release|x64
		{04FED75E-7534-4565-ADEC-4187A5FF96CC}.Release|x86.ActiveCfg = Release|x86
		{04FED75E-7534-4565-ADEC-4187A5FF96CC}.Release|x86.Build.0 = Release|x86
		{04FED75E-7534-4565-ADEC-4187A5FF96CC}.Release|x86.Deploy.0 = Release|x86
		{7150970F-B94E-42E2-8C77-6026CB14D664}.Ad-Hoc|Any CPU.ActiveCfg = Debug|Any CPU
		{7150970F-B94E-42E2-8C77-6026CB14D664}.Ad-Hoc|Any CPU.Build.0 = Debug|Any CPU
		{7150970F-B94E-42E2-8C77-6026CB14D664}.Ad-Hoc|ARM.ActiveCfg = Debug|Any CPU
		{7150970F-B94E-42E2-8C77-6026CB14D664}.Ad-Hoc|ARM.Build.0 = Debug|Any CPU
		{7150970F-B94E-42E2-8C77-6026CB14D664}.Ad-Hoc|ARM64.ActiveCfg = Debug|Any CPU
		{7150970F-B94E-42E2-8C77-6026CB14D664}.Ad-Hoc|ARM64.Build.0 = Debug|Any CPU
		{7150970F-B94E-42E2-8C77-6026CB14D664}.Ad-Hoc|iPhone.ActiveCfg = Debug|Any CPU
		{7150970F-B94E-42E2-8C77-6026CB14D664}.Ad-Hoc|iPhone.Build.0 = Debug|Any CPU
		{7150970F-B94E-42E2-8C77-6026CB14D664}.Ad-Hoc|iPhoneSimulator.ActiveCfg = Debug|Any CPU
		{7150970F-B94E-42E2-8C77-6026CB14D664}.Ad-Hoc|iPhoneSimulator.Build.0 = Debug|Any CPU
		{7150970F-B94E-42E2-8C77-6026CB14D664}.Ad-Hoc|x64.ActiveCfg = Debug|Any CPU
		{7150970F-B94E-42E2-8C77-6026CB14D664}.Ad-Hoc|x64.Build.0 = Debug|Any CPU
		{7150970F-B94E-42E2-8C77-6026CB14D664}.Ad-Hoc|x86.ActiveCfg = Debug|Any CPU
		{7150970F-B94E-42E2-8C77-6026CB14D664}.Ad-Hoc|x86.Build.0 = Debug|Any CPU
		{7150970F-B94E-42E2-8C77-6026CB14D664}.AppStore|Any CPU.ActiveCfg = Debug|Any CPU
		{7150970F-B94E-42E2-8C77-6026CB14D664}.AppStore|Any CPU.Build.0 = Debug|Any CPU
		{7150970F-B94E-42E2-8C77-6026CB14D664}.AppStore|ARM.ActiveCfg = Debug|Any CPU
		{7150970F-B94E-42E2-8C77-6026CB14D664}.AppStore|ARM.Build.0 = Debug|Any CPU
		{7150970F-B94E-42E2-8C77-6026CB14D664}.AppStore|ARM64.ActiveCfg = Debug|Any CPU
		{7150970F-B94E-42E2-8C77-6026CB14D664}.AppStore|ARM64.Build.0 = Debug|Any CPU
		{7150970F-B94E-42E2-8C77-6026CB14D664}.AppStore|iPhone.ActiveCfg = Debug|Any CPU
		{7150970F-B94E-42E2-8C77-6026CB14D664}.AppStore|iPhone.Build.0 = Debug|Any CPU
		{7150970F-B94E-42E2-8C77-6026CB14D664}.AppStore|iPhoneSimulator.ActiveCfg = Debug|Any CPU
		{7150970F-B94E-42E2-8C77-6026CB14D664}.AppStore|iPhoneSimulator.Build.0 = Debug|Any CPU
		{7150970F-B94E-42E2-8C77-6026CB14D664}.AppStore|x64.ActiveCfg = Debug|Any CPU
		{7150970F-B94E-42E2-8C77-6026CB14D664}.AppStore|x64.Build.0 = Debug|Any CPU
		{7150970F-B94E-42E2-8C77-6026CB14D664}.AppStore|x86.ActiveCfg = Debug|Any CPU
		{7150970F-B94E-42E2-8C77-6026CB14D664}.AppStore|x86.Build.0 = Debug|Any CPU
		{7150970F-B94E-42E2-8C77-6026CB14D664}.Debug|Any CPU.ActiveCfg = Debug|Any CPU
		{7150970F-B94E-42E2-8C77-6026CB14D664}.Debug|Any CPU.Build.0 = Debug|Any CPU
		{7150970F-B94E-42E2-8C77-6026CB14D664}.Debug|ARM.ActiveCfg = Debug|Any CPU
		{7150970F-B94E-42E2-8C77-6026CB14D664}.Debug|ARM.Build.0 = Debug|Any CPU
		{7150970F-B94E-42E2-8C77-6026CB14D664}.Debug|ARM64.ActiveCfg = Debug|Any CPU
		{7150970F-B94E-42E2-8C77-6026CB14D664}.Debug|ARM64.Build.0 = Debug|Any CPU
		{7150970F-B94E-42E2-8C77-6026CB14D664}.Debug|iPhone.ActiveCfg = Debug|Any CPU
		{7150970F-B94E-42E2-8C77-6026CB14D664}.Debug|iPhone.Build.0 = Debug|Any CPU
		{7150970F-B94E-42E2-8C77-6026CB14D664}.Debug|iPhoneSimulator.ActiveCfg = Debug|Any CPU
		{7150970F-B94E-42E2-8C77-6026CB14D664}.Debug|iPhoneSimulator.Build.0 = Debug|Any CPU
		{7150970F-B94E-42E2-8C77-6026CB14D664}.Debug|x64.ActiveCfg = Debug|Any CPU
		{7150970F-B94E-42E2-8C77-6026CB14D664}.Debug|x64.Build.0 = Debug|Any CPU
		{7150970F-B94E-42E2-8C77-6026CB14D664}.Debug|x86.ActiveCfg = Debug|Any CPU
		{7150970F-B94E-42E2-8C77-6026CB14D664}.Debug|x86.Build.0 = Debug|Any CPU
		{7150970F-B94E-42E2-8C77-6026CB14D664}.Release|Any CPU.ActiveCfg = Release|Any CPU
		{7150970F-B94E-42E2-8C77-6026CB14D664}.Release|Any CPU.Build.0 = Release|Any CPU
		{7150970F-B94E-42E2-8C77-6026CB14D664}.Release|ARM.ActiveCfg = Release|Any CPU
		{7150970F-B94E-42E2-8C77-6026CB14D664}.Release|ARM.Build.0 = Release|Any CPU
		{7150970F-B94E-42E2-8C77-6026CB14D664}.Release|ARM64.ActiveCfg = Release|Any CPU
		{7150970F-B94E-42E2-8C77-6026CB14D664}.Release|ARM64.Build.0 = Release|Any CPU
		{7150970F-B94E-42E2-8C77-6026CB14D664}.Release|iPhone.ActiveCfg = Release|Any CPU
		{7150970F-B94E-42E2-8C77-6026CB14D664}.Release|iPhone.Build.0 = Release|Any CPU
		{7150970F-B94E-42E2-8C77-6026CB14D664}.Release|iPhoneSimulator.ActiveCfg = Release|Any CPU
		{7150970F-B94E-42E2-8C77-6026CB14D664}.Release|iPhoneSimulator.Build.0 = Release|Any CPU
		{7150970F-B94E-42E2-8C77-6026CB14D664}.Release|x64.ActiveCfg = Release|Any CPU
		{7150970F-B94E-42E2-8C77-6026CB14D664}.Release|x64.Build.0 = Release|Any CPU
		{7150970F-B94E-42E2-8C77-6026CB14D664}.Release|x86.ActiveCfg = Release|Any CPU
		{7150970F-B94E-42E2-8C77-6026CB14D664}.Release|x86.Build.0 = Release|Any CPU
		{D8D6B996-64ED-440D-9CDB-B4B685584D30}.Ad-Hoc|Any CPU.ActiveCfg = Debug|iPhoneSimulator
		{D8D6B996-64ED-440D-9CDB-B4B685584D30}.Ad-Hoc|Any CPU.Build.0 = Debug|iPhoneSimulator
		{D8D6B996-64ED-440D-9CDB-B4B685584D30}.Ad-Hoc|ARM.ActiveCfg = Debug|iPhoneSimulator
		{D8D6B996-64ED-440D-9CDB-B4B685584D30}.Ad-Hoc|ARM.Build.0 = Debug|iPhoneSimulator
		{D8D6B996-64ED-440D-9CDB-B4B685584D30}.Ad-Hoc|ARM64.ActiveCfg = Debug|iPhoneSimulator
		{D8D6B996-64ED-440D-9CDB-B4B685584D30}.Ad-Hoc|ARM64.Build.0 = Debug|iPhoneSimulator
		{D8D6B996-64ED-440D-9CDB-B4B685584D30}.Ad-Hoc|iPhone.ActiveCfg = Debug|iPhoneSimulator
		{D8D6B996-64ED-440D-9CDB-B4B685584D30}.Ad-Hoc|iPhone.Build.0 = Debug|iPhoneSimulator
		{D8D6B996-64ED-440D-9CDB-B4B685584D30}.Ad-Hoc|iPhoneSimulator.ActiveCfg = Debug|iPhoneSimulator
		{D8D6B996-64ED-440D-9CDB-B4B685584D30}.Ad-Hoc|iPhoneSimulator.Build.0 = Debug|iPhoneSimulator
		{D8D6B996-64ED-440D-9CDB-B4B685584D30}.Ad-Hoc|x64.ActiveCfg = Debug|iPhoneSimulator
		{D8D6B996-64ED-440D-9CDB-B4B685584D30}.Ad-Hoc|x64.Build.0 = Debug|iPhoneSimulator
		{D8D6B996-64ED-440D-9CDB-B4B685584D30}.Ad-Hoc|x86.ActiveCfg = Debug|iPhoneSimulator
		{D8D6B996-64ED-440D-9CDB-B4B685584D30}.Ad-Hoc|x86.Build.0 = Debug|iPhoneSimulator
		{D8D6B996-64ED-440D-9CDB-B4B685584D30}.AppStore|Any CPU.ActiveCfg = Debug|iPhoneSimulator
		{D8D6B996-64ED-440D-9CDB-B4B685584D30}.AppStore|Any CPU.Build.0 = Debug|iPhoneSimulator
		{D8D6B996-64ED-440D-9CDB-B4B685584D30}.AppStore|ARM.ActiveCfg = Debug|iPhoneSimulator
		{D8D6B996-64ED-440D-9CDB-B4B685584D30}.AppStore|ARM.Build.0 = Debug|iPhoneSimulator
		{D8D6B996-64ED-440D-9CDB-B4B685584D30}.AppStore|ARM64.ActiveCfg = Debug|iPhoneSimulator
		{D8D6B996-64ED-440D-9CDB-B4B685584D30}.AppStore|ARM64.Build.0 = Debug|iPhoneSimulator
		{D8D6B996-64ED-440D-9CDB-B4B685584D30}.AppStore|iPhone.ActiveCfg = Debug|iPhoneSimulator
		{D8D6B996-64ED-440D-9CDB-B4B685584D30}.AppStore|iPhone.Build.0 = Debug|iPhoneSimulator
		{D8D6B996-64ED-440D-9CDB-B4B685584D30}.AppStore|iPhoneSimulator.ActiveCfg = Debug|iPhoneSimulator
		{D8D6B996-64ED-440D-9CDB-B4B685584D30}.AppStore|iPhoneSimulator.Build.0 = Debug|iPhoneSimulator
		{D8D6B996-64ED-440D-9CDB-B4B685584D30}.AppStore|x64.ActiveCfg = Debug|iPhoneSimulator
		{D8D6B996-64ED-440D-9CDB-B4B685584D30}.AppStore|x64.Build.0 = Debug|iPhoneSimulator
		{D8D6B996-64ED-440D-9CDB-B4B685584D30}.AppStore|x86.ActiveCfg = Debug|iPhoneSimulator
		{D8D6B996-64ED-440D-9CDB-B4B685584D30}.AppStore|x86.Build.0 = Debug|iPhoneSimulator
		{D8D6B996-64ED-440D-9CDB-B4B685584D30}.Debug|Any CPU.ActiveCfg = Debug|iPhoneSimulator
		{D8D6B996-64ED-440D-9CDB-B4B685584D30}.Debug|ARM.ActiveCfg = Debug|iPhoneSimulator
		{D8D6B996-64ED-440D-9CDB-B4B685584D30}.Debug|ARM64.ActiveCfg = Debug|iPhoneSimulator
		{D8D6B996-64ED-440D-9CDB-B4B685584D30}.Debug|iPhone.ActiveCfg = Debug|iPhoneSimulator
		{D8D6B996-64ED-440D-9CDB-B4B685584D30}.Debug|iPhoneSimulator.ActiveCfg = Debug|iPhoneSimulator
		{D8D6B996-64ED-440D-9CDB-B4B685584D30}.Debug|iPhoneSimulator.Build.0 = Debug|iPhoneSimulator
		{D8D6B996-64ED-440D-9CDB-B4B685584D30}.Debug|x64.ActiveCfg = Debug|iPhoneSimulator
		{D8D6B996-64ED-440D-9CDB-B4B685584D30}.Debug|x86.ActiveCfg = Debug|iPhoneSimulator
		{D8D6B996-64ED-440D-9CDB-B4B685584D30}.Release|Any CPU.ActiveCfg = Release|iPhoneSimulator
		{D8D6B996-64ED-440D-9CDB-B4B685584D30}.Release|ARM.ActiveCfg = Release|iPhoneSimulator
		{D8D6B996-64ED-440D-9CDB-B4B685584D30}.Release|ARM64.ActiveCfg = Release|iPhoneSimulator
		{D8D6B996-64ED-440D-9CDB-B4B685584D30}.Release|iPhone.ActiveCfg = Release|iPhoneSimulator
		{D8D6B996-64ED-440D-9CDB-B4B685584D30}.Release|iPhoneSimulator.ActiveCfg = Release|iPhoneSimulator
		{D8D6B996-64ED-440D-9CDB-B4B685584D30}.Release|iPhoneSimulator.Build.0 = Release|iPhoneSimulator
		{D8D6B996-64ED-440D-9CDB-B4B685584D30}.Release|x64.ActiveCfg = Release|iPhoneSimulator
		{D8D6B996-64ED-440D-9CDB-B4B685584D30}.Release|x86.ActiveCfg = Release|iPhoneSimulator
		{83948936-4E48-434E-B493-D4FA1C9E9C2C}.Ad-Hoc|Any CPU.ActiveCfg = Debug|Any CPU
		{83948936-4E48-434E-B493-D4FA1C9E9C2C}.Ad-Hoc|Any CPU.Build.0 = Debug|Any CPU
		{83948936-4E48-434E-B493-D4FA1C9E9C2C}.Ad-Hoc|ARM.ActiveCfg = Debug|Any CPU
		{83948936-4E48-434E-B493-D4FA1C9E9C2C}.Ad-Hoc|ARM.Build.0 = Debug|Any CPU
		{83948936-4E48-434E-B493-D4FA1C9E9C2C}.Ad-Hoc|ARM64.ActiveCfg = Debug|Any CPU
		{83948936-4E48-434E-B493-D4FA1C9E9C2C}.Ad-Hoc|ARM64.Build.0 = Debug|Any CPU
		{83948936-4E48-434E-B493-D4FA1C9E9C2C}.Ad-Hoc|iPhone.ActiveCfg = Debug|Any CPU
		{83948936-4E48-434E-B493-D4FA1C9E9C2C}.Ad-Hoc|iPhone.Build.0 = Debug|Any CPU
		{83948936-4E48-434E-B493-D4FA1C9E9C2C}.Ad-Hoc|iPhoneSimulator.ActiveCfg = Debug|Any CPU
		{83948936-4E48-434E-B493-D4FA1C9E9C2C}.Ad-Hoc|iPhoneSimulator.Build.0 = Debug|Any CPU
		{83948936-4E48-434E-B493-D4FA1C9E9C2C}.Ad-Hoc|x64.ActiveCfg = Debug|Any CPU
		{83948936-4E48-434E-B493-D4FA1C9E9C2C}.Ad-Hoc|x64.Build.0 = Debug|Any CPU
		{83948936-4E48-434E-B493-D4FA1C9E9C2C}.Ad-Hoc|x86.ActiveCfg = Debug|Any CPU
		{83948936-4E48-434E-B493-D4FA1C9E9C2C}.Ad-Hoc|x86.Build.0 = Debug|Any CPU
		{83948936-4E48-434E-B493-D4FA1C9E9C2C}.AppStore|Any CPU.ActiveCfg = Debug|Any CPU
		{83948936-4E48-434E-B493-D4FA1C9E9C2C}.AppStore|Any CPU.Build.0 = Debug|Any CPU
		{83948936-4E48-434E-B493-D4FA1C9E9C2C}.AppStore|ARM.ActiveCfg = Debug|Any CPU
		{83948936-4E48-434E-B493-D4FA1C9E9C2C}.AppStore|ARM.Build.0 = Debug|Any CPU
		{83948936-4E48-434E-B493-D4FA1C9E9C2C}.AppStore|ARM64.ActiveCfg = Debug|Any CPU
		{83948936-4E48-434E-B493-D4FA1C9E9C2C}.AppStore|ARM64.Build.0 = Debug|Any CPU
		{83948936-4E48-434E-B493-D4FA1C9E9C2C}.AppStore|iPhone.ActiveCfg = Debug|Any CPU
		{83948936-4E48-434E-B493-D4FA1C9E9C2C}.AppStore|iPhone.Build.0 = Debug|Any CPU
		{83948936-4E48-434E-B493-D4FA1C9E9C2C}.AppStore|iPhoneSimulator.ActiveCfg = Debug|Any CPU
		{83948936-4E48-434E-B493-D4FA1C9E9C2C}.AppStore|iPhoneSimulator.Build.0 = Debug|Any CPU
		{83948936-4E48-434E-B493-D4FA1C9E9C2C}.AppStore|x64.ActiveCfg = Debug|Any CPU
		{83948936-4E48-434E-B493-D4FA1C9E9C2C}.AppStore|x64.Build.0 = Debug|Any CPU
		{83948936-4E48-434E-B493-D4FA1C9E9C2C}.AppStore|x86.ActiveCfg = Debug|Any CPU
		{83948936-4E48-434E-B493-D4FA1C9E9C2C}.AppStore|x86.Build.0 = Debug|Any CPU
		{83948936-4E48-434E-B493-D4FA1C9E9C2C}.Debug|Any CPU.ActiveCfg = Debug|Any CPU
		{83948936-4E48-434E-B493-D4FA1C9E9C2C}.Debug|Any CPU.Build.0 = Debug|Any CPU
		{83948936-4E48-434E-B493-D4FA1C9E9C2C}.Debug|ARM.ActiveCfg = Debug|Any CPU
		{83948936-4E48-434E-B493-D4FA1C9E9C2C}.Debug|ARM.Build.0 = Debug|Any CPU
		{83948936-4E48-434E-B493-D4FA1C9E9C2C}.Debug|ARM64.ActiveCfg = Debug|Any CPU
		{83948936-4E48-434E-B493-D4FA1C9E9C2C}.Debug|ARM64.Build.0 = Debug|Any CPU
		{83948936-4E48-434E-B493-D4FA1C9E9C2C}.Debug|iPhone.ActiveCfg = Debug|Any CPU
		{83948936-4E48-434E-B493-D4FA1C9E9C2C}.Debug|iPhone.Build.0 = Debug|Any CPU
		{83948936-4E48-434E-B493-D4FA1C9E9C2C}.Debug|iPhoneSimulator.ActiveCfg = Debug|Any CPU
		{83948936-4E48-434E-B493-D4FA1C9E9C2C}.Debug|iPhoneSimulator.Build.0 = Debug|Any CPU
		{83948936-4E48-434E-B493-D4FA1C9E9C2C}.Debug|x64.ActiveCfg = Debug|Any CPU
		{83948936-4E48-434E-B493-D4FA1C9E9C2C}.Debug|x64.Build.0 = Debug|Any CPU
		{83948936-4E48-434E-B493-D4FA1C9E9C2C}.Debug|x86.ActiveCfg = Debug|Any CPU
		{83948936-4E48-434E-B493-D4FA1C9E9C2C}.Debug|x86.Build.0 = Debug|Any CPU
		{83948936-4E48-434E-B493-D4FA1C9E9C2C}.Release|Any CPU.ActiveCfg = Release|Any CPU
		{83948936-4E48-434E-B493-D4FA1C9E9C2C}.Release|Any CPU.Build.0 = Release|Any CPU
		{83948936-4E48-434E-B493-D4FA1C9E9C2C}.Release|ARM.ActiveCfg = Release|Any CPU
		{83948936-4E48-434E-B493-D4FA1C9E9C2C}.Release|ARM.Build.0 = Release|Any CPU
		{83948936-4E48-434E-B493-D4FA1C9E9C2C}.Release|ARM64.ActiveCfg = Release|Any CPU
		{83948936-4E48-434E-B493-D4FA1C9E9C2C}.Release|ARM64.Build.0 = Release|Any CPU
		{83948936-4E48-434E-B493-D4FA1C9E9C2C}.Release|iPhone.ActiveCfg = Release|Any CPU
		{83948936-4E48-434E-B493-D4FA1C9E9C2C}.Release|iPhone.Build.0 = Release|Any CPU
		{83948936-4E48-434E-B493-D4FA1C9E9C2C}.Release|iPhoneSimulator.ActiveCfg = Release|Any CPU
		{83948936-4E48-434E-B493-D4FA1C9E9C2C}.Release|iPhoneSimulator.Build.0 = Release|Any CPU
		{83948936-4E48-434E-B493-D4FA1C9E9C2C}.Release|x64.ActiveCfg = Release|Any CPU
		{83948936-4E48-434E-B493-D4FA1C9E9C2C}.Release|x64.Build.0 = Release|Any CPU
		{83948936-4E48-434E-B493-D4FA1C9E9C2C}.Release|x86.ActiveCfg = Release|Any CPU
		{83948936-4E48-434E-B493-D4FA1C9E9C2C}.Release|x86.Build.0 = Release|Any CPU
		{A2BE56F4-2618-4E1E-8295-C70EFD9BB908}.Ad-Hoc|Any CPU.ActiveCfg = Debug|Any CPU
		{A2BE56F4-2618-4E1E-8295-C70EFD9BB908}.Ad-Hoc|Any CPU.Build.0 = Debug|Any CPU
		{A2BE56F4-2618-4E1E-8295-C70EFD9BB908}.Ad-Hoc|ARM.ActiveCfg = Debug|Any CPU
		{A2BE56F4-2618-4E1E-8295-C70EFD9BB908}.Ad-Hoc|ARM.Build.0 = Debug|Any CPU
		{A2BE56F4-2618-4E1E-8295-C70EFD9BB908}.Ad-Hoc|ARM64.ActiveCfg = Debug|Any CPU
		{A2BE56F4-2618-4E1E-8295-C70EFD9BB908}.Ad-Hoc|ARM64.Build.0 = Debug|Any CPU
		{A2BE56F4-2618-4E1E-8295-C70EFD9BB908}.Ad-Hoc|iPhone.ActiveCfg = Debug|Any CPU
		{A2BE56F4-2618-4E1E-8295-C70EFD9BB908}.Ad-Hoc|iPhone.Build.0 = Debug|Any CPU
		{A2BE56F4-2618-4E1E-8295-C70EFD9BB908}.Ad-Hoc|iPhoneSimulator.ActiveCfg = Debug|Any CPU
		{A2BE56F4-2618-4E1E-8295-C70EFD9BB908}.Ad-Hoc|iPhoneSimulator.Build.0 = Debug|Any CPU
		{A2BE56F4-2618-4E1E-8295-C70EFD9BB908}.Ad-Hoc|x64.ActiveCfg = Debug|Any CPU
		{A2BE56F4-2618-4E1E-8295-C70EFD9BB908}.Ad-Hoc|x64.Build.0 = Debug|Any CPU
		{A2BE56F4-2618-4E1E-8295-C70EFD9BB908}.Ad-Hoc|x86.ActiveCfg = Debug|Any CPU
		{A2BE56F4-2618-4E1E-8295-C70EFD9BB908}.Ad-Hoc|x86.Build.0 = Debug|Any CPU
		{A2BE56F4-2618-4E1E-8295-C70EFD9BB908}.AppStore|Any CPU.ActiveCfg = Debug|Any CPU
		{A2BE56F4-2618-4E1E-8295-C70EFD9BB908}.AppStore|Any CPU.Build.0 = Debug|Any CPU
		{A2BE56F4-2618-4E1E-8295-C70EFD9BB908}.AppStore|ARM.ActiveCfg = Debug|Any CPU
		{A2BE56F4-2618-4E1E-8295-C70EFD9BB908}.AppStore|ARM.Build.0 = Debug|Any CPU
		{A2BE56F4-2618-4E1E-8295-C70EFD9BB908}.AppStore|ARM64.ActiveCfg = Debug|Any CPU
		{A2BE56F4-2618-4E1E-8295-C70EFD9BB908}.AppStore|ARM64.Build.0 = Debug|Any CPU
		{A2BE56F4-2618-4E1E-8295-C70EFD9BB908}.AppStore|iPhone.ActiveCfg = Debug|Any CPU
		{A2BE56F4-2618-4E1E-8295-C70EFD9BB908}.AppStore|iPhone.Build.0 = Debug|Any CPU
		{A2BE56F4-2618-4E1E-8295-C70EFD9BB908}.AppStore|iPhoneSimulator.ActiveCfg = Debug|Any CPU
		{A2BE56F4-2618-4E1E-8295-C70EFD9BB908}.AppStore|iPhoneSimulator.Build.0 = Debug|Any CPU
		{A2BE56F4-2618-4E1E-8295-C70EFD9BB908}.AppStore|x64.ActiveCfg = Debug|Any CPU
		{A2BE56F4-2618-4E1E-8295-C70EFD9BB908}.AppStore|x64.Build.0 = Debug|Any CPU
		{A2BE56F4-2618-4E1E-8295-C70EFD9BB908}.AppStore|x86.ActiveCfg = Debug|Any CPU
		{A2BE56F4-2618-4E1E-8295-C70EFD9BB908}.AppStore|x86.Build.0 = Debug|Any CPU
		{A2BE56F4-2618-4E1E-8295-C70EFD9BB908}.Debug|Any CPU.ActiveCfg = Debug|Any CPU
		{A2BE56F4-2618-4E1E-8295-C70EFD9BB908}.Debug|Any CPU.Build.0 = Debug|Any CPU
		{A2BE56F4-2618-4E1E-8295-C70EFD9BB908}.Debug|ARM.ActiveCfg = Debug|Any CPU
		{A2BE56F4-2618-4E1E-8295-C70EFD9BB908}.Debug|ARM.Build.0 = Debug|Any CPU
		{A2BE56F4-2618-4E1E-8295-C70EFD9BB908}.Debug|ARM64.ActiveCfg = Debug|Any CPU
		{A2BE56F4-2618-4E1E-8295-C70EFD9BB908}.Debug|ARM64.Build.0 = Debug|Any CPU
		{A2BE56F4-2618-4E1E-8295-C70EFD9BB908}.Debug|iPhone.ActiveCfg = Debug|Any CPU
		{A2BE56F4-2618-4E1E-8295-C70EFD9BB908}.Debug|iPhone.Build.0 = Debug|Any CPU
		{A2BE56F4-2618-4E1E-8295-C70EFD9BB908}.Debug|iPhoneSimulator.ActiveCfg = Debug|Any CPU
		{A2BE56F4-2618-4E1E-8295-C70EFD9BB908}.Debug|iPhoneSimulator.Build.0 = Debug|Any CPU
		{A2BE56F4-2618-4E1E-8295-C70EFD9BB908}.Debug|x64.ActiveCfg = Debug|Any CPU
		{A2BE56F4-2618-4E1E-8295-C70EFD9BB908}.Debug|x64.Build.0 = Debug|Any CPU
		{A2BE56F4-2618-4E1E-8295-C70EFD9BB908}.Debug|x86.ActiveCfg = Debug|Any CPU
		{A2BE56F4-2618-4E1E-8295-C70EFD9BB908}.Debug|x86.Build.0 = Debug|Any CPU
		{A2BE56F4-2618-4E1E-8295-C70EFD9BB908}.Release|Any CPU.ActiveCfg = Release|Any CPU
		{A2BE56F4-2618-4E1E-8295-C70EFD9BB908}.Release|Any CPU.Build.0 = Release|Any CPU
		{A2BE56F4-2618-4E1E-8295-C70EFD9BB908}.Release|ARM.ActiveCfg = Release|Any CPU
		{A2BE56F4-2618-4E1E-8295-C70EFD9BB908}.Release|ARM.Build.0 = Release|Any CPU
		{A2BE56F4-2618-4E1E-8295-C70EFD9BB908}.Release|ARM64.ActiveCfg = Release|Any CPU
		{A2BE56F4-2618-4E1E-8295-C70EFD9BB908}.Release|ARM64.Build.0 = Release|Any CPU
		{A2BE56F4-2618-4E1E-8295-C70EFD9BB908}.Release|iPhone.ActiveCfg = Release|Any CPU
		{A2BE56F4-2618-4E1E-8295-C70EFD9BB908}.Release|iPhone.Build.0 = Release|Any CPU
		{A2BE56F4-2618-4E1E-8295-C70EFD9BB908}.Release|iPhoneSimulator.ActiveCfg = Release|Any CPU
		{A2BE56F4-2618-4E1E-8295-C70EFD9BB908}.Release|iPhoneSimulator.Build.0 = Release|Any CPU
		{A2BE56F4-2618-4E1E-8295-C70EFD9BB908}.Release|x64.ActiveCfg = Release|Any CPU
		{A2BE56F4-2618-4E1E-8295-C70EFD9BB908}.Release|x64.Build.0 = Release|Any CPU
		{A2BE56F4-2618-4E1E-8295-C70EFD9BB908}.Release|x86.ActiveCfg = Release|Any CPU
		{A2BE56F4-2618-4E1E-8295-C70EFD9BB908}.Release|x86.Build.0 = Release|Any CPU
		{4C13D004-1255-4776-9A64-1B5983046869}.Ad-Hoc|Any CPU.ActiveCfg = Debug|Any CPU
		{4C13D004-1255-4776-9A64-1B5983046869}.Ad-Hoc|Any CPU.Build.0 = Debug|Any CPU
		{4C13D004-1255-4776-9A64-1B5983046869}.Ad-Hoc|ARM.ActiveCfg = Debug|Any CPU
		{4C13D004-1255-4776-9A64-1B5983046869}.Ad-Hoc|ARM.Build.0 = Debug|Any CPU
		{4C13D004-1255-4776-9A64-1B5983046869}.Ad-Hoc|ARM64.ActiveCfg = Debug|Any CPU
		{4C13D004-1255-4776-9A64-1B5983046869}.Ad-Hoc|ARM64.Build.0 = Debug|Any CPU
		{4C13D004-1255-4776-9A64-1B5983046869}.Ad-Hoc|iPhone.ActiveCfg = Debug|Any CPU
		{4C13D004-1255-4776-9A64-1B5983046869}.Ad-Hoc|iPhone.Build.0 = Debug|Any CPU
		{4C13D004-1255-4776-9A64-1B5983046869}.Ad-Hoc|iPhoneSimulator.ActiveCfg = Debug|Any CPU
		{4C13D004-1255-4776-9A64-1B5983046869}.Ad-Hoc|iPhoneSimulator.Build.0 = Debug|Any CPU
		{4C13D004-1255-4776-9A64-1B5983046869}.Ad-Hoc|x64.ActiveCfg = Debug|Any CPU
		{4C13D004-1255-4776-9A64-1B5983046869}.Ad-Hoc|x64.Build.0 = Debug|Any CPU
		{4C13D004-1255-4776-9A64-1B5983046869}.Ad-Hoc|x86.ActiveCfg = Debug|Any CPU
		{4C13D004-1255-4776-9A64-1B5983046869}.Ad-Hoc|x86.Build.0 = Debug|Any CPU
		{4C13D004-1255-4776-9A64-1B5983046869}.AppStore|Any CPU.ActiveCfg = Debug|Any CPU
		{4C13D004-1255-4776-9A64-1B5983046869}.AppStore|Any CPU.Build.0 = Debug|Any CPU
		{4C13D004-1255-4776-9A64-1B5983046869}.AppStore|ARM.ActiveCfg = Debug|Any CPU
		{4C13D004-1255-4776-9A64-1B5983046869}.AppStore|ARM.Build.0 = Debug|Any CPU
		{4C13D004-1255-4776-9A64-1B5983046869}.AppStore|ARM64.ActiveCfg = Debug|Any CPU
		{4C13D004-1255-4776-9A64-1B5983046869}.AppStore|ARM64.Build.0 = Debug|Any CPU
		{4C13D004-1255-4776-9A64-1B5983046869}.AppStore|iPhone.ActiveCfg = Debug|Any CPU
		{4C13D004-1255-4776-9A64-1B5983046869}.AppStore|iPhone.Build.0 = Debug|Any CPU
		{4C13D004-1255-4776-9A64-1B5983046869}.AppStore|iPhoneSimulator.ActiveCfg = Debug|Any CPU
		{4C13D004-1255-4776-9A64-1B5983046869}.AppStore|iPhoneSimulator.Build.0 = Debug|Any CPU
		{4C13D004-1255-4776-9A64-1B5983046869}.AppStore|x64.ActiveCfg = Debug|Any CPU
		{4C13D004-1255-4776-9A64-1B5983046869}.AppStore|x64.Build.0 = Debug|Any CPU
		{4C13D004-1255-4776-9A64-1B5983046869}.AppStore|x86.ActiveCfg = Debug|Any CPU
		{4C13D004-1255-4776-9A64-1B5983046869}.AppStore|x86.Build.0 = Debug|Any CPU
		{4C13D004-1255-4776-9A64-1B5983046869}.Debug|Any CPU.ActiveCfg = Debug|Any CPU
		{4C13D004-1255-4776-9A64-1B5983046869}.Debug|Any CPU.Build.0 = Debug|Any CPU
		{4C13D004-1255-4776-9A64-1B5983046869}.Debug|ARM.ActiveCfg = Debug|Any CPU
		{4C13D004-1255-4776-9A64-1B5983046869}.Debug|ARM.Build.0 = Debug|Any CPU
		{4C13D004-1255-4776-9A64-1B5983046869}.Debug|ARM64.ActiveCfg = Debug|Any CPU
		{4C13D004-1255-4776-9A64-1B5983046869}.Debug|ARM64.Build.0 = Debug|Any CPU
		{4C13D004-1255-4776-9A64-1B5983046869}.Debug|iPhone.ActiveCfg = Debug|Any CPU
		{4C13D004-1255-4776-9A64-1B5983046869}.Debug|iPhone.Build.0 = Debug|Any CPU
		{4C13D004-1255-4776-9A64-1B5983046869}.Debug|iPhoneSimulator.ActiveCfg = Debug|Any CPU
		{4C13D004-1255-4776-9A64-1B5983046869}.Debug|iPhoneSimulator.Build.0 = Debug|Any CPU
		{4C13D004-1255-4776-9A64-1B5983046869}.Debug|x64.ActiveCfg = Debug|Any CPU
		{4C13D004-1255-4776-9A64-1B5983046869}.Debug|x64.Build.0 = Debug|Any CPU
		{4C13D004-1255-4776-9A64-1B5983046869}.Debug|x86.ActiveCfg = Debug|Any CPU
		{4C13D004-1255-4776-9A64-1B5983046869}.Debug|x86.Build.0 = Debug|Any CPU
		{4C13D004-1255-4776-9A64-1B5983046869}.Release|Any CPU.ActiveCfg = Release|Any CPU
		{4C13D004-1255-4776-9A64-1B5983046869}.Release|Any CPU.Build.0 = Release|Any CPU
		{4C13D004-1255-4776-9A64-1B5983046869}.Release|ARM.ActiveCfg = Release|Any CPU
		{4C13D004-1255-4776-9A64-1B5983046869}.Release|ARM.Build.0 = Release|Any CPU
		{4C13D004-1255-4776-9A64-1B5983046869}.Release|ARM64.ActiveCfg = Release|Any CPU
		{4C13D004-1255-4776-9A64-1B5983046869}.Release|ARM64.Build.0 = Release|Any CPU
		{4C13D004-1255-4776-9A64-1B5983046869}.Release|iPhone.ActiveCfg = Release|Any CPU
		{4C13D004-1255-4776-9A64-1B5983046869}.Release|iPhone.Build.0 = Release|Any CPU
		{4C13D004-1255-4776-9A64-1B5983046869}.Release|iPhoneSimulator.ActiveCfg = Release|Any CPU
		{4C13D004-1255-4776-9A64-1B5983046869}.Release|iPhoneSimulator.Build.0 = Release|Any CPU
		{4C13D004-1255-4776-9A64-1B5983046869}.Release|x64.ActiveCfg = Release|Any CPU
		{4C13D004-1255-4776-9A64-1B5983046869}.Release|x64.Build.0 = Release|Any CPU
		{4C13D004-1255-4776-9A64-1B5983046869}.Release|x86.ActiveCfg = Release|Any CPU
		{4C13D004-1255-4776-9A64-1B5983046869}.Release|x86.Build.0 = Release|Any CPU
		{944EE177-2BAC-4505-8941-624AA7D73F0C}.Ad-Hoc|Any CPU.ActiveCfg = Debug|Any CPU
		{944EE177-2BAC-4505-8941-624AA7D73F0C}.Ad-Hoc|Any CPU.Build.0 = Debug|Any CPU
		{944EE177-2BAC-4505-8941-624AA7D73F0C}.Ad-Hoc|ARM.ActiveCfg = Debug|Any CPU
		{944EE177-2BAC-4505-8941-624AA7D73F0C}.Ad-Hoc|ARM.Build.0 = Debug|Any CPU
		{944EE177-2BAC-4505-8941-624AA7D73F0C}.Ad-Hoc|ARM64.ActiveCfg = Debug|Any CPU
		{944EE177-2BAC-4505-8941-624AA7D73F0C}.Ad-Hoc|ARM64.Build.0 = Debug|Any CPU
		{944EE177-2BAC-4505-8941-624AA7D73F0C}.Ad-Hoc|iPhone.ActiveCfg = Debug|Any CPU
		{944EE177-2BAC-4505-8941-624AA7D73F0C}.Ad-Hoc|iPhone.Build.0 = Debug|Any CPU
		{944EE177-2BAC-4505-8941-624AA7D73F0C}.Ad-Hoc|iPhoneSimulator.ActiveCfg = Debug|Any CPU
		{944EE177-2BAC-4505-8941-624AA7D73F0C}.Ad-Hoc|iPhoneSimulator.Build.0 = Debug|Any CPU
		{944EE177-2BAC-4505-8941-624AA7D73F0C}.Ad-Hoc|x64.ActiveCfg = Debug|Any CPU
		{944EE177-2BAC-4505-8941-624AA7D73F0C}.Ad-Hoc|x64.Build.0 = Debug|Any CPU
		{944EE177-2BAC-4505-8941-624AA7D73F0C}.Ad-Hoc|x86.ActiveCfg = Debug|Any CPU
		{944EE177-2BAC-4505-8941-624AA7D73F0C}.Ad-Hoc|x86.Build.0 = Debug|Any CPU
		{944EE177-2BAC-4505-8941-624AA7D73F0C}.AppStore|Any CPU.ActiveCfg = Debug|Any CPU
		{944EE177-2BAC-4505-8941-624AA7D73F0C}.AppStore|Any CPU.Build.0 = Debug|Any CPU
		{944EE177-2BAC-4505-8941-624AA7D73F0C}.AppStore|ARM.ActiveCfg = Debug|Any CPU
		{944EE177-2BAC-4505-8941-624AA7D73F0C}.AppStore|ARM.Build.0 = Debug|Any CPU
		{944EE177-2BAC-4505-8941-624AA7D73F0C}.AppStore|ARM64.ActiveCfg = Debug|Any CPU
		{944EE177-2BAC-4505-8941-624AA7D73F0C}.AppStore|ARM64.Build.0 = Debug|Any CPU
		{944EE177-2BAC-4505-8941-624AA7D73F0C}.AppStore|iPhone.ActiveCfg = Debug|Any CPU
		{944EE177-2BAC-4505-8941-624AA7D73F0C}.AppStore|iPhone.Build.0 = Debug|Any CPU
		{944EE177-2BAC-4505-8941-624AA7D73F0C}.AppStore|iPhoneSimulator.ActiveCfg = Debug|Any CPU
		{944EE177-2BAC-4505-8941-624AA7D73F0C}.AppStore|iPhoneSimulator.Build.0 = Debug|Any CPU
		{944EE177-2BAC-4505-8941-624AA7D73F0C}.AppStore|x64.ActiveCfg = Debug|Any CPU
		{944EE177-2BAC-4505-8941-624AA7D73F0C}.AppStore|x64.Build.0 = Debug|Any CPU
		{944EE177-2BAC-4505-8941-624AA7D73F0C}.AppStore|x86.ActiveCfg = Debug|Any CPU
		{944EE177-2BAC-4505-8941-624AA7D73F0C}.AppStore|x86.Build.0 = Debug|Any CPU
		{944EE177-2BAC-4505-8941-624AA7D73F0C}.Debug|Any CPU.ActiveCfg = Debug|Any CPU
		{944EE177-2BAC-4505-8941-624AA7D73F0C}.Debug|Any CPU.Build.0 = Debug|Any CPU
		{944EE177-2BAC-4505-8941-624AA7D73F0C}.Debug|ARM.ActiveCfg = Debug|Any CPU
		{944EE177-2BAC-4505-8941-624AA7D73F0C}.Debug|ARM.Build.0 = Debug|Any CPU
		{944EE177-2BAC-4505-8941-624AA7D73F0C}.Debug|ARM64.ActiveCfg = Debug|Any CPU
		{944EE177-2BAC-4505-8941-624AA7D73F0C}.Debug|ARM64.Build.0 = Debug|Any CPU
		{944EE177-2BAC-4505-8941-624AA7D73F0C}.Debug|iPhone.ActiveCfg = Debug|Any CPU
		{944EE177-2BAC-4505-8941-624AA7D73F0C}.Debug|iPhone.Build.0 = Debug|Any CPU
		{944EE177-2BAC-4505-8941-624AA7D73F0C}.Debug|iPhoneSimulator.ActiveCfg = Debug|Any CPU
		{944EE177-2BAC-4505-8941-624AA7D73F0C}.Debug|iPhoneSimulator.Build.0 = Debug|Any CPU
		{944EE177-2BAC-4505-8941-624AA7D73F0C}.Debug|x64.ActiveCfg = Debug|Any CPU
		{944EE177-2BAC-4505-8941-624AA7D73F0C}.Debug|x64.Build.0 = Debug|Any CPU
		{944EE177-2BAC-4505-8941-624AA7D73F0C}.Debug|x86.ActiveCfg = Debug|Any CPU
		{944EE177-2BAC-4505-8941-624AA7D73F0C}.Debug|x86.Build.0 = Debug|Any CPU
		{944EE177-2BAC-4505-8941-624AA7D73F0C}.Release|Any CPU.ActiveCfg = Release|Any CPU
		{944EE177-2BAC-4505-8941-624AA7D73F0C}.Release|Any CPU.Build.0 = Release|Any CPU
		{944EE177-2BAC-4505-8941-624AA7D73F0C}.Release|ARM.ActiveCfg = Release|Any CPU
		{944EE177-2BAC-4505-8941-624AA7D73F0C}.Release|ARM.Build.0 = Release|Any CPU
		{944EE177-2BAC-4505-8941-624AA7D73F0C}.Release|ARM64.ActiveCfg = Release|Any CPU
		{944EE177-2BAC-4505-8941-624AA7D73F0C}.Release|ARM64.Build.0 = Release|Any CPU
		{944EE177-2BAC-4505-8941-624AA7D73F0C}.Release|iPhone.ActiveCfg = Release|Any CPU
		{944EE177-2BAC-4505-8941-624AA7D73F0C}.Release|iPhone.Build.0 = Release|Any CPU
		{944EE177-2BAC-4505-8941-624AA7D73F0C}.Release|iPhoneSimulator.ActiveCfg = Release|Any CPU
		{944EE177-2BAC-4505-8941-624AA7D73F0C}.Release|iPhoneSimulator.Build.0 = Release|Any CPU
		{944EE177-2BAC-4505-8941-624AA7D73F0C}.Release|x64.ActiveCfg = Release|Any CPU
		{944EE177-2BAC-4505-8941-624AA7D73F0C}.Release|x64.Build.0 = Release|Any CPU
		{944EE177-2BAC-4505-8941-624AA7D73F0C}.Release|x86.ActiveCfg = Release|Any CPU
		{944EE177-2BAC-4505-8941-624AA7D73F0C}.Release|x86.Build.0 = Release|Any CPU
	EndGlobalSection
	GlobalSection(SolutionProperties) = preSolution
		HideSolutionNode = FALSE
	EndGlobalSection
	GlobalSection(NestedProjects) = preSolution
		{62DD2681-4802-4B91-8AEE-006D9AB500D8} = {5853A076-9CCC-453F-8044-5DA043A6450C}
		{4CAD0C7B-086D-4F8C-B45E-BD43B57C4969} = {62DD2681-4802-4B91-8AEE-006D9AB500D8}
		{F2E867E6-16E8-463D-827E-31E0265BC6F3} = {62DD2681-4802-4B91-8AEE-006D9AB500D8}
		{04FED75E-7534-4565-ADEC-4187A5FF96CC} = {62DD2681-4802-4B91-8AEE-006D9AB500D8}
		{7150970F-B94E-42E2-8C77-6026CB14D664} = {62DD2681-4802-4B91-8AEE-006D9AB500D8}
		{D8D6B996-64ED-440D-9CDB-B4B685584D30} = {62DD2681-4802-4B91-8AEE-006D9AB500D8}
		{83948936-4E48-434E-B493-D4FA1C9E9C2C} = {62DD2681-4802-4B91-8AEE-006D9AB500D8}
		{A2BE56F4-2618-4E1E-8295-C70EFD9BB908} = {62DD2681-4802-4B91-8AEE-006D9AB500D8}
		{4C13D004-1255-4776-9A64-1B5983046869} = {62DD2681-4802-4B91-8AEE-006D9AB500D8}
		{944EE177-2BAC-4505-8941-624AA7D73F0C} = {62DD2681-4802-4B91-8AEE-006D9AB500D8}
		{6279C845-92F8-4333-AB99-3D213163593C} = {5853A076-9CCC-453F-8044-5DA043A6450C}
	EndGlobalSection
	GlobalSection(ExtensibilityGlobals) = postSolution
		SolutionGuid = {B6AE87DC-0ACA-47ED-B7C1-F466BEFCCE73}
	EndGlobalSection
EndGlobal
