
Microsoft Visual Studio Solution File, Format Version 12.00
# Visual Studio Version 16
VisualStudioVersion = 16.0.30317.65
MinimumVisualStudioVersion = 10.0.40219.1
Project("{2150E333-8FDC-42A3-9474-1A3956D46DE8}") = "Sample", "Sample", "{470E3EB4-1553-40C0-9A9F-5565703909ED}"
EndProject
Project("{2150E333-8FDC-42A3-9474-1A3956D46DE8}") = "Platforms", "Platforms", "{475F0CCF-1859-473F-959F-76F3D121D446}"
EndProject
Project("{FAE04EC0-301F-11D3-BF4B-00C04F79EFBC}") = "DebugRainbowsSample.Droid", "..\sample\DebugRainbowsSample\DebugRainbowsSample.Droid\DebugRainbowsSample.Droid.csproj", "{F14CFFEE-08E2-4D92-8A16-961B345FD799}"
EndProject
Project("{FAE04EC0-301F-11D3-BF4B-00C04F79EFBC}") = "DebugRainbowsSample.iOS", "..\sample\DebugRainbowsSample\DebugRainbowsSample.iOS\DebugRainbowsSample.iOS.csproj", "{6E6A007E-AF5E-4CEA-B2C4-AE28F107488E}"
EndProject
Project("{FAE04EC0-301F-11D3-BF4B-00C04F79EFBC}") = "DebugRainbowsSample.macOS", "..\sample\DebugRainbowsSample\DebugRainbowsSample.macOS\DebugRainbowsSample.macOS.csproj", "{017EF472-EF90-4617-8C2F-A8B2BF96DC16}"
EndProject
Project("{FAE04EC0-301F-11D3-BF4B-00C04F79EFBC}") = "DebugRainbowsSample.UWP", "..\sample\DebugRainbowsSample\DebugRainbowsSample.UWP\DebugRainbowsSample.UWP.csproj", "{4CA499E9-75D7-4CE3-BA65-A3865089DA29}"
EndProject
Project("{9A19103F-16F7-4668-BE54-9A1E7A4F7556}") = "DebugRainbowsSample.Wasm", "..\sample\DebugRainbowsSample\DebugRainbowsSample.Wasm\DebugRainbowsSample.Wasm.csproj", "{49D25612-40AD-4C37-8DB0-92232B6353A8}"
EndProject
Project("{D954291E-2A0B-460D-934E-DC6B0785DB48}") = "DebugRainbowsSample.Shared", "..\sample\DebugRainbowsSample\DebugRainbowsSample.Shared\DebugRainbowsSample.Shared.shproj", "{6279C845-92F8-4333-AB99-3D213163593C}"
EndProject
Project("{9A19103F-16F7-4668-BE54-9A1E7A4F7556}") = "Uno.DebugRainbows.Wasm", "Uno.DebugRainbows\Uno.DebugRainbows.Wasm.csproj", "{46D8F915-B2A6-4354-9149-0FEB3A01A802}"
EndProject
Project("{9A19103F-16F7-4668-BE54-9A1E7A4F7556}") = "Uno.DebugRainbows", "Uno.DebugRainbows\Uno.DebugRainbows.csproj", "{01507CB3-C4E3-4C0D-81D2-0012C0C346C0}"
EndProject
Global
	GlobalSection(SharedMSBuildProjectFiles) = preSolution
		..\sample\DebugRainbowsSample\DebugRainbowsSample.Shared\DebugRainbowsSample.Shared.projitems*{017ef472-ef90-4617-8c2f-a8b2bf96dc16}*SharedItemsImports = 4
		..\sample\DebugRainbowsSample\DebugRainbowsSample.Shared\DebugRainbowsSample.Shared.projitems*{49d25612-40ad-4c37-8db0-92232b6353a8}*SharedItemsImports = 5
		..\sample\DebugRainbowsSample\DebugRainbowsSample.Shared\DebugRainbowsSample.Shared.projitems*{4ca499e9-75d7-4ce3-ba65-a3865089da29}*SharedItemsImports = 4
		..\sample\DebugRainbowsSample\DebugRainbowsSample.Shared\DebugRainbowsSample.Shared.projitems*{6279c845-92f8-4333-ab99-3d213163593c}*SharedItemsImports = 13
		..\sample\DebugRainbowsSample\DebugRainbowsSample.Shared\DebugRainbowsSample.Shared.projitems*{6e6a007e-af5e-4cea-b2c4-ae28f107488e}*SharedItemsImports = 4
		..\sample\DebugRainbowsSample\DebugRainbowsSample.Shared\DebugRainbowsSample.Shared.projitems*{f14cffee-08e2-4d92-8a16-961b345fd799}*SharedItemsImports = 4
	EndGlobalSection
	GlobalSection(SolutionConfigurationPlatforms) = preSolution
		Ad-Hoc|Any CPU = Ad-Hoc|Any CPU
		Ad-Hoc|ARM = Ad-Hoc|ARM
		Ad-Hoc|ARM64 = Ad-Hoc|ARM64
		Ad-Hoc|iPhone = Ad-Hoc|iPhone
		Ad-Hoc|iPhoneSimulator = Ad-Hoc|iPhoneSimulator
		Ad-Hoc|x64 = Ad-Hoc|x64
		Ad-Hoc|x86 = Ad-Hoc|x86
		AppStore|Any CPU = AppStore|Any CPU
		AppStore|ARM = AppStore|ARM
		AppStore|ARM64 = AppStore|ARM64
		AppStore|iPhone = AppStore|iPhone
		AppStore|iPhoneSimulator = AppStore|iPhoneSimulator
		AppStore|x64 = AppStore|x64
		AppStore|x86 = AppStore|x86
		Debug|Any CPU = Debug|Any CPU
		Debug|ARM = Debug|ARM
		Debug|ARM64 = Debug|ARM64
		Debug|iPhone = Debug|iPhone
		Debug|iPhoneSimulator = Debug|iPhoneSimulator
		Debug|x64 = Debug|x64
		Debug|x86 = Debug|x86
		Release|Any CPU = Release|Any CPU
		Release|ARM = Release|ARM
		Release|ARM64 = Release|ARM64
		Release|iPhone = Release|iPhone
		Release|iPhoneSimulator = Release|iPhoneSimulator
		Release|x64 = Release|x64
		Release|x86 = Release|x86
	EndGlobalSection
	GlobalSection(ProjectConfigurationPlatforms) = postSolution
		{F14CFFEE-08E2-4D92-8A16-961B345FD799}.Ad-Hoc|Any CPU.ActiveCfg = Debug|Any CPU
		{F14CFFEE-08E2-4D92-8A16-961B345FD799}.Ad-Hoc|Any CPU.Build.0 = Debug|Any CPU
		{F14CFFEE-08E2-4D92-8A16-961B345FD799}.Ad-Hoc|Any CPU.Deploy.0 = Debug|Any CPU
		{F14CFFEE-08E2-4D92-8A16-961B345FD799}.Ad-Hoc|ARM.ActiveCfg = Debug|Any CPU
		{F14CFFEE-08E2-4D92-8A16-961B345FD799}.Ad-Hoc|ARM.Build.0 = Debug|Any CPU
		{F14CFFEE-08E2-4D92-8A16-961B345FD799}.Ad-Hoc|ARM.Deploy.0 = Debug|Any CPU
		{F14CFFEE-08E2-4D92-8A16-961B345FD799}.Ad-Hoc|ARM64.ActiveCfg = Debug|Any CPU
		{F14CFFEE-08E2-4D92-8A16-961B345FD799}.Ad-Hoc|ARM64.Build.0 = Debug|Any CPU
		{F14CFFEE-08E2-4D92-8A16-961B345FD799}.Ad-Hoc|ARM64.Deploy.0 = Debug|Any CPU
		{F14CFFEE-08E2-4D92-8A16-961B345FD799}.Ad-Hoc|iPhone.ActiveCfg = Debug|Any CPU
		{F14CFFEE-08E2-4D92-8A16-961B345FD799}.Ad-Hoc|iPhone.Build.0 = Debug|Any CPU
		{F14CFFEE-08E2-4D92-8A16-961B345FD799}.Ad-Hoc|iPhone.Deploy.0 = Debug|Any CPU
		{F14CFFEE-08E2-4D92-8A16-961B345FD799}.Ad-Hoc|iPhoneSimulator.ActiveCfg = Debug|Any CPU
		{F14CFFEE-08E2-4D92-8A16-961B345FD799}.Ad-Hoc|iPhoneSimulator.Build.0 = Debug|Any CPU
		{F14CFFEE-08E2-4D92-8A16-961B345FD799}.Ad-Hoc|iPhoneSimulator.Deploy.0 = Debug|Any CPU
		{F14CFFEE-08E2-4D92-8A16-961B345FD799}.Ad-Hoc|x64.ActiveCfg = Debug|Any CPU
		{F14CFFEE-08E2-4D92-8A16-961B345FD799}.Ad-Hoc|x64.Build.0 = Debug|Any CPU
		{F14CFFEE-08E2-4D92-8A16-961B345FD799}.Ad-Hoc|x64.Deploy.0 = Debug|Any CPU
		{F14CFFEE-08E2-4D92-8A16-961B345FD799}.Ad-Hoc|x86.ActiveCfg = Debug|Any CPU
		{F14CFFEE-08E2-4D92-8A16-961B345FD799}.Ad-Hoc|x86.Build.0 = Debug|Any CPU
		{F14CFFEE-08E2-4D92-8A16-961B345FD799}.Ad-Hoc|x86.Deploy.0 = Debug|Any CPU
		{F14CFFEE-08E2-4D92-8A16-961B345FD799}.AppStore|Any CPU.ActiveCfg = Debug|Any CPU
		{F14CFFEE-08E2-4D92-8A16-961B345FD799}.AppStore|Any CPU.Build.0 = Debug|Any CPU
		{F14CFFEE-08E2-4D92-8A16-961B345FD799}.AppStore|Any CPU.Deploy.0 = Debug|Any CPU
		{F14CFFEE-08E2-4D92-8A16-961B345FD799}.AppStore|ARM.ActiveCfg = Debug|Any CPU
		{F14CFFEE-08E2-4D92-8A16-961B345FD799}.AppStore|ARM.Build.0 = Debug|Any CPU
		{F14CFFEE-08E2-4D92-8A16-961B345FD799}.AppStore|ARM.Deploy.0 = Debug|Any CPU
		{F14CFFEE-08E2-4D92-8A16-961B345FD799}.AppStore|ARM64.ActiveCfg = Debug|Any CPU
		{F14CFFEE-08E2-4D92-8A16-961B345FD799}.AppStore|ARM64.Build.0 = Debug|Any CPU
		{F14CFFEE-08E2-4D92-8A16-961B345FD799}.AppStore|ARM64.Deploy.0 = Debug|Any CPU
		{F14CFFEE-08E2-4D92-8A16-961B345FD799}.AppStore|iPhone.ActiveCfg = Debug|Any CPU
		{F14CFFEE-08E2-4D92-8A16-961B345FD799}.AppStore|iPhone.Build.0 = Debug|Any CPU
		{F14CFFEE-08E2-4D92-8A16-961B345FD799}.AppStore|iPhone.Deploy.0 = Debug|Any CPU
		{F14CFFEE-08E2-4D92-8A16-961B345FD799}.AppStore|iPhoneSimulator.ActiveCfg = Debug|Any CPU
		{F14CFFEE-08E2-4D92-8A16-961B345FD799}.AppStore|iPhoneSimulator.Build.0 = Debug|Any CPU
		{F14CFFEE-08E2-4D92-8A16-961B345FD799}.AppStore|iPhoneSimulator.Deploy.0 = Debug|Any CPU
		{F14CFFEE-08E2-4D92-8A16-961B345FD799}.AppStore|x64.ActiveCfg = Debug|Any CPU
		{F14CFFEE-08E2-4D92-8A16-961B345FD799}.AppStore|x64.Build.0 = Debug|Any CPU
		{F14CFFEE-08E2-4D92-8A16-961B345FD799}.AppStore|x64.Deploy.0 = Debug|Any CPU
		{F14CFFEE-08E2-4D92-8A16-961B345FD799}.AppStore|x86.ActiveCfg = Debug|Any CPU
		{F14CFFEE-08E2-4D92-8A16-961B345FD799}.AppStore|x86.Build.0 = Debug|Any CPU
		{F14CFFEE-08E2-4D92-8A16-961B345FD799}.AppStore|x86.Deploy.0 = Debug|Any CPU
		{F14CFFEE-08E2-4D92-8A16-961B345FD799}.Debug|Any CPU.ActiveCfg = Debug|Any CPU
		{F14CFFEE-08E2-4D92-8A16-961B345FD799}.Debug|Any CPU.Build.0 = Debug|Any CPU
		{F14CFFEE-08E2-4D92-8A16-961B345FD799}.Debug|Any CPU.Deploy.0 = Debug|Any CPU
		{F14CFFEE-08E2-4D92-8A16-961B345FD799}.Debug|ARM.ActiveCfg = Debug|Any CPU
		{F14CFFEE-08E2-4D92-8A16-961B345FD799}.Debug|ARM.Build.0 = Debug|Any CPU
		{F14CFFEE-08E2-4D92-8A16-961B345FD799}.Debug|ARM.Deploy.0 = Debug|Any CPU
		{F14CFFEE-08E2-4D92-8A16-961B345FD799}.Debug|ARM64.ActiveCfg = Debug|Any CPU
		{F14CFFEE-08E2-4D92-8A16-961B345FD799}.Debug|ARM64.Build.0 = Debug|Any CPU
		{F14CFFEE-08E2-4D92-8A16-961B345FD799}.Debug|ARM64.Deploy.0 = Debug|Any CPU
		{F14CFFEE-08E2-4D92-8A16-961B345FD799}.Debug|iPhone.ActiveCfg = Debug|Any CPU
		{F14CFFEE-08E2-4D92-8A16-961B345FD799}.Debug|iPhone.Build.0 = Debug|Any CPU
		{F14CFFEE-08E2-4D92-8A16-961B345FD799}.Debug|iPhone.Deploy.0 = Debug|Any CPU
		{F14CFFEE-08E2-4D92-8A16-961B345FD799}.Debug|iPhoneSimulator.ActiveCfg = Debug|Any CPU
		{F14CFFEE-08E2-4D92-8A16-961B345FD799}.Debug|iPhoneSimulator.Build.0 = Debug|Any CPU
		{F14CFFEE-08E2-4D92-8A16-961B345FD799}.Debug|iPhoneSimulator.Deploy.0 = Debug|Any CPU
		{F14CFFEE-08E2-4D92-8A16-961B345FD799}.Debug|x64.ActiveCfg = Debug|Any CPU
		{F14CFFEE-08E2-4D92-8A16-961B345FD799}.Debug|x64.Build.0 = Debug|Any CPU
		{F14CFFEE-08E2-4D92-8A16-961B345FD799}.Debug|x64.Deploy.0 = Debug|Any CPU
		{F14CFFEE-08E2-4D92-8A16-961B345FD799}.Debug|x86.ActiveCfg = Debug|Any CPU
		{F14CFFEE-08E2-4D92-8A16-961B345FD799}.Debug|x86.Build.0 = Debug|Any CPU
		{F14CFFEE-08E2-4D92-8A16-961B345FD799}.Debug|x86.Deploy.0 = Debug|Any CPU
		{F14CFFEE-08E2-4D92-8A16-961B345FD799}.Release|Any CPU.ActiveCfg = Release|Any CPU
		{F14CFFEE-08E2-4D92-8A16-961B345FD799}.Release|Any CPU.Build.0 = Release|Any CPU
		{F14CFFEE-08E2-4D92-8A16-961B345FD799}.Release|Any CPU.Deploy.0 = Release|Any CPU
		{F14CFFEE-08E2-4D92-8A16-961B345FD799}.Release|ARM.ActiveCfg = Release|Any CPU
		{F14CFFEE-08E2-4D92-8A16-961B345FD799}.Release|ARM.Build.0 = Release|Any CPU
		{F14CFFEE-08E2-4D92-8A16-961B345FD799}.Release|ARM.Deploy.0 = Release|Any CPU
		{F14CFFEE-08E2-4D92-8A16-961B345FD799}.Release|ARM64.ActiveCfg = Release|Any CPU
		{F14CFFEE-08E2-4D92-8A16-961B345FD799}.Release|ARM64.Build.0 = Release|Any CPU
		{F14CFFEE-08E2-4D92-8A16-961B345FD799}.Release|ARM64.Deploy.0 = Release|Any CPU
		{F14CFFEE-08E2-4D92-8A16-961B345FD799}.Release|iPhone.ActiveCfg = Release|Any CPU
		{F14CFFEE-08E2-4D92-8A16-961B345FD799}.Release|iPhone.Build.0 = Release|Any CPU
		{F14CFFEE-08E2-4D92-8A16-961B345FD799}.Release|iPhone.Deploy.0 = Release|Any CPU
		{F14CFFEE-08E2-4D92-8A16-961B345FD799}.Release|iPhoneSimulator.ActiveCfg = Release|Any CPU
		{F14CFFEE-08E2-4D92-8A16-961B345FD799}.Release|iPhoneSimulator.Build.0 = Release|Any CPU
		{F14CFFEE-08E2-4D92-8A16-961B345FD799}.Release|iPhoneSimulator.Deploy.0 = Release|Any CPU
		{F14CFFEE-08E2-4D92-8A16-961B345FD799}.Release|x64.ActiveCfg = Release|Any CPU
		{F14CFFEE-08E2-4D92-8A16-961B345FD799}.Release|x64.Build.0 = Release|Any CPU
		{F14CFFEE-08E2-4D92-8A16-961B345FD799}.Release|x64.Deploy.0 = Release|Any CPU
		{F14CFFEE-08E2-4D92-8A16-961B345FD799}.Release|x86.ActiveCfg = Release|Any CPU
		{F14CFFEE-08E2-4D92-8A16-961B345FD799}.Release|x86.Build.0 = Release|Any CPU
		{F14CFFEE-08E2-4D92-8A16-961B345FD799}.Release|x86.Deploy.0 = Release|Any CPU
		{6E6A007E-AF5E-4CEA-B2C4-AE28F107488E}.Ad-Hoc|Any CPU.ActiveCfg = Ad-Hoc|iPhoneSimulator
		{6E6A007E-AF5E-4CEA-B2C4-AE28F107488E}.Ad-Hoc|ARM.ActiveCfg = Ad-Hoc|iPhoneSimulator
		{6E6A007E-AF5E-4CEA-B2C4-AE28F107488E}.Ad-Hoc|ARM64.ActiveCfg = Ad-Hoc|iPhoneSimulator
		{6E6A007E-AF5E-4CEA-B2C4-AE28F107488E}.Ad-Hoc|iPhone.ActiveCfg = Ad-Hoc|iPhone
		{6E6A007E-AF5E-4CEA-B2C4-AE28F107488E}.Ad-Hoc|iPhone.Build.0 = Ad-Hoc|iPhone
		{6E6A007E-AF5E-4CEA-B2C4-AE28F107488E}.Ad-Hoc|iPhoneSimulator.ActiveCfg = Ad-Hoc|iPhoneSimulator
		{6E6A007E-AF5E-4CEA-B2C4-AE28F107488E}.Ad-Hoc|iPhoneSimulator.Build.0 = Ad-Hoc|iPhoneSimulator
		{6E6A007E-AF5E-4CEA-B2C4-AE28F107488E}.Ad-Hoc|x64.ActiveCfg = Ad-Hoc|iPhoneSimulator
		{6E6A007E-AF5E-4CEA-B2C4-AE28F107488E}.Ad-Hoc|x86.ActiveCfg = Ad-Hoc|iPhoneSimulator
		{6E6A007E-AF5E-4CEA-B2C4-AE28F107488E}.AppStore|Any CPU.ActiveCfg = AppStore|iPhoneSimulator
		{6E6A007E-AF5E-4CEA-B2C4-AE28F107488E}.AppStore|ARM.ActiveCfg = AppStore|iPhoneSimulator
		{6E6A007E-AF5E-4CEA-B2C4-AE28F107488E}.AppStore|ARM64.ActiveCfg = AppStore|iPhoneSimulator
		{6E6A007E-AF5E-4CEA-B2C4-AE28F107488E}.AppStore|iPhone.ActiveCfg = AppStore|iPhone
		{6E6A007E-AF5E-4CEA-B2C4-AE28F107488E}.AppStore|iPhone.Build.0 = AppStore|iPhone
		{6E6A007E-AF5E-4CEA-B2C4-AE28F107488E}.AppStore|iPhoneSimulator.ActiveCfg = AppStore|iPhoneSimulator
		{6E6A007E-AF5E-4CEA-B2C4-AE28F107488E}.AppStore|iPhoneSimulator.Build.0 = AppStore|iPhoneSimulator
		{6E6A007E-AF5E-4CEA-B2C4-AE28F107488E}.AppStore|x64.ActiveCfg = AppStore|iPhoneSimulator
		{6E6A007E-AF5E-4CEA-B2C4-AE28F107488E}.AppStore|x86.ActiveCfg = AppStore|iPhoneSimulator
		{6E6A007E-AF5E-4CEA-B2C4-AE28F107488E}.Debug|Any CPU.ActiveCfg = Debug|iPhoneSimulator
		{6E6A007E-AF5E-4CEA-B2C4-AE28F107488E}.Debug|ARM.ActiveCfg = Debug|iPhoneSimulator
		{6E6A007E-AF5E-4CEA-B2C4-AE28F107488E}.Debug|ARM64.ActiveCfg = Debug|iPhoneSimulator
		{6E6A007E-AF5E-4CEA-B2C4-AE28F107488E}.Debug|iPhone.ActiveCfg = Debug|iPhone
		{6E6A007E-AF5E-4CEA-B2C4-AE28F107488E}.Debug|iPhone.Build.0 = Debug|iPhone
		{6E6A007E-AF5E-4CEA-B2C4-AE28F107488E}.Debug|iPhoneSimulator.ActiveCfg = Debug|iPhoneSimulator
		{6E6A007E-AF5E-4CEA-B2C4-AE28F107488E}.Debug|iPhoneSimulator.Build.0 = Debug|iPhoneSimulator
		{6E6A007E-AF5E-4CEA-B2C4-AE28F107488E}.Debug|x64.ActiveCfg = Debug|iPhoneSimulator
		{6E6A007E-AF5E-4CEA-B2C4-AE28F107488E}.Debug|x86.ActiveCfg = Debug|iPhoneSimulator
		{6E6A007E-AF5E-4CEA-B2C4-AE28F107488E}.Release|Any CPU.ActiveCfg = Release|iPhoneSimulator
		{6E6A007E-AF5E-4CEA-B2C4-AE28F107488E}.Release|ARM.ActiveCfg = Release|iPhoneSimulator
		{6E6A007E-AF5E-4CEA-B2C4-AE28F107488E}.Release|ARM64.ActiveCfg = Release|iPhoneSimulator
		{6E6A007E-AF5E-4CEA-B2C4-AE28F107488E}.Release|iPhone.ActiveCfg = Release|iPhone
		{6E6A007E-AF5E-4CEA-B2C4-AE28F107488E}.Release|iPhone.Build.0 = Release|iPhone
		{6E6A007E-AF5E-4CEA-B2C4-AE28F107488E}.Release|iPhoneSimulator.ActiveCfg = Release|iPhoneSimulator
		{6E6A007E-AF5E-4CEA-B2C4-AE28F107488E}.Release|iPhoneSimulator.Build.0 = Release|iPhoneSimulator
		{6E6A007E-AF5E-4CEA-B2C4-AE28F107488E}.Release|x64.ActiveCfg = Release|iPhoneSimulator
		{6E6A007E-AF5E-4CEA-B2C4-AE28F107488E}.Release|x86.ActiveCfg = Release|iPhoneSimulator
		{017EF472-EF90-4617-8C2F-A8B2BF96DC16}.Ad-Hoc|Any CPU.ActiveCfg = Debug|iPhoneSimulator
		{017EF472-EF90-4617-8C2F-A8B2BF96DC16}.Ad-Hoc|Any CPU.Build.0 = Debug|iPhoneSimulator
		{017EF472-EF90-4617-8C2F-A8B2BF96DC16}.Ad-Hoc|ARM.ActiveCfg = Debug|iPhoneSimulator
		{017EF472-EF90-4617-8C2F-A8B2BF96DC16}.Ad-Hoc|ARM.Build.0 = Debug|iPhoneSimulator
		{017EF472-EF90-4617-8C2F-A8B2BF96DC16}.Ad-Hoc|ARM64.ActiveCfg = Debug|iPhoneSimulator
		{017EF472-EF90-4617-8C2F-A8B2BF96DC16}.Ad-Hoc|ARM64.Build.0 = Debug|iPhoneSimulator
		{017EF472-EF90-4617-8C2F-A8B2BF96DC16}.Ad-Hoc|iPhone.ActiveCfg = Debug|iPhoneSimulator
		{017EF472-EF90-4617-8C2F-A8B2BF96DC16}.Ad-Hoc|iPhone.Build.0 = Debug|iPhoneSimulator
		{017EF472-EF90-4617-8C2F-A8B2BF96DC16}.Ad-Hoc|iPhoneSimulator.ActiveCfg = Debug|iPhoneSimulator
		{017EF472-EF90-4617-8C2F-A8B2BF96DC16}.Ad-Hoc|iPhoneSimulator.Build.0 = Debug|iPhoneSimulator
		{017EF472-EF90-4617-8C2F-A8B2BF96DC16}.Ad-Hoc|x64.ActiveCfg = Debug|iPhoneSimulator
		{017EF472-EF90-4617-8C2F-A8B2BF96DC16}.Ad-Hoc|x64.Build.0 = Debug|iPhoneSimulator
		{017EF472-EF90-4617-8C2F-A8B2BF96DC16}.Ad-Hoc|x86.ActiveCfg = Debug|iPhoneSimulator
		{017EF472-EF90-4617-8C2F-A8B2BF96DC16}.Ad-Hoc|x86.Build.0 = Debug|iPhoneSimulator
		{017EF472-EF90-4617-8C2F-A8B2BF96DC16}.AppStore|Any CPU.ActiveCfg = Debug|iPhoneSimulator
		{017EF472-EF90-4617-8C2F-A8B2BF96DC16}.AppStore|Any CPU.Build.0 = Debug|iPhoneSimulator
		{017EF472-EF90-4617-8C2F-A8B2BF96DC16}.AppStore|ARM.ActiveCfg = Debug|iPhoneSimulator
		{017EF472-EF90-4617-8C2F-A8B2BF96DC16}.AppStore|ARM.Build.0 = Debug|iPhoneSimulator
		{017EF472-EF90-4617-8C2F-A8B2BF96DC16}.AppStore|ARM64.ActiveCfg = Debug|iPhoneSimulator
		{017EF472-EF90-4617-8C2F-A8B2BF96DC16}.AppStore|ARM64.Build.0 = Debug|iPhoneSimulator
		{017EF472-EF90-4617-8C2F-A8B2BF96DC16}.AppStore|iPhone.ActiveCfg = Debug|iPhoneSimulator
		{017EF472-EF90-4617-8C2F-A8B2BF96DC16}.AppStore|iPhone.Build.0 = Debug|iPhoneSimulator
		{017EF472-EF90-4617-8C2F-A8B2BF96DC16}.AppStore|iPhoneSimulator.ActiveCfg = Debug|iPhoneSimulator
		{017EF472-EF90-4617-8C2F-A8B2BF96DC16}.AppStore|iPhoneSimulator.Build.0 = Debug|iPhoneSimulator
		{017EF472-EF90-4617-8C2F-A8B2BF96DC16}.AppStore|x64.ActiveCfg = Debug|iPhoneSimulator
		{017EF472-EF90-4617-8C2F-A8B2BF96DC16}.AppStore|x64.Build.0 = Debug|iPhoneSimulator
		{017EF472-EF90-4617-8C2F-A8B2BF96DC16}.AppStore|x86.ActiveCfg = Debug|iPhoneSimulator
		{017EF472-EF90-4617-8C2F-A8B2BF96DC16}.AppStore|x86.Build.0 = Debug|iPhoneSimulator
		{017EF472-EF90-4617-8C2F-A8B2BF96DC16}.Debug|Any CPU.ActiveCfg = Debug|iPhoneSimulator
		{017EF472-EF90-4617-8C2F-A8B2BF96DC16}.Debug|ARM.ActiveCfg = Debug|iPhoneSimulator
		{017EF472-EF90-4617-8C2F-A8B2BF96DC16}.Debug|ARM64.ActiveCfg = Debug|iPhoneSimulator
		{017EF472-EF90-4617-8C2F-A8B2BF96DC16}.Debug|iPhone.ActiveCfg = Debug|iPhoneSimulator
		{017EF472-EF90-4617-8C2F-A8B2BF96DC16}.Debug|iPhoneSimulator.ActiveCfg = Debug|iPhoneSimulator
		{017EF472-EF90-4617-8C2F-A8B2BF96DC16}.Debug|iPhoneSimulator.Build.0 = Debug|iPhoneSimulator
		{017EF472-EF90-4617-8C2F-A8B2BF96DC16}.Debug|x64.ActiveCfg = Debug|iPhoneSimulator
		{017EF472-EF90-4617-8C2F-A8B2BF96DC16}.Debug|x86.ActiveCfg = Debug|iPhoneSimulator
		{017EF472-EF90-4617-8C2F-A8B2BF96DC16}.Release|Any CPU.ActiveCfg = Release|iPhoneSimulator
		{017EF472-EF90-4617-8C2F-A8B2BF96DC16}.Release|ARM.ActiveCfg = Release|iPhoneSimulator
		{017EF472-EF90-4617-8C2F-A8B2BF96DC16}.Release|ARM64.ActiveCfg = Release|iPhoneSimulator
		{017EF472-EF90-4617-8C2F-A8B2BF96DC16}.Release|iPhone.ActiveCfg = Release|iPhoneSimulator
		{017EF472-EF90-4617-8C2F-A8B2BF96DC16}.Release|iPhoneSimulator.ActiveCfg = Release|iPhoneSimulator
		{017EF472-EF90-4617-8C2F-A8B2BF96DC16}.Release|iPhoneSimulator.Build.0 = Release|iPhoneSimulator
		{017EF472-EF90-4617-8C2F-A8B2BF96DC16}.Release|x64.ActiveCfg = Release|iPhoneSimulator
		{017EF472-EF90-4617-8C2F-A8B2BF96DC16}.Release|x86.ActiveCfg = Release|iPhoneSimulator
		{4CA499E9-75D7-4CE3-BA65-A3865089DA29}.Ad-Hoc|Any CPU.ActiveCfg = Debug|x86
		{4CA499E9-75D7-4CE3-BA65-A3865089DA29}.Ad-Hoc|Any CPU.Build.0 = Debug|x86
		{4CA499E9-75D7-4CE3-BA65-A3865089DA29}.Ad-Hoc|Any CPU.Deploy.0 = Debug|x86
		{4CA499E9-75D7-4CE3-BA65-A3865089DA29}.Ad-Hoc|ARM.ActiveCfg = Debug|ARM
		{4CA499E9-75D7-4CE3-BA65-A3865089DA29}.Ad-Hoc|ARM.Build.0 = Debug|ARM
		{4CA499E9-75D7-4CE3-BA65-A3865089DA29}.Ad-Hoc|ARM.Deploy.0 = Debug|ARM
		{4CA499E9-75D7-4CE3-BA65-A3865089DA29}.Ad-Hoc|ARM64.ActiveCfg = Debug|ARM64
		{4CA499E9-75D7-4CE3-BA65-A3865089DA29}.Ad-Hoc|ARM64.Build.0 = Debug|ARM64
		{4CA499E9-75D7-4CE3-BA65-A3865089DA29}.Ad-Hoc|ARM64.Deploy.0 = Debug|ARM64
		{4CA499E9-75D7-4CE3-BA65-A3865089DA29}.Ad-Hoc|iPhone.ActiveCfg = Debug|x86
		{4CA499E9-75D7-4CE3-BA65-A3865089DA29}.Ad-Hoc|iPhone.Build.0 = Debug|x86
		{4CA499E9-75D7-4CE3-BA65-A3865089DA29}.Ad-Hoc|iPhone.Deploy.0 = Debug|x86
		{4CA499E9-75D7-4CE3-BA65-A3865089DA29}.Ad-Hoc|iPhoneSimulator.ActiveCfg = Debug|x86
		{4CA499E9-75D7-4CE3-BA65-A3865089DA29}.Ad-Hoc|iPhoneSimulator.Build.0 = Debug|x86
		{4CA499E9-75D7-4CE3-BA65-A3865089DA29}.Ad-Hoc|iPhoneSimulator.Deploy.0 = Debug|x86
		{4CA499E9-75D7-4CE3-BA65-A3865089DA29}.Ad-Hoc|x64.ActiveCfg = Debug|x64
		{4CA499E9-75D7-4CE3-BA65-A3865089DA29}.Ad-Hoc|x64.Build.0 = Debug|x64
		{4CA499E9-75D7-4CE3-BA65-A3865089DA29}.Ad-Hoc|x64.Deploy.0 = Debug|x64
		{4CA499E9-75D7-4CE3-BA65-A3865089DA29}.Ad-Hoc|x86.ActiveCfg = Debug|x86
		{4CA499E9-75D7-4CE3-BA65-A3865089DA29}.Ad-Hoc|x86.Build.0 = Debug|x86
		{4CA499E9-75D7-4CE3-BA65-A3865089DA29}.Ad-Hoc|x86.Deploy.0 = Debug|x86
		{4CA499E9-75D7-4CE3-BA65-A3865089DA29}.AppStore|Any CPU.ActiveCfg = Debug|x86
		{4CA499E9-75D7-4CE3-BA65-A3865089DA29}.AppStore|Any CPU.Build.0 = Debug|x86
		{4CA499E9-75D7-4CE3-BA65-A3865089DA29}.AppStore|Any CPU.Deploy.0 = Debug|x86
		{4CA499E9-75D7-4CE3-BA65-A3865089DA29}.AppStore|ARM.ActiveCfg = Debug|ARM
		{4CA499E9-75D7-4CE3-BA65-A3865089DA29}.AppStore|ARM.Build.0 = Debug|ARM
		{4CA499E9-75D7-4CE3-BA65-A3865089DA29}.AppStore|ARM.Deploy.0 = Debug|ARM
		{4CA499E9-75D7-4CE3-BA65-A3865089DA29}.AppStore|ARM64.ActiveCfg = Debug|ARM64
		{4CA499E9-75D7-4CE3-BA65-A3865089DA29}.AppStore|ARM64.Build.0 = Debug|ARM64
		{4CA499E9-75D7-4CE3-BA65-A3865089DA29}.AppStore|ARM64.Deploy.0 = Debug|ARM64
		{4CA499E9-75D7-4CE3-BA65-A3865089DA29}.AppStore|iPhone.ActiveCfg = Debug|x86
		{4CA499E9-75D7-4CE3-BA65-A3865089DA29}.AppStore|iPhone.Build.0 = Debug|x86
		{4CA499E9-75D7-4CE3-BA65-A3865089DA29}.AppStore|iPhone.Deploy.0 = Debug|x86
		{4CA499E9-75D7-4CE3-BA65-A3865089DA29}.AppStore|iPhoneSimulator.ActiveCfg = Debug|x86
		{4CA499E9-75D7-4CE3-BA65-A3865089DA29}.AppStore|iPhoneSimulator.Build.0 = Debug|x86
		{4CA499E9-75D7-4CE3-BA65-A3865089DA29}.AppStore|iPhoneSimulator.Deploy.0 = Debug|x86
		{4CA499E9-75D7-4CE3-BA65-A3865089DA29}.AppStore|x64.ActiveCfg = Debug|x64
		{4CA499E9-75D7-4CE3-BA65-A3865089DA29}.AppStore|x64.Build.0 = Debug|x64
		{4CA499E9-75D7-4CE3-BA65-A3865089DA29}.AppStore|x64.Deploy.0 = Debug|x64
		{4CA499E9-75D7-4CE3-BA65-A3865089DA29}.AppStore|x86.ActiveCfg = Debug|x86
		{4CA499E9-75D7-4CE3-BA65-A3865089DA29}.AppStore|x86.Build.0 = Debug|x86
		{4CA499E9-75D7-4CE3-BA65-A3865089DA29}.AppStore|x86.Deploy.0 = Debug|x86
		{4CA499E9-75D7-4CE3-BA65-A3865089DA29}.Debug|Any CPU.ActiveCfg = Debug|x86
		{4CA499E9-75D7-4CE3-BA65-A3865089DA29}.Debug|ARM.ActiveCfg = Debug|ARM
		{4CA499E9-75D7-4CE3-BA65-A3865089DA29}.Debug|ARM.Build.0 = Debug|ARM
		{4CA499E9-75D7-4CE3-BA65-A3865089DA29}.Debug|ARM.Deploy.0 = Debug|ARM
		{4CA499E9-75D7-4CE3-BA65-A3865089DA29}.Debug|ARM64.ActiveCfg = Debug|ARM64
		{4CA499E9-75D7-4CE3-BA65-A3865089DA29}.Debug|ARM64.Build.0 = Debug|ARM64
		{4CA499E9-75D7-4CE3-BA65-A3865089DA29}.Debug|ARM64.Deploy.0 = Debug|ARM64
		{4CA499E9-75D7-4CE3-BA65-A3865089DA29}.Debug|iPhone.ActiveCfg = Debug|x86
		{4CA499E9-75D7-4CE3-BA65-A3865089DA29}.Debug|iPhoneSimulator.ActiveCfg = Debug|x86
		{4CA499E9-75D7-4CE3-BA65-A3865089DA29}.Debug|x64.ActiveCfg = Debug|x64
		{4CA499E9-75D7-4CE3-BA65-A3865089DA29}.Debug|x64.Build.0 = Debug|x64
		{4CA499E9-75D7-4CE3-BA65-A3865089DA29}.Debug|x64.Deploy.0 = Debug|x64
		{4CA499E9-75D7-4CE3-BA65-A3865089DA29}.Debug|x86.ActiveCfg = Debug|x86
		{4CA499E9-75D7-4CE3-BA65-A3865089DA29}.Debug|x86.Build.0 = Debug|x86
		{4CA499E9-75D7-4CE3-BA65-A3865089DA29}.Debug|x86.Deploy.0 = Debug|x86
		{4CA499E9-75D7-4CE3-BA65-A3865089DA29}.Release|Any CPU.ActiveCfg = Release|x86
		{4CA499E9-75D7-4CE3-BA65-A3865089DA29}.Release|ARM.ActiveCfg = Release|ARM
		{4CA499E9-75D7-4CE3-BA65-A3865089DA29}.Release|ARM.Build.0 = Release|ARM
		{4CA499E9-75D7-4CE3-BA65-A3865089DA29}.Release|ARM.Deploy.0 = Release|ARM
		{4CA499E9-75D7-4CE3-BA65-A3865089DA29}.Release|ARM64.ActiveCfg = Release|ARM64
		{4CA499E9-75D7-4CE3-BA65-A3865089DA29}.Release|ARM64.Build.0 = Release|ARM64
		{4CA499E9-75D7-4CE3-BA65-A3865089DA29}.Release|ARM64.Deploy.0 = Release|ARM64
		{4CA499E9-75D7-4CE3-BA65-A3865089DA29}.Release|iPhone.ActiveCfg = Release|x86
		{4CA499E9-75D7-4CE3-BA65-A3865089DA29}.Release|iPhoneSimulator.ActiveCfg = Release|x86
		{4CA499E9-75D7-4CE3-BA65-A3865089DA29}.Release|x64.ActiveCfg = Release|x64
		{4CA499E9-75D7-4CE3-BA65-A3865089DA29}.Release|x64.Build.0 = Release|x64
		{4CA499E9-75D7-4CE3-BA65-A3865089DA29}.Release|x64.Deploy.0 = Release|x64
		{4CA499E9-75D7-4CE3-BA65-A3865089DA29}.Release|x86.ActiveCfg = Release|x86
		{4CA499E9-75D7-4CE3-BA65-A3865089DA29}.Release|x86.Build.0 = Release|x86
		{4CA499E9-75D7-4CE3-BA65-A3865089DA29}.Release|x86.Deploy.0 = Release|x86
		{49D25612-40AD-4C37-8DB0-92232B6353A8}.Ad-Hoc|Any CPU.ActiveCfg = Debug|Any CPU
		{49D25612-40AD-4C37-8DB0-92232B6353A8}.Ad-Hoc|Any CPU.Build.0 = Debug|Any CPU
		{49D25612-40AD-4C37-8DB0-92232B6353A8}.Ad-Hoc|ARM.ActiveCfg = Debug|Any CPU
		{49D25612-40AD-4C37-8DB0-92232B6353A8}.Ad-Hoc|ARM.Build.0 = Debug|Any CPU
		{49D25612-40AD-4C37-8DB0-92232B6353A8}.Ad-Hoc|ARM64.ActiveCfg = Debug|Any CPU
		{49D25612-40AD-4C37-8DB0-92232B6353A8}.Ad-Hoc|ARM64.Build.0 = Debug|Any CPU
		{49D25612-40AD-4C37-8DB0-92232B6353A8}.Ad-Hoc|iPhone.ActiveCfg = Debug|Any CPU
		{49D25612-40AD-4C37-8DB0-92232B6353A8}.Ad-Hoc|iPhone.Build.0 = Debug|Any CPU
		{49D25612-40AD-4C37-8DB0-92232B6353A8}.Ad-Hoc|iPhoneSimulator.ActiveCfg = Debug|Any CPU
		{49D25612-40AD-4C37-8DB0-92232B6353A8}.Ad-Hoc|iPhoneSimulator.Build.0 = Debug|Any CPU
		{49D25612-40AD-4C37-8DB0-92232B6353A8}.Ad-Hoc|x64.ActiveCfg = Debug|Any CPU
		{49D25612-40AD-4C37-8DB0-92232B6353A8}.Ad-Hoc|x64.Build.0 = Debug|Any CPU
		{49D25612-40AD-4C37-8DB0-92232B6353A8}.Ad-Hoc|x86.ActiveCfg = Debug|Any CPU
		{49D25612-40AD-4C37-8DB0-92232B6353A8}.Ad-Hoc|x86.Build.0 = Debug|Any CPU
		{49D25612-40AD-4C37-8DB0-92232B6353A8}.AppStore|Any CPU.ActiveCfg = Debug|Any CPU
		{49D25612-40AD-4C37-8DB0-92232B6353A8}.AppStore|Any CPU.Build.0 = Debug|Any CPU
		{49D25612-40AD-4C37-8DB0-92232B6353A8}.AppStore|ARM.ActiveCfg = Debug|Any CPU
		{49D25612-40AD-4C37-8DB0-92232B6353A8}.AppStore|ARM.Build.0 = Debug|Any CPU
		{49D25612-40AD-4C37-8DB0-92232B6353A8}.AppStore|ARM64.ActiveCfg = Debug|Any CPU
		{49D25612-40AD-4C37-8DB0-92232B6353A8}.AppStore|ARM64.Build.0 = Debug|Any CPU
		{49D25612-40AD-4C37-8DB0-92232B6353A8}.AppStore|iPhone.ActiveCfg = Debug|Any CPU
		{49D25612-40AD-4C37-8DB0-92232B6353A8}.AppStore|iPhone.Build.0 = Debug|Any CPU
		{49D25612-40AD-4C37-8DB0-92232B6353A8}.AppStore|iPhoneSimulator.ActiveCfg = Debug|Any CPU
		{49D25612-40AD-4C37-8DB0-92232B6353A8}.AppStore|iPhoneSimulator.Build.0 = Debug|Any CPU
		{49D25612-40AD-4C37-8DB0-92232B6353A8}.AppStore|x64.ActiveCfg = Debug|Any CPU
		{49D25612-40AD-4C37-8DB0-92232B6353A8}.AppStore|x64.Build.0 = Debug|Any CPU
		{49D25612-40AD-4C37-8DB0-92232B6353A8}.AppStore|x86.ActiveCfg = Debug|Any CPU
		{49D25612-40AD-4C37-8DB0-92232B6353A8}.AppStore|x86.Build.0 = Debug|Any CPU
		{49D25612-40AD-4C37-8DB0-92232B6353A8}.Debug|Any CPU.ActiveCfg = Debug|Any CPU
		{49D25612-40AD-4C37-8DB0-92232B6353A8}.Debug|Any CPU.Build.0 = Debug|Any CPU
		{49D25612-40AD-4C37-8DB0-92232B6353A8}.Debug|ARM.ActiveCfg = Debug|Any CPU
		{49D25612-40AD-4C37-8DB0-92232B6353A8}.Debug|ARM.Build.0 = Debug|Any CPU
		{49D25612-40AD-4C37-8DB0-92232B6353A8}.Debug|ARM64.ActiveCfg = Debug|Any CPU
		{49D25612-40AD-4C37-8DB0-92232B6353A8}.Debug|ARM64.Build.0 = Debug|Any CPU
		{49D25612-40AD-4C37-8DB0-92232B6353A8}.Debug|iPhone.ActiveCfg = Debug|Any CPU
		{49D25612-40AD-4C37-8DB0-92232B6353A8}.Debug|iPhone.Build.0 = Debug|Any CPU
		{49D25612-40AD-4C37-8DB0-92232B6353A8}.Debug|iPhoneSimulator.ActiveCfg = Debug|Any CPU
		{49D25612-40AD-4C37-8DB0-92232B6353A8}.Debug|iPhoneSimulator.Build.0 = Debug|Any CPU
		{49D25612-40AD-4C37-8DB0-92232B6353A8}.Debug|x64.ActiveCfg = Debug|Any CPU
		{49D25612-40AD-4C37-8DB0-92232B6353A8}.Debug|x64.Build.0 = Debug|Any CPU
		{49D25612-40AD-4C37-8DB0-92232B6353A8}.Debug|x86.ActiveCfg = Debug|Any CPU
		{49D25612-40AD-4C37-8DB0-92232B6353A8}.Debug|x86.Build.0 = Debug|Any CPU
		{49D25612-40AD-4C37-8DB0-92232B6353A8}.Release|Any CPU.ActiveCfg = Release|Any CPU
		{49D25612-40AD-4C37-8DB0-92232B6353A8}.Release|Any CPU.Build.0 = Release|Any CPU
		{49D25612-40AD-4C37-8DB0-92232B6353A8}.Release|ARM.ActiveCfg = Release|Any CPU
		{49D25612-40AD-4C37-8DB0-92232B6353A8}.Release|ARM.Build.0 = Release|Any CPU
		{49D25612-40AD-4C37-8DB0-92232B6353A8}.Release|ARM64.ActiveCfg = Release|Any CPU
		{49D25612-40AD-4C37-8DB0-92232B6353A8}.Release|ARM64.Build.0 = Release|Any CPU
		{49D25612-40AD-4C37-8DB0-92232B6353A8}.Release|iPhone.ActiveCfg = Release|Any CPU
		{49D25612-40AD-4C37-8DB0-92232B6353A8}.Release|iPhone.Build.0 = Release|Any CPU
		{49D25612-40AD-4C37-8DB0-92232B6353A8}.Release|iPhoneSimulator.ActiveCfg = Release|Any CPU
		{49D25612-40AD-4C37-8DB0-92232B6353A8}.Release|iPhoneSimulator.Build.0 = Release|Any CPU
		{49D25612-40AD-4C37-8DB0-92232B6353A8}.Release|x64.ActiveCfg = Release|Any CPU
		{49D25612-40AD-4C37-8DB0-92232B6353A8}.Release|x64.Build.0 = Release|Any CPU
		{49D25612-40AD-4C37-8DB0-92232B6353A8}.Release|x86.ActiveCfg = Release|Any CPU
		{49D25612-40AD-4C37-8DB0-92232B6353A8}.Release|x86.Build.0 = Release|Any CPU
		{46D8F915-B2A6-4354-9149-0FEB3A01A802}.Ad-Hoc|Any CPU.ActiveCfg = Debug|Any CPU
		{46D8F915-B2A6-4354-9149-0FEB3A01A802}.Ad-Hoc|Any CPU.Build.0 = Debug|Any CPU
		{46D8F915-B2A6-4354-9149-0FEB3A01A802}.Ad-Hoc|ARM.ActiveCfg = Debug|Any CPU
		{46D8F915-B2A6-4354-9149-0FEB3A01A802}.Ad-Hoc|ARM.Build.0 = Debug|Any CPU
		{46D8F915-B2A6-4354-9149-0FEB3A01A802}.Ad-Hoc|ARM64.ActiveCfg = Debug|Any CPU
		{46D8F915-B2A6-4354-9149-0FEB3A01A802}.Ad-Hoc|ARM64.Build.0 = Debug|Any CPU
		{46D8F915-B2A6-4354-9149-0FEB3A01A802}.Ad-Hoc|iPhone.ActiveCfg = Debug|Any CPU
		{46D8F915-B2A6-4354-9149-0FEB3A01A802}.Ad-Hoc|iPhone.Build.0 = Debug|Any CPU
		{46D8F915-B2A6-4354-9149-0FEB3A01A802}.Ad-Hoc|iPhoneSimulator.ActiveCfg = Debug|Any CPU
		{46D8F915-B2A6-4354-9149-0FEB3A01A802}.Ad-Hoc|iPhoneSimulator.Build.0 = Debug|Any CPU
		{46D8F915-B2A6-4354-9149-0FEB3A01A802}.Ad-Hoc|x64.ActiveCfg = Debug|Any CPU
		{46D8F915-B2A6-4354-9149-0FEB3A01A802}.Ad-Hoc|x64.Build.0 = Debug|Any CPU
		{46D8F915-B2A6-4354-9149-0FEB3A01A802}.Ad-Hoc|x86.ActiveCfg = Debug|Any CPU
		{46D8F915-B2A6-4354-9149-0FEB3A01A802}.Ad-Hoc|x86.Build.0 = Debug|Any CPU
		{46D8F915-B2A6-4354-9149-0FEB3A01A802}.AppStore|Any CPU.ActiveCfg = Debug|Any CPU
		{46D8F915-B2A6-4354-9149-0FEB3A01A802}.AppStore|Any CPU.Build.0 = Debug|Any CPU
		{46D8F915-B2A6-4354-9149-0FEB3A01A802}.AppStore|ARM.ActiveCfg = Debug|Any CPU
		{46D8F915-B2A6-4354-9149-0FEB3A01A802}.AppStore|ARM.Build.0 = Debug|Any CPU
		{46D8F915-B2A6-4354-9149-0FEB3A01A802}.AppStore|ARM64.ActiveCfg = Debug|Any CPU
		{46D8F915-B2A6-4354-9149-0FEB3A01A802}.AppStore|ARM64.Build.0 = Debug|Any CPU
		{46D8F915-B2A6-4354-9149-0FEB3A01A802}.AppStore|iPhone.ActiveCfg = Debug|Any CPU
		{46D8F915-B2A6-4354-9149-0FEB3A01A802}.AppStore|iPhone.Build.0 = Debug|Any CPU
		{46D8F915-B2A6-4354-9149-0FEB3A01A802}.AppStore|iPhoneSimulator.ActiveCfg = Debug|Any CPU
		{46D8F915-B2A6-4354-9149-0FEB3A01A802}.AppStore|iPhoneSimulator.Build.0 = Debug|Any CPU
		{46D8F915-B2A6-4354-9149-0FEB3A01A802}.AppStore|x64.ActiveCfg = Debug|Any CPU
		{46D8F915-B2A6-4354-9149-0FEB3A01A802}.AppStore|x64.Build.0 = Debug|Any CPU
		{46D8F915-B2A6-4354-9149-0FEB3A01A802}.AppStore|x86.ActiveCfg = Debug|Any CPU
		{46D8F915-B2A6-4354-9149-0FEB3A01A802}.AppStore|x86.Build.0 = Debug|Any CPU
		{46D8F915-B2A6-4354-9149-0FEB3A01A802}.Debug|Any CPU.ActiveCfg = Debug|Any CPU
		{46D8F915-B2A6-4354-9149-0FEB3A01A802}.Debug|Any CPU.Build.0 = Debug|Any CPU
		{46D8F915-B2A6-4354-9149-0FEB3A01A802}.Debug|ARM.ActiveCfg = Debug|Any CPU
		{46D8F915-B2A6-4354-9149-0FEB3A01A802}.Debug|ARM.Build.0 = Debug|Any CPU
		{46D8F915-B2A6-4354-9149-0FEB3A01A802}.Debug|ARM64.ActiveCfg = Debug|Any CPU
		{46D8F915-B2A6-4354-9149-0FEB3A01A802}.Debug|ARM64.Build.0 = Debug|Any CPU
		{46D8F915-B2A6-4354-9149-0FEB3A01A802}.Debug|iPhone.ActiveCfg = Debug|Any CPU
		{46D8F915-B2A6-4354-9149-0FEB3A01A802}.Debug|iPhone.Build.0 = Debug|Any CPU
		{46D8F915-B2A6-4354-9149-0FEB3A01A802}.Debug|iPhoneSimulator.ActiveCfg = Debug|Any CPU
		{46D8F915-B2A6-4354-9149-0FEB3A01A802}.Debug|iPhoneSimulator.Build.0 = Debug|Any CPU
		{46D8F915-B2A6-4354-9149-0FEB3A01A802}.Debug|x64.ActiveCfg = Debug|Any CPU
		{46D8F915-B2A6-4354-9149-0FEB3A01A802}.Debug|x64.Build.0 = Debug|Any CPU
		{46D8F915-B2A6-4354-9149-0FEB3A01A802}.Debug|x86.ActiveCfg = Debug|Any CPU
		{46D8F915-B2A6-4354-9149-0FEB3A01A802}.Debug|x86.Build.0 = Debug|Any CPU
		{46D8F915-B2A6-4354-9149-0FEB3A01A802}.Release|Any CPU.ActiveCfg = Release|Any CPU
		{46D8F915-B2A6-4354-9149-0FEB3A01A802}.Release|Any CPU.Build.0 = Release|Any CPU
		{46D8F915-B2A6-4354-9149-0FEB3A01A802}.Release|ARM.ActiveCfg = Release|Any CPU
		{46D8F915-B2A6-4354-9149-0FEB3A01A802}.Release|ARM.Build.0 = Release|Any CPU
		{46D8F915-B2A6-4354-9149-0FEB3A01A802}.Release|ARM64.ActiveCfg = Release|Any CPU
		{46D8F915-B2A6-4354-9149-0FEB3A01A802}.Release|ARM64.Build.0 = Release|Any CPU
		{46D8F915-B2A6-4354-9149-0FEB3A01A802}.Release|iPhone.ActiveCfg = Release|Any CPU
		{46D8F915-B2A6-4354-9149-0FEB3A01A802}.Release|iPhone.Build.0 = Release|Any CPU
		{46D8F915-B2A6-4354-9149-0FEB3A01A802}.Release|iPhoneSimulator.ActiveCfg = Release|Any CPU
		{46D8F915-B2A6-4354-9149-0FEB3A01A802}.Release|iPhoneSimulator.Build.0 = Release|Any CPU
		{46D8F915-B2A6-4354-9149-0FEB3A01A802}.Release|x64.ActiveCfg = Release|Any CPU
		{46D8F915-B2A6-4354-9149-0FEB3A01A802}.Release|x64.Build.0 = Release|Any CPU
		{46D8F915-B2A6-4354-9149-0FEB3A01A802}.Release|x86.ActiveCfg = Release|Any CPU
		{46D8F915-B2A6-4354-9149-0FEB3A01A802}.Release|x86.Build.0 = Release|Any CPU
		{01507CB3-C4E3-4C0D-81D2-0012C0C346C0}.Ad-Hoc|Any CPU.ActiveCfg = Debug|Any CPU
		{01507CB3-C4E3-4C0D-81D2-0012C0C346C0}.Ad-Hoc|Any CPU.Build.0 = Debug|Any CPU
		{01507CB3-C4E3-4C0D-81D2-0012C0C346C0}.Ad-Hoc|ARM.ActiveCfg = Debug|Any CPU
		{01507CB3-C4E3-4C0D-81D2-0012C0C346C0}.Ad-Hoc|ARM.Build.0 = Debug|Any CPU
		{01507CB3-C4E3-4C0D-81D2-0012C0C346C0}.Ad-Hoc|ARM64.ActiveCfg = Debug|Any CPU
		{01507CB3-C4E3-4C0D-81D2-0012C0C346C0}.Ad-Hoc|ARM64.Build.0 = Debug|Any CPU
		{01507CB3-C4E3-4C0D-81D2-0012C0C346C0}.Ad-Hoc|iPhone.ActiveCfg = Debug|Any CPU
		{01507CB3-C4E3-4C0D-81D2-0012C0C346C0}.Ad-Hoc|iPhone.Build.0 = Debug|Any CPU
		{01507CB3-C4E3-4C0D-81D2-0012C0C346C0}.Ad-Hoc|iPhoneSimulator.ActiveCfg = Debug|Any CPU
		{01507CB3-C4E3-4C0D-81D2-0012C0C346C0}.Ad-Hoc|iPhoneSimulator.Build.0 = Debug|Any CPU
		{01507CB3-C4E3-4C0D-81D2-0012C0C346C0}.Ad-Hoc|x64.ActiveCfg = Debug|Any CPU
		{01507CB3-C4E3-4C0D-81D2-0012C0C346C0}.Ad-Hoc|x64.Build.0 = Debug|Any CPU
		{01507CB3-C4E3-4C0D-81D2-0012C0C346C0}.Ad-Hoc|x86.ActiveCfg = Debug|Any CPU
		{01507CB3-C4E3-4C0D-81D2-0012C0C346C0}.Ad-Hoc|x86.Build.0 = Debug|Any CPU
		{01507CB3-C4E3-4C0D-81D2-0012C0C346C0}.AppStore|Any CPU.ActiveCfg = Debug|Any CPU
		{01507CB3-C4E3-4C0D-81D2-0012C0C346C0}.AppStore|Any CPU.Build.0 = Debug|Any CPU
		{01507CB3-C4E3-4C0D-81D2-0012C0C346C0}.AppStore|ARM.ActiveCfg = Debug|Any CPU
		{01507CB3-C4E3-4C0D-81D2-0012C0C346C0}.AppStore|ARM.Build.0 = Debug|Any CPU
		{01507CB3-C4E3-4C0D-81D2-0012C0C346C0}.AppStore|ARM64.ActiveCfg = Debug|Any CPU
		{01507CB3-C4E3-4C0D-81D2-0012C0C346C0}.AppStore|ARM64.Build.0 = Debug|Any CPU
		{01507CB3-C4E3-4C0D-81D2-0012C0C346C0}.AppStore|iPhone.ActiveCfg = Debug|Any CPU
		{01507CB3-C4E3-4C0D-81D2-0012C0C346C0}.AppStore|iPhone.Build.0 = Debug|Any CPU
		{01507CB3-C4E3-4C0D-81D2-0012C0C346C0}.AppStore|iPhoneSimulator.ActiveCfg = Debug|Any CPU
		{01507CB3-C4E3-4C0D-81D2-0012C0C346C0}.AppStore|iPhoneSimulator.Build.0 = Debug|Any CPU
		{01507CB3-C4E3-4C0D-81D2-0012C0C346C0}.AppStore|x64.ActiveCfg = Debug|Any CPU
		{01507CB3-C4E3-4C0D-81D2-0012C0C346C0}.AppStore|x64.Build.0 = Debug|Any CPU
		{01507CB3-C4E3-4C0D-81D2-0012C0C346C0}.AppStore|x86.ActiveCfg = Debug|Any CPU
		{01507CB3-C4E3-4C0D-81D2-0012C0C346C0}.AppStore|x86.Build.0 = Debug|Any CPU
		{01507CB3-C4E3-4C0D-81D2-0012C0C346C0}.Debug|Any CPU.ActiveCfg = Debug|Any CPU
		{01507CB3-C4E3-4C0D-81D2-0012C0C346C0}.Debug|Any CPU.Build.0 = Debug|Any CPU
		{01507CB3-C4E3-4C0D-81D2-0012C0C346C0}.Debug|ARM.ActiveCfg = Debug|Any CPU
		{01507CB3-C4E3-4C0D-81D2-0012C0C346C0}.Debug|ARM.Build.0 = Debug|Any CPU
		{01507CB3-C4E3-4C0D-81D2-0012C0C346C0}.Debug|ARM64.ActiveCfg = Debug|Any CPU
		{01507CB3-C4E3-4C0D-81D2-0012C0C346C0}.Debug|ARM64.Build.0 = Debug|Any CPU
		{01507CB3-C4E3-4C0D-81D2-0012C0C346C0}.Debug|iPhone.ActiveCfg = Debug|Any CPU
		{01507CB3-C4E3-4C0D-81D2-0012C0C346C0}.Debug|iPhone.Build.0 = Debug|Any CPU
		{01507CB3-C4E3-4C0D-81D2-0012C0C346C0}.Debug|iPhoneSimulator.ActiveCfg = Debug|Any CPU
		{01507CB3-C4E3-4C0D-81D2-0012C0C346C0}.Debug|iPhoneSimulator.Build.0 = Debug|Any CPU
		{01507CB3-C4E3-4C0D-81D2-0012C0C346C0}.Debug|x64.ActiveCfg = Debug|Any CPU
		{01507CB3-C4E3-4C0D-81D2-0012C0C346C0}.Debug|x64.Build.0 = Debug|Any CPU
		{01507CB3-C4E3-4C0D-81D2-0012C0C346C0}.Debug|x86.ActiveCfg = Debug|Any CPU
		{01507CB3-C4E3-4C0D-81D2-0012C0C346C0}.Debug|x86.Build.0 = Debug|Any CPU
		{01507CB3-C4E3-4C0D-81D2-0012C0C346C0}.Release|Any CPU.ActiveCfg = Release|Any CPU
		{01507CB3-C4E3-4C0D-81D2-0012C0C346C0}.Release|Any CPU.Build.0 = Release|Any CPU
		{01507CB3-C4E3-4C0D-81D2-0012C0C346C0}.Release|ARM.ActiveCfg = Release|Any CPU
		{01507CB3-C4E3-4C0D-81D2-0012C0C346C0}.Release|ARM.Build.0 = Release|Any CPU
		{01507CB3-C4E3-4C0D-81D2-0012C0C346C0}.Release|ARM64.ActiveCfg = Release|Any CPU
		{01507CB3-C4E3-4C0D-81D2-0012C0C346C0}.Release|ARM64.Build.0 = Release|Any CPU
		{01507CB3-C4E3-4C0D-81D2-0012C0C346C0}.Release|iPhone.ActiveCfg = Release|Any CPU
		{01507CB3-C4E3-4C0D-81D2-0012C0C346C0}.Release|iPhone.Build.0 = Release|Any CPU
		{01507CB3-C4E3-4C0D-81D2-0012C0C346C0}.Release|iPhoneSimulator.ActiveCfg = Release|Any CPU
		{01507CB3-C4E3-4C0D-81D2-0012C0C346C0}.Release|iPhoneSimulator.Build.0 = Release|Any CPU
		{01507CB3-C4E3-4C0D-81D2-0012C0C346C0}.Release|x64.ActiveCfg = Release|Any CPU
		{01507CB3-C4E3-4C0D-81D2-0012C0C346C0}.Release|x64.Build.0 = Release|Any CPU
		{01507CB3-C4E3-4C0D-81D2-0012C0C346C0}.Release|x86.ActiveCfg = Release|Any CPU
		{01507CB3-C4E3-4C0D-81D2-0012C0C346C0}.Release|x86.Build.0 = Release|Any CPU
	EndGlobalSection
	GlobalSection(SolutionProperties) = preSolution
		HideSolutionNode = FALSE
	EndGlobalSection
	GlobalSection(NestedProjects) = preSolution
		{475F0CCF-1859-473F-959F-76F3D121D446} = {470E3EB4-1553-40C0-9A9F-5565703909ED}
		{F14CFFEE-08E2-4D92-8A16-961B345FD799} = {475F0CCF-1859-473F-959F-76F3D121D446}
		{6E6A007E-AF5E-4CEA-B2C4-AE28F107488E} = {475F0CCF-1859-473F-959F-76F3D121D446}
		{017EF472-EF90-4617-8C2F-A8B2BF96DC16} = {475F0CCF-1859-473F-959F-76F3D121D446}
		{4CA499E9-75D7-4CE3-BA65-A3865089DA29} = {475F0CCF-1859-473F-959F-76F3D121D446}
		{49D25612-40AD-4C37-8DB0-92232B6353A8} = {475F0CCF-1859-473F-959F-76F3D121D446}
		{6279C845-92F8-4333-AB99-3D213163593C} = {470E3EB4-1553-40C0-9A9F-5565703909ED}
	EndGlobalSection
	GlobalSection(ExtensibilityGlobals) = postSolution
		SolutionGuid = {D7D7BDCF-1D87-48DB-BA39-2416B03D622F}
	EndGlobalSection
EndGlobal
